
Microsoft Visual Studio Solution File, Format Version 12.00
# Visual Studio 2012
Project("{FAE04EC0-301F-11D3-BF4B-00C04F79EFBC}") = "Aphid", "Aphid\Aphid.csproj", "{EFDE894B-FA3D-4202-9A08-C9F69C0B0799}"
EndProject
Project("{FAE04EC0-301F-11D3-BF4B-00C04F79EFBC}") = "Components.Aphid", "Components.Aphid\Components.Aphid.csproj", "{4249DB75-BBB6-4CC4-B046-3170DD1D3BC1}"
EndProject
Project("{FAE04EC0-301F-11D3-BF4B-00C04F79EFBC}") = "Components.Aphid.Tests.Integration", "Components.Aphid.Tests.Integration\Components.Aphid.Tests.Integration.csproj", "{B94E7BEF-5277-4BCB-82E1-BA5616EB7E42}"
EndProject
Project("{FAE04EC0-301F-11D3-BF4B-00C04F79EFBC}") = "Components.Aphid.VSPackage", "Components.Aphid.VSPackage\Components.Aphid.VSPackage.csproj", "{AEBCC8FB-FD65-4B84-92DC-5DB425EFF417}"
EndProject
Project("{FAE04EC0-301F-11D3-BF4B-00C04F79EFBC}") = "LLex", "LLex\LLex.csproj", "{D172AD83-34D8-478D-8875-2D467A28129C}"
EndProject
Project("{2150E333-8FDC-42A3-9474-1A3956D46DE8}") = "Samples", "Samples", "{BE8BD61C-9E83-4A67-90DB-ED4D9F70DB92}"
EndProject
Project("{FAE04EC0-301F-11D3-BF4B-00C04F79EFBC}") = "HelloWorld", "Samples\HelloWorld\HelloWorld.csproj", "{B524818F-9E7A-4DA1-AB85-821346E188B8}"
EndProject
Project("{FAE04EC0-301F-11D3-BF4B-00C04F79EFBC}") = "InteropFunctionSample", "Samples\InteropFunctionSample\InteropFunctionSample.csproj", "{1DAE3261-CE99-41C2-9AB2-23144996085A}"
EndProject
Project("{FAE04EC0-301F-11D3-BF4B-00C04F79EFBC}") = "VariableGetSample", "Samples\VariableGetSample\VariableGetSample.csproj", "{7AEAC1FE-45A2-449F-9E8F-397E36026A59}"
EndProject
Project("{FAE04EC0-301F-11D3-BF4B-00C04F79EFBC}") = "VariableSetSample", "Samples\VariableSetSample\VariableSetSample.csproj", "{7F7AA5B7-BFDC-4947-A73C-343C4CB02BBF}"
EndProject
Project("{FAE04EC0-301F-11D3-BF4B-00C04F79EFBC}") = "CallAphidFunctionSample", "Samples\CallAphidFunctionSample\CallAphidFunctionSample.csproj", "{2EBE1256-D1F5-4B90-B7C4-F1E4D5A239A4}"
EndProject
Project("{FAE04EC0-301F-11D3-BF4B-00C04F79EFBC}") = "LambdaSample", "Samples\LambdaSample\LambdaSample.csproj", "{1E0CE411-29B7-4808-B275-A8D29275768E}"
EndProject
Project("{FAE04EC0-301F-11D3-BF4B-00C04F79EFBC}") = "HigherOrderFunctionSample", "Samples\HigherOrderFunctionSample\HigherOrderFunctionSample.csproj", "{99A6C1DC-674F-4CBF-AF72-AE5959A797AC}"
EndProject
Project("{FAE04EC0-301F-11D3-BF4B-00C04F79EFBC}") = "FunctionSample", "Samples\FunctionSample\FunctionSample.csproj", "{42671D6B-9866-4197-92B5-230FB492BEFE}"
EndProject
Project("{FAE04EC0-301F-11D3-BF4B-00C04F79EFBC}") = "ObjectSample", "Samples\ObjectSample\ObjectSample.csproj", "{4774E19C-47A1-445E-9B4F-480BBC2518E5}"
EndProject
Project("{FAE04EC0-301F-11D3-BF4B-00C04F79EFBC}") = "Mantispid", "Mantispid\Mantispid.csproj", "{5404CE66-6322-49B2-8D42-CB06EBBAC715}"
EndProject
Project("{2150E333-8FDC-42A3-9474-1A3956D46DE8}") = "Dialects", "Dialects", "{FC3DFE0E-8A86-48C8-B2AC-8897C6A12D5A}"
EndProject
Project("{FAE04EC0-301F-11D3-BF4B-00C04F79EFBC}") = "AphidHdl", "AphidHdl\AphidHdl.csproj", "{C29B4B38-86EA-4760-8830-5006CE6868D1}"
EndProject
Project("{FAE04EC0-301F-11D3-BF4B-00C04F79EFBC}") = "AphidUI", "AphidUI\AphidUI.csproj", "{B828964B-52F1-4EA5-9AB3-26D698DB8325}"
EndProject
Project("{FAE04EC0-301F-11D3-BF4B-00C04F79EFBC}") = "Boxelder", "Boxelder\Boxelder.csproj", "{CEFC631B-3F81-4BA7-84EF-74655CAC704F}"
EndProject
Project("{FAE04EC0-301F-11D3-BF4B-00C04F79EFBC}") = "Coywolf", "Coywolf\Coywolf.csproj", "{61FFC3B9-5275-41B9-8380-1E370EF67A63}"
EndProject
Project("{2150E333-8FDC-42A3-9474-1A3956D46DE8}") = "Build", "Build", "{8AC2589A-B3C8-461B-8A4E-678A0102942F}"
	ProjectSection(SolutionItems) = preProject
		Build\make.cmd = Build\make.cmd
		Build\package.alx = Build\package.alx
		Build\package.base.alx = Build\package.base.alx
	EndProjectSection
EndProject
Project("{FAE04EC0-301F-11D3-BF4B-00C04F79EFBC}") = "WinformsSample", "Samples\WinformsSample\WinformsSample.csproj", "{6B3B0475-B3B1-4944-B396-F58342262022}"
EndProject
Project("{FAE04EC0-301F-11D3-BF4B-00C04F79EFBC}") = "MacroSample", "Samples\MacroSample\MacroSample.csproj", "{0D3803D9-7C6B-4933-A172-71872EF9F215}"
EndProject
Project("{FAE04EC0-301F-11D3-BF4B-00C04F79EFBC}") = "SeamlessInteropSample", "Samples\SeamlessInteropSample\SeamlessInteropSample.csproj", "{545B9422-29AA-46AB-8F32-0D0CE810AA74}"
EndProject
Project("{FAE04EC0-301F-11D3-BF4B-00C04F79EFBC}") = "SeamlessInteropSample2", "Samples\SeamlessInteropSample2\SeamlessInteropSample2.csproj", "{B5B6C411-E117-47AE-ACAA-D4A56E753B65}"
EndProject
Project("{FAE04EC0-301F-11D3-BF4B-00C04F79EFBC}") = "SeamlessInteropSample3", "Samples\SeamlessInteropSample3\SeamlessInteropSample3.csproj", "{976D9F82-304F-4482-AE02-477204AECCAA}"
EndProject
Project("{FAE04EC0-301F-11D3-BF4B-00C04F79EFBC}") = "LexerSample", "Samples\LexerSample\LexerSample.csproj", "{DC904CFB-653D-41DD-99DE-EFCA3F73CEB3}"
EndProject
Project("{FAE04EC0-301F-11D3-BF4B-00C04F79EFBC}") = "ListSample", "Samples\ListSample\ListSample.csproj", "{7EB14DEF-CBAA-4399-A5B5-8462DE05B165}"
EndProject
Project("{FAE04EC0-301F-11D3-BF4B-00C04F79EFBC}") = "ErrorHandlingSample", "Samples\ErrorHandlingSample\ErrorHandlingSample.csproj", "{E91CECC0-AFF0-4987-A659-C4404C35B5B2}"
EndProject
Project("{FAE04EC0-301F-11D3-BF4B-00C04F79EFBC}") = "HttpServerSample", "Samples\HttpServerSample\HttpServerSample.csproj", "{101EBF15-2331-4DBB-8944-95ED18E85946}"
EndProject
Global
	GlobalSection(SolutionConfigurationPlatforms) = preSolution
		BinaryTraceDebug|Any CPU = BinaryTraceDebug|Any CPU
		BinaryTraceDebug|x64 = BinaryTraceDebug|x64
		BinaryTraceDebug|x86 = BinaryTraceDebug|x86
		BinaryTraceRelease|Any CPU = BinaryTraceRelease|Any CPU
		BinaryTraceRelease|x64 = BinaryTraceRelease|x64
		BinaryTraceRelease|x86 = BinaryTraceRelease|x86
		Debug|Any CPU = Debug|Any CPU
		Debug|x64 = Debug|x64
		Debug|x86 = Debug|x86
		Release|Any CPU = Release|Any CPU
		Release|x64 = Release|x64
		Release|x86 = Release|x86
		Release64|Any CPU = Release64|Any CPU
		Release64|x64 = Release64|x64
		Release64|x86 = Release64|x86
	EndGlobalSection
	GlobalSection(ProjectConfigurationPlatforms) = postSolution
		{EFDE894B-FA3D-4202-9A08-C9F69C0B0799}.BinaryTraceDebug|Any CPU.ActiveCfg = BinaryTraceDebug|Any CPU
		{EFDE894B-FA3D-4202-9A08-C9F69C0B0799}.BinaryTraceDebug|Any CPU.Build.0 = BinaryTraceDebug|Any CPU
		{EFDE894B-FA3D-4202-9A08-C9F69C0B0799}.BinaryTraceDebug|x64.ActiveCfg = Debug|x64
		{EFDE894B-FA3D-4202-9A08-C9F69C0B0799}.BinaryTraceDebug|x64.Build.0 = Debug|x64
		{EFDE894B-FA3D-4202-9A08-C9F69C0B0799}.BinaryTraceDebug|x86.ActiveCfg = Debug|x86
		{EFDE894B-FA3D-4202-9A08-C9F69C0B0799}.BinaryTraceDebug|x86.Build.0 = Debug|x86
		{EFDE894B-FA3D-4202-9A08-C9F69C0B0799}.BinaryTraceRelease|Any CPU.ActiveCfg = BinaryTraceRelease|Any CPU
		{EFDE894B-FA3D-4202-9A08-C9F69C0B0799}.BinaryTraceRelease|Any CPU.Build.0 = BinaryTraceRelease|Any CPU
		{EFDE894B-FA3D-4202-9A08-C9F69C0B0799}.BinaryTraceRelease|x64.ActiveCfg = BinaryTraceRelease|x64
		{EFDE894B-FA3D-4202-9A08-C9F69C0B0799}.BinaryTraceRelease|x64.Build.0 = BinaryTraceRelease|x64
		{EFDE894B-FA3D-4202-9A08-C9F69C0B0799}.BinaryTraceRelease|x86.ActiveCfg = Release|x86
		{EFDE894B-FA3D-4202-9A08-C9F69C0B0799}.BinaryTraceRelease|x86.Build.0 = Release|x86
		{EFDE894B-FA3D-4202-9A08-C9F69C0B0799}.Debug|Any CPU.ActiveCfg = Debug|Any CPU
		{EFDE894B-FA3D-4202-9A08-C9F69C0B0799}.Debug|Any CPU.Build.0 = Debug|Any CPU
		{EFDE894B-FA3D-4202-9A08-C9F69C0B0799}.Debug|x64.ActiveCfg = Debug|x64
		{EFDE894B-FA3D-4202-9A08-C9F69C0B0799}.Debug|x64.Build.0 = Debug|x64
		{EFDE894B-FA3D-4202-9A08-C9F69C0B0799}.Debug|x86.ActiveCfg = Debug|x86
		{EFDE894B-FA3D-4202-9A08-C9F69C0B0799}.Debug|x86.Build.0 = Debug|x86
		{EFDE894B-FA3D-4202-9A08-C9F69C0B0799}.Release|Any CPU.ActiveCfg = Release|Any CPU
		{EFDE894B-FA3D-4202-9A08-C9F69C0B0799}.Release|Any CPU.Build.0 = Release|Any CPU
		{EFDE894B-FA3D-4202-9A08-C9F69C0B0799}.Release|x64.ActiveCfg = Release|x64
		{EFDE894B-FA3D-4202-9A08-C9F69C0B0799}.Release|x64.Build.0 = Release|x64
		{EFDE894B-FA3D-4202-9A08-C9F69C0B0799}.Release|x86.ActiveCfg = Release|x86
		{EFDE894B-FA3D-4202-9A08-C9F69C0B0799}.Release|x86.Build.0 = Release|x86
		{EFDE894B-FA3D-4202-9A08-C9F69C0B0799}.Release64|Any CPU.ActiveCfg = Release|x64
		{EFDE894B-FA3D-4202-9A08-C9F69C0B0799}.Release64|Any CPU.Build.0 = Release|x64
		{EFDE894B-FA3D-4202-9A08-C9F69C0B0799}.Release64|x64.ActiveCfg = Release64|x64
		{EFDE894B-FA3D-4202-9A08-C9F69C0B0799}.Release64|x64.Build.0 = Release64|x64
		{EFDE894B-FA3D-4202-9A08-C9F69C0B0799}.Release64|x86.ActiveCfg = Release64|x86
		{4249DB75-BBB6-4CC4-B046-3170DD1D3BC1}.BinaryTraceDebug|Any CPU.ActiveCfg = BinaryTraceDebug|Any CPU
		{4249DB75-BBB6-4CC4-B046-3170DD1D3BC1}.BinaryTraceDebug|Any CPU.Build.0 = BinaryTraceDebug|Any CPU
		{4249DB75-BBB6-4CC4-B046-3170DD1D3BC1}.BinaryTraceDebug|x64.ActiveCfg = Debug|x64
		{4249DB75-BBB6-4CC4-B046-3170DD1D3BC1}.BinaryTraceDebug|x64.Build.0 = Debug|x64
		{4249DB75-BBB6-4CC4-B046-3170DD1D3BC1}.BinaryTraceDebug|x86.ActiveCfg = Debug|x86
		{4249DB75-BBB6-4CC4-B046-3170DD1D3BC1}.BinaryTraceDebug|x86.Build.0 = Debug|x86
		{4249DB75-BBB6-4CC4-B046-3170DD1D3BC1}.BinaryTraceRelease|Any CPU.ActiveCfg = BinaryTraceRelease|Any CPU
		{4249DB75-BBB6-4CC4-B046-3170DD1D3BC1}.BinaryTraceRelease|Any CPU.Build.0 = BinaryTraceRelease|Any CPU
		{4249DB75-BBB6-4CC4-B046-3170DD1D3BC1}.BinaryTraceRelease|x64.ActiveCfg = BinaryTraceRelease|Any CPU
		{4249DB75-BBB6-4CC4-B046-3170DD1D3BC1}.BinaryTraceRelease|x64.Build.0 = BinaryTraceRelease|Any CPU
		{4249DB75-BBB6-4CC4-B046-3170DD1D3BC1}.BinaryTraceRelease|x86.ActiveCfg = Release|x86
		{4249DB75-BBB6-4CC4-B046-3170DD1D3BC1}.BinaryTraceRelease|x86.Build.0 = Release|x86
		{4249DB75-BBB6-4CC4-B046-3170DD1D3BC1}.Debug|Any CPU.ActiveCfg = Debug|Any CPU
		{4249DB75-BBB6-4CC4-B046-3170DD1D3BC1}.Debug|Any CPU.Build.0 = Debug|Any CPU
		{4249DB75-BBB6-4CC4-B046-3170DD1D3BC1}.Debug|x64.ActiveCfg = Debug|x64
		{4249DB75-BBB6-4CC4-B046-3170DD1D3BC1}.Debug|x64.Build.0 = Debug|x64
		{4249DB75-BBB6-4CC4-B046-3170DD1D3BC1}.Debug|x86.ActiveCfg = Debug|x86
		{4249DB75-BBB6-4CC4-B046-3170DD1D3BC1}.Debug|x86.Build.0 = Debug|x86
		{4249DB75-BBB6-4CC4-B046-3170DD1D3BC1}.Release|Any CPU.ActiveCfg = Release|Any CPU
		{4249DB75-BBB6-4CC4-B046-3170DD1D3BC1}.Release|Any CPU.Build.0 = Release|Any CPU
		{4249DB75-BBB6-4CC4-B046-3170DD1D3BC1}.Release|x64.ActiveCfg = Release|x64
		{4249DB75-BBB6-4CC4-B046-3170DD1D3BC1}.Release|x64.Build.0 = Release|x64
		{4249DB75-BBB6-4CC4-B046-3170DD1D3BC1}.Release|x86.ActiveCfg = Release|x86
		{4249DB75-BBB6-4CC4-B046-3170DD1D3BC1}.Release|x86.Build.0 = Release|x86
		{4249DB75-BBB6-4CC4-B046-3170DD1D3BC1}.Release64|Any CPU.ActiveCfg = Release|x64
		{4249DB75-BBB6-4CC4-B046-3170DD1D3BC1}.Release64|Any CPU.Build.0 = Release|x64
		{4249DB75-BBB6-4CC4-B046-3170DD1D3BC1}.Release64|x64.ActiveCfg = Release|Any CPU
		{4249DB75-BBB6-4CC4-B046-3170DD1D3BC1}.Release64|x64.Build.0 = Release|Any CPU
		{4249DB75-BBB6-4CC4-B046-3170DD1D3BC1}.Release64|x86.ActiveCfg = Release64|x86
		{B94E7BEF-5277-4BCB-82E1-BA5616EB7E42}.BinaryTraceDebug|Any CPU.ActiveCfg = Debug|Any CPU
		{B94E7BEF-5277-4BCB-82E1-BA5616EB7E42}.BinaryTraceDebug|Any CPU.Build.0 = Debug|Any CPU
		{B94E7BEF-5277-4BCB-82E1-BA5616EB7E42}.BinaryTraceDebug|x64.ActiveCfg = Debug|x64
		{B94E7BEF-5277-4BCB-82E1-BA5616EB7E42}.BinaryTraceDebug|x64.Build.0 = Debug|x64
		{B94E7BEF-5277-4BCB-82E1-BA5616EB7E42}.BinaryTraceDebug|x86.ActiveCfg = Debug|x86
		{B94E7BEF-5277-4BCB-82E1-BA5616EB7E42}.BinaryTraceDebug|x86.Build.0 = Debug|x86
		{B94E7BEF-5277-4BCB-82E1-BA5616EB7E42}.BinaryTraceRelease|Any CPU.ActiveCfg = Release|Any CPU
		{B94E7BEF-5277-4BCB-82E1-BA5616EB7E42}.BinaryTraceRelease|Any CPU.Build.0 = Release|Any CPU
		{B94E7BEF-5277-4BCB-82E1-BA5616EB7E42}.BinaryTraceRelease|x64.ActiveCfg = Release|Any CPU
		{B94E7BEF-5277-4BCB-82E1-BA5616EB7E42}.BinaryTraceRelease|x64.Build.0 = Release|Any CPU
		{B94E7BEF-5277-4BCB-82E1-BA5616EB7E42}.BinaryTraceRelease|x86.ActiveCfg = Release|x86
		{B94E7BEF-5277-4BCB-82E1-BA5616EB7E42}.BinaryTraceRelease|x86.Build.0 = Release|x86
		{B94E7BEF-5277-4BCB-82E1-BA5616EB7E42}.Debug|Any CPU.ActiveCfg = Debug|Any CPU
		{B94E7BEF-5277-4BCB-82E1-BA5616EB7E42}.Debug|Any CPU.Build.0 = Debug|Any CPU
		{B94E7BEF-5277-4BCB-82E1-BA5616EB7E42}.Debug|x64.ActiveCfg = Debug|x64
		{B94E7BEF-5277-4BCB-82E1-BA5616EB7E42}.Debug|x64.Build.0 = Debug|x64
		{B94E7BEF-5277-4BCB-82E1-BA5616EB7E42}.Debug|x86.ActiveCfg = Debug|x86
		{B94E7BEF-5277-4BCB-82E1-BA5616EB7E42}.Debug|x86.Build.0 = Debug|x86
		{B94E7BEF-5277-4BCB-82E1-BA5616EB7E42}.Release|Any CPU.ActiveCfg = Release|Any CPU
		{B94E7BEF-5277-4BCB-82E1-BA5616EB7E42}.Release|Any CPU.Build.0 = Release|Any CPU
		{B94E7BEF-5277-4BCB-82E1-BA5616EB7E42}.Release|x64.ActiveCfg = Release|x64
		{B94E7BEF-5277-4BCB-82E1-BA5616EB7E42}.Release|x64.Build.0 = Release|x64
		{B94E7BEF-5277-4BCB-82E1-BA5616EB7E42}.Release|x86.ActiveCfg = Release|x86
		{B94E7BEF-5277-4BCB-82E1-BA5616EB7E42}.Release|x86.Build.0 = Release|x86
		{B94E7BEF-5277-4BCB-82E1-BA5616EB7E42}.Release64|Any CPU.ActiveCfg = Release|x64
		{B94E7BEF-5277-4BCB-82E1-BA5616EB7E42}.Release64|Any CPU.Build.0 = Release|x64
		{B94E7BEF-5277-4BCB-82E1-BA5616EB7E42}.Release64|x64.ActiveCfg = Release|Any CPU
		{B94E7BEF-5277-4BCB-82E1-BA5616EB7E42}.Release64|x64.Build.0 = Release|Any CPU
		{B94E7BEF-5277-4BCB-82E1-BA5616EB7E42}.Release64|x86.ActiveCfg = Release|x86
		{B94E7BEF-5277-4BCB-82E1-BA5616EB7E42}.Release64|x86.Build.0 = Release|x86
		{AEBCC8FB-FD65-4B84-92DC-5DB425EFF417}.BinaryTraceDebug|Any CPU.ActiveCfg = Debug|Any CPU
		{AEBCC8FB-FD65-4B84-92DC-5DB425EFF417}.BinaryTraceDebug|Any CPU.Build.0 = Debug|Any CPU
		{AEBCC8FB-FD65-4B84-92DC-5DB425EFF417}.BinaryTraceDebug|x64.ActiveCfg = Debug|Any CPU
		{AEBCC8FB-FD65-4B84-92DC-5DB425EFF417}.BinaryTraceDebug|x86.ActiveCfg = Debug|Any CPU
		{AEBCC8FB-FD65-4B84-92DC-5DB425EFF417}.BinaryTraceRelease|Any CPU.ActiveCfg = Release|Any CPU
		{AEBCC8FB-FD65-4B84-92DC-5DB425EFF417}.BinaryTraceRelease|Any CPU.Build.0 = Release|Any CPU
		{AEBCC8FB-FD65-4B84-92DC-5DB425EFF417}.BinaryTraceRelease|x64.ActiveCfg = Release|Any CPU
		{AEBCC8FB-FD65-4B84-92DC-5DB425EFF417}.BinaryTraceRelease|x86.ActiveCfg = Release|Any CPU
		{AEBCC8FB-FD65-4B84-92DC-5DB425EFF417}.Debug|Any CPU.ActiveCfg = Debug|Any CPU
		{AEBCC8FB-FD65-4B84-92DC-5DB425EFF417}.Debug|Any CPU.Build.0 = Debug|Any CPU
		{AEBCC8FB-FD65-4B84-92DC-5DB425EFF417}.Debug|x64.ActiveCfg = Debug|Any CPU
		{AEBCC8FB-FD65-4B84-92DC-5DB425EFF417}.Debug|x86.ActiveCfg = Debug|Any CPU
		{AEBCC8FB-FD65-4B84-92DC-5DB425EFF417}.Release|Any CPU.ActiveCfg = Release|Any CPU
		{AEBCC8FB-FD65-4B84-92DC-5DB425EFF417}.Release|Any CPU.Build.0 = Release|Any CPU
		{AEBCC8FB-FD65-4B84-92DC-5DB425EFF417}.Release|x64.ActiveCfg = Release|Any CPU
		{AEBCC8FB-FD65-4B84-92DC-5DB425EFF417}.Release|x86.ActiveCfg = Release|Any CPU
		{AEBCC8FB-FD65-4B84-92DC-5DB425EFF417}.Release64|Any CPU.ActiveCfg = Release|Any CPU
		{AEBCC8FB-FD65-4B84-92DC-5DB425EFF417}.Release64|x64.ActiveCfg = Release|Any CPU
		{AEBCC8FB-FD65-4B84-92DC-5DB425EFF417}.Release64|x86.ActiveCfg = Release|Any CPU
		{D172AD83-34D8-478D-8875-2D467A28129C}.BinaryTraceDebug|Any CPU.ActiveCfg = Debug|Any CPU
		{D172AD83-34D8-478D-8875-2D467A28129C}.BinaryTraceDebug|Any CPU.Build.0 = Debug|Any CPU
		{D172AD83-34D8-478D-8875-2D467A28129C}.BinaryTraceDebug|x64.ActiveCfg = Debug|x64
		{D172AD83-34D8-478D-8875-2D467A28129C}.BinaryTraceDebug|x64.Build.0 = Debug|x64
		{D172AD83-34D8-478D-8875-2D467A28129C}.BinaryTraceDebug|x86.ActiveCfg = Debug|x86
		{D172AD83-34D8-478D-8875-2D467A28129C}.BinaryTraceDebug|x86.Build.0 = Debug|x86
		{D172AD83-34D8-478D-8875-2D467A28129C}.BinaryTraceRelease|Any CPU.ActiveCfg = Release|Any CPU
		{D172AD83-34D8-478D-8875-2D467A28129C}.BinaryTraceRelease|Any CPU.Build.0 = Release|Any CPU
		{D172AD83-34D8-478D-8875-2D467A28129C}.BinaryTraceRelease|x64.ActiveCfg = Release|x64
		{D172AD83-34D8-478D-8875-2D467A28129C}.BinaryTraceRelease|x64.Build.0 = Release|x64
		{D172AD83-34D8-478D-8875-2D467A28129C}.BinaryTraceRelease|x86.ActiveCfg = Release|x86
		{D172AD83-34D8-478D-8875-2D467A28129C}.Debug|Any CPU.ActiveCfg = Debug|Any CPU
		{D172AD83-34D8-478D-8875-2D467A28129C}.Debug|Any CPU.Build.0 = Debug|Any CPU
		{D172AD83-34D8-478D-8875-2D467A28129C}.Debug|x64.ActiveCfg = Debug|x64
		{D172AD83-34D8-478D-8875-2D467A28129C}.Debug|x64.Build.0 = Debug|x64
		{D172AD83-34D8-478D-8875-2D467A28129C}.Debug|x86.ActiveCfg = Debug|x86
		{D172AD83-34D8-478D-8875-2D467A28129C}.Debug|x86.Build.0 = Debug|x86
		{D172AD83-34D8-478D-8875-2D467A28129C}.Release|Any CPU.ActiveCfg = Release|Any CPU
		{D172AD83-34D8-478D-8875-2D467A28129C}.Release|Any CPU.Build.0 = Release|Any CPU
		{D172AD83-34D8-478D-8875-2D467A28129C}.Release|x64.ActiveCfg = Release|x64
		{D172AD83-34D8-478D-8875-2D467A28129C}.Release|x64.Build.0 = Release|x64
		{D172AD83-34D8-478D-8875-2D467A28129C}.Release|x86.ActiveCfg = Release|x86
		{D172AD83-34D8-478D-8875-2D467A28129C}.Release64|Any CPU.ActiveCfg = Release|x64
		{D172AD83-34D8-478D-8875-2D467A28129C}.Release64|Any CPU.Build.0 = Release|x64
		{D172AD83-34D8-478D-8875-2D467A28129C}.Release64|x64.ActiveCfg = Release64|x64
		{D172AD83-34D8-478D-8875-2D467A28129C}.Release64|x64.Build.0 = Release64|x64
		{D172AD83-34D8-478D-8875-2D467A28129C}.Release64|x86.ActiveCfg = Release64|x86
		{B524818F-9E7A-4DA1-AB85-821346E188B8}.BinaryTraceDebug|Any CPU.ActiveCfg = Debug|Any CPU
		{B524818F-9E7A-4DA1-AB85-821346E188B8}.BinaryTraceDebug|Any CPU.Build.0 = Debug|Any CPU
		{B524818F-9E7A-4DA1-AB85-821346E188B8}.BinaryTraceDebug|x64.ActiveCfg = Debug|x64
		{B524818F-9E7A-4DA1-AB85-821346E188B8}.BinaryTraceDebug|x64.Build.0 = Debug|x64
		{B524818F-9E7A-4DA1-AB85-821346E188B8}.BinaryTraceDebug|x86.ActiveCfg = Debug|x86
		{B524818F-9E7A-4DA1-AB85-821346E188B8}.BinaryTraceDebug|x86.Build.0 = Debug|x86
		{B524818F-9E7A-4DA1-AB85-821346E188B8}.BinaryTraceRelease|Any CPU.ActiveCfg = Release|Any CPU
		{B524818F-9E7A-4DA1-AB85-821346E188B8}.BinaryTraceRelease|Any CPU.Build.0 = Release|Any CPU
		{B524818F-9E7A-4DA1-AB85-821346E188B8}.BinaryTraceRelease|x64.ActiveCfg = Release|x64
		{B524818F-9E7A-4DA1-AB85-821346E188B8}.BinaryTraceRelease|x64.Build.0 = Release|x64
		{B524818F-9E7A-4DA1-AB85-821346E188B8}.BinaryTraceRelease|x86.ActiveCfg = Release|x86
		{B524818F-9E7A-4DA1-AB85-821346E188B8}.BinaryTraceRelease|x86.Build.0 = Release|x86
		{B524818F-9E7A-4DA1-AB85-821346E188B8}.Debug|Any CPU.ActiveCfg = Debug|Any CPU
		{B524818F-9E7A-4DA1-AB85-821346E188B8}.Debug|Any CPU.Build.0 = Debug|Any CPU
		{B524818F-9E7A-4DA1-AB85-821346E188B8}.Debug|x64.ActiveCfg = Debug|x64
		{B524818F-9E7A-4DA1-AB85-821346E188B8}.Debug|x64.Build.0 = Debug|x64
		{B524818F-9E7A-4DA1-AB85-821346E188B8}.Debug|x86.ActiveCfg = Debug|x86
		{B524818F-9E7A-4DA1-AB85-821346E188B8}.Debug|x86.Build.0 = Debug|x86
		{B524818F-9E7A-4DA1-AB85-821346E188B8}.Release|Any CPU.ActiveCfg = Release|Any CPU
		{B524818F-9E7A-4DA1-AB85-821346E188B8}.Release|Any CPU.Build.0 = Release|Any CPU
		{B524818F-9E7A-4DA1-AB85-821346E188B8}.Release|x64.ActiveCfg = Release|x64
		{B524818F-9E7A-4DA1-AB85-821346E188B8}.Release|x64.Build.0 = Release|x64
		{B524818F-9E7A-4DA1-AB85-821346E188B8}.Release|x86.ActiveCfg = Release|x86
		{B524818F-9E7A-4DA1-AB85-821346E188B8}.Release|x86.Build.0 = Release|x86
		{B524818F-9E7A-4DA1-AB85-821346E188B8}.Release64|Any CPU.ActiveCfg = Release|Any CPU
		{B524818F-9E7A-4DA1-AB85-821346E188B8}.Release64|x64.ActiveCfg = Release|Any CPU
		{B524818F-9E7A-4DA1-AB85-821346E188B8}.Release64|x86.ActiveCfg = Release|Any CPU
		{1DAE3261-CE99-41C2-9AB2-23144996085A}.BinaryTraceDebug|Any CPU.ActiveCfg = Debug|Any CPU
		{1DAE3261-CE99-41C2-9AB2-23144996085A}.BinaryTraceDebug|Any CPU.Build.0 = Debug|Any CPU
		{1DAE3261-CE99-41C2-9AB2-23144996085A}.BinaryTraceDebug|x64.ActiveCfg = Debug|x64
		{1DAE3261-CE99-41C2-9AB2-23144996085A}.BinaryTraceDebug|x64.Build.0 = Debug|x64
		{1DAE3261-CE99-41C2-9AB2-23144996085A}.BinaryTraceDebug|x86.ActiveCfg = Debug|x86
		{1DAE3261-CE99-41C2-9AB2-23144996085A}.BinaryTraceDebug|x86.Build.0 = Debug|x86
		{1DAE3261-CE99-41C2-9AB2-23144996085A}.BinaryTraceRelease|Any CPU.ActiveCfg = Release|Any CPU
		{1DAE3261-CE99-41C2-9AB2-23144996085A}.BinaryTraceRelease|Any CPU.Build.0 = Release|Any CPU
		{1DAE3261-CE99-41C2-9AB2-23144996085A}.BinaryTraceRelease|x64.ActiveCfg = Release|x64
		{1DAE3261-CE99-41C2-9AB2-23144996085A}.BinaryTraceRelease|x64.Build.0 = Release|x64
		{1DAE3261-CE99-41C2-9AB2-23144996085A}.BinaryTraceRelease|x86.ActiveCfg = Release|x86
		{1DAE3261-CE99-41C2-9AB2-23144996085A}.BinaryTraceRelease|x86.Build.0 = Release|x86
		{1DAE3261-CE99-41C2-9AB2-23144996085A}.Debug|Any CPU.ActiveCfg = Debug|Any CPU
		{1DAE3261-CE99-41C2-9AB2-23144996085A}.Debug|Any CPU.Build.0 = Debug|Any CPU
		{1DAE3261-CE99-41C2-9AB2-23144996085A}.Debug|x64.ActiveCfg = Debug|x64
		{1DAE3261-CE99-41C2-9AB2-23144996085A}.Debug|x64.Build.0 = Debug|x64
		{1DAE3261-CE99-41C2-9AB2-23144996085A}.Debug|x86.ActiveCfg = Debug|x86
		{1DAE3261-CE99-41C2-9AB2-23144996085A}.Debug|x86.Build.0 = Debug|x86
		{1DAE3261-CE99-41C2-9AB2-23144996085A}.Release|Any CPU.ActiveCfg = Release|Any CPU
		{1DAE3261-CE99-41C2-9AB2-23144996085A}.Release|Any CPU.Build.0 = Release|Any CPU
		{1DAE3261-CE99-41C2-9AB2-23144996085A}.Release|x64.ActiveCfg = Release|x64
		{1DAE3261-CE99-41C2-9AB2-23144996085A}.Release|x64.Build.0 = Release|x64
		{1DAE3261-CE99-41C2-9AB2-23144996085A}.Release|x86.ActiveCfg = Release|x86
		{1DAE3261-CE99-41C2-9AB2-23144996085A}.Release|x86.Build.0 = Release|x86
		{1DAE3261-CE99-41C2-9AB2-23144996085A}.Release64|Any CPU.ActiveCfg = Release|Any CPU
		{1DAE3261-CE99-41C2-9AB2-23144996085A}.Release64|x64.ActiveCfg = Release|Any CPU
		{1DAE3261-CE99-41C2-9AB2-23144996085A}.Release64|x86.ActiveCfg = Release|Any CPU
		{7AEAC1FE-45A2-449F-9E8F-397E36026A59}.BinaryTraceDebug|Any CPU.ActiveCfg = Debug|Any CPU
		{7AEAC1FE-45A2-449F-9E8F-397E36026A59}.BinaryTraceDebug|Any CPU.Build.0 = Debug|Any CPU
		{7AEAC1FE-45A2-449F-9E8F-397E36026A59}.BinaryTraceDebug|x64.ActiveCfg = Debug|x64
		{7AEAC1FE-45A2-449F-9E8F-397E36026A59}.BinaryTraceDebug|x64.Build.0 = Debug|x64
		{7AEAC1FE-45A2-449F-9E8F-397E36026A59}.BinaryTraceDebug|x86.ActiveCfg = Debug|x86
		{7AEAC1FE-45A2-449F-9E8F-397E36026A59}.BinaryTraceDebug|x86.Build.0 = Debug|x86
		{7AEAC1FE-45A2-449F-9E8F-397E36026A59}.BinaryTraceRelease|Any CPU.ActiveCfg = Release|Any CPU
		{7AEAC1FE-45A2-449F-9E8F-397E36026A59}.BinaryTraceRelease|Any CPU.Build.0 = Release|Any CPU
		{7AEAC1FE-45A2-449F-9E8F-397E36026A59}.BinaryTraceRelease|x64.ActiveCfg = Release|x64
		{7AEAC1FE-45A2-449F-9E8F-397E36026A59}.BinaryTraceRelease|x64.Build.0 = Release|x64
		{7AEAC1FE-45A2-449F-9E8F-397E36026A59}.BinaryTraceRelease|x86.ActiveCfg = Release|x86
		{7AEAC1FE-45A2-449F-9E8F-397E36026A59}.BinaryTraceRelease|x86.Build.0 = Release|x86
		{7AEAC1FE-45A2-449F-9E8F-397E36026A59}.Debug|Any CPU.ActiveCfg = Debug|Any CPU
		{7AEAC1FE-45A2-449F-9E8F-397E36026A59}.Debug|Any CPU.Build.0 = Debug|Any CPU
		{7AEAC1FE-45A2-449F-9E8F-397E36026A59}.Debug|x64.ActiveCfg = Debug|x64
		{7AEAC1FE-45A2-449F-9E8F-397E36026A59}.Debug|x64.Build.0 = Debug|x64
		{7AEAC1FE-45A2-449F-9E8F-397E36026A59}.Debug|x86.ActiveCfg = Debug|x86
		{7AEAC1FE-45A2-449F-9E8F-397E36026A59}.Debug|x86.Build.0 = Debug|x86
		{7AEAC1FE-45A2-449F-9E8F-397E36026A59}.Release|Any CPU.ActiveCfg = Release|Any CPU
		{7AEAC1FE-45A2-449F-9E8F-397E36026A59}.Release|Any CPU.Build.0 = Release|Any CPU
		{7AEAC1FE-45A2-449F-9E8F-397E36026A59}.Release|x64.ActiveCfg = Release|x64
		{7AEAC1FE-45A2-449F-9E8F-397E36026A59}.Release|x64.Build.0 = Release|x64
		{7AEAC1FE-45A2-449F-9E8F-397E36026A59}.Release|x86.ActiveCfg = Release|x86
		{7AEAC1FE-45A2-449F-9E8F-397E36026A59}.Release|x86.Build.0 = Release|x86
		{7AEAC1FE-45A2-449F-9E8F-397E36026A59}.Release64|Any CPU.ActiveCfg = Release|Any CPU
		{7AEAC1FE-45A2-449F-9E8F-397E36026A59}.Release64|x64.ActiveCfg = Release|Any CPU
		{7AEAC1FE-45A2-449F-9E8F-397E36026A59}.Release64|x86.ActiveCfg = Release|Any CPU
		{7F7AA5B7-BFDC-4947-A73C-343C4CB02BBF}.BinaryTraceDebug|Any CPU.ActiveCfg = Debug|Any CPU
		{7F7AA5B7-BFDC-4947-A73C-343C4CB02BBF}.BinaryTraceDebug|Any CPU.Build.0 = Debug|Any CPU
		{7F7AA5B7-BFDC-4947-A73C-343C4CB02BBF}.BinaryTraceDebug|x64.ActiveCfg = Debug|x64
		{7F7AA5B7-BFDC-4947-A73C-343C4CB02BBF}.BinaryTraceDebug|x64.Build.0 = Debug|x64
		{7F7AA5B7-BFDC-4947-A73C-343C4CB02BBF}.BinaryTraceDebug|x86.ActiveCfg = Debug|x86
		{7F7AA5B7-BFDC-4947-A73C-343C4CB02BBF}.BinaryTraceDebug|x86.Build.0 = Debug|x86
		{7F7AA5B7-BFDC-4947-A73C-343C4CB02BBF}.BinaryTraceRelease|Any CPU.ActiveCfg = Release|Any CPU
		{7F7AA5B7-BFDC-4947-A73C-343C4CB02BBF}.BinaryTraceRelease|Any CPU.Build.0 = Release|Any CPU
		{7F7AA5B7-BFDC-4947-A73C-343C4CB02BBF}.BinaryTraceRelease|x64.ActiveCfg = Release|x64
		{7F7AA5B7-BFDC-4947-A73C-343C4CB02BBF}.BinaryTraceRelease|x64.Build.0 = Release|x64
		{7F7AA5B7-BFDC-4947-A73C-343C4CB02BBF}.BinaryTraceRelease|x86.ActiveCfg = Release|x86
		{7F7AA5B7-BFDC-4947-A73C-343C4CB02BBF}.BinaryTraceRelease|x86.Build.0 = Release|x86
		{7F7AA5B7-BFDC-4947-A73C-343C4CB02BBF}.Debug|Any CPU.ActiveCfg = Debug|Any CPU
		{7F7AA5B7-BFDC-4947-A73C-343C4CB02BBF}.Debug|Any CPU.Build.0 = Debug|Any CPU
		{7F7AA5B7-BFDC-4947-A73C-343C4CB02BBF}.Debug|x64.ActiveCfg = Debug|x64
		{7F7AA5B7-BFDC-4947-A73C-343C4CB02BBF}.Debug|x64.Build.0 = Debug|x64
		{7F7AA5B7-BFDC-4947-A73C-343C4CB02BBF}.Debug|x86.ActiveCfg = Debug|x86
		{7F7AA5B7-BFDC-4947-A73C-343C4CB02BBF}.Debug|x86.Build.0 = Debug|x86
		{7F7AA5B7-BFDC-4947-A73C-343C4CB02BBF}.Release|Any CPU.ActiveCfg = Release|Any CPU
		{7F7AA5B7-BFDC-4947-A73C-343C4CB02BBF}.Release|Any CPU.Build.0 = Release|Any CPU
		{7F7AA5B7-BFDC-4947-A73C-343C4CB02BBF}.Release|x64.ActiveCfg = Release|x64
		{7F7AA5B7-BFDC-4947-A73C-343C4CB02BBF}.Release|x64.Build.0 = Release|x64
		{7F7AA5B7-BFDC-4947-A73C-343C4CB02BBF}.Release|x86.ActiveCfg = Release|x86
		{7F7AA5B7-BFDC-4947-A73C-343C4CB02BBF}.Release|x86.Build.0 = Release|x86
		{7F7AA5B7-BFDC-4947-A73C-343C4CB02BBF}.Release64|Any CPU.ActiveCfg = Release|Any CPU
		{7F7AA5B7-BFDC-4947-A73C-343C4CB02BBF}.Release64|x64.ActiveCfg = Release|Any CPU
		{7F7AA5B7-BFDC-4947-A73C-343C4CB02BBF}.Release64|x86.ActiveCfg = Release|Any CPU
		{2EBE1256-D1F5-4B90-B7C4-F1E4D5A239A4}.BinaryTraceDebug|Any CPU.ActiveCfg = Debug|Any CPU
		{2EBE1256-D1F5-4B90-B7C4-F1E4D5A239A4}.BinaryTraceDebug|Any CPU.Build.0 = Debug|Any CPU
		{2EBE1256-D1F5-4B90-B7C4-F1E4D5A239A4}.BinaryTraceDebug|x64.ActiveCfg = Debug|x64
		{2EBE1256-D1F5-4B90-B7C4-F1E4D5A239A4}.BinaryTraceDebug|x64.Build.0 = Debug|x64
		{2EBE1256-D1F5-4B90-B7C4-F1E4D5A239A4}.BinaryTraceDebug|x86.ActiveCfg = Debug|x86
		{2EBE1256-D1F5-4B90-B7C4-F1E4D5A239A4}.BinaryTraceDebug|x86.Build.0 = Debug|x86
		{2EBE1256-D1F5-4B90-B7C4-F1E4D5A239A4}.BinaryTraceRelease|Any CPU.ActiveCfg = Release|Any CPU
		{2EBE1256-D1F5-4B90-B7C4-F1E4D5A239A4}.BinaryTraceRelease|Any CPU.Build.0 = Release|Any CPU
		{2EBE1256-D1F5-4B90-B7C4-F1E4D5A239A4}.BinaryTraceRelease|x64.ActiveCfg = Release|x64
		{2EBE1256-D1F5-4B90-B7C4-F1E4D5A239A4}.BinaryTraceRelease|x64.Build.0 = Release|x64
		{2EBE1256-D1F5-4B90-B7C4-F1E4D5A239A4}.BinaryTraceRelease|x86.ActiveCfg = Release|x86
		{2EBE1256-D1F5-4B90-B7C4-F1E4D5A239A4}.BinaryTraceRelease|x86.Build.0 = Release|x86
		{2EBE1256-D1F5-4B90-B7C4-F1E4D5A239A4}.Debug|Any CPU.ActiveCfg = Debug|Any CPU
		{2EBE1256-D1F5-4B90-B7C4-F1E4D5A239A4}.Debug|Any CPU.Build.0 = Debug|Any CPU
		{2EBE1256-D1F5-4B90-B7C4-F1E4D5A239A4}.Debug|x64.ActiveCfg = Debug|x64
		{2EBE1256-D1F5-4B90-B7C4-F1E4D5A239A4}.Debug|x64.Build.0 = Debug|x64
		{2EBE1256-D1F5-4B90-B7C4-F1E4D5A239A4}.Debug|x86.ActiveCfg = Debug|x86
		{2EBE1256-D1F5-4B90-B7C4-F1E4D5A239A4}.Debug|x86.Build.0 = Debug|x86
		{2EBE1256-D1F5-4B90-B7C4-F1E4D5A239A4}.Release|Any CPU.ActiveCfg = Release|Any CPU
		{2EBE1256-D1F5-4B90-B7C4-F1E4D5A239A4}.Release|Any CPU.Build.0 = Release|Any CPU
		{2EBE1256-D1F5-4B90-B7C4-F1E4D5A239A4}.Release|x64.ActiveCfg = Release|x64
		{2EBE1256-D1F5-4B90-B7C4-F1E4D5A239A4}.Release|x64.Build.0 = Release|x64
		{2EBE1256-D1F5-4B90-B7C4-F1E4D5A239A4}.Release|x86.ActiveCfg = Release|x86
		{2EBE1256-D1F5-4B90-B7C4-F1E4D5A239A4}.Release|x86.Build.0 = Release|x86
		{2EBE1256-D1F5-4B90-B7C4-F1E4D5A239A4}.Release64|Any CPU.ActiveCfg = Release|Any CPU
		{2EBE1256-D1F5-4B90-B7C4-F1E4D5A239A4}.Release64|x64.ActiveCfg = Release|Any CPU
		{2EBE1256-D1F5-4B90-B7C4-F1E4D5A239A4}.Release64|x86.ActiveCfg = Release|Any CPU
		{1E0CE411-29B7-4808-B275-A8D29275768E}.BinaryTraceDebug|Any CPU.ActiveCfg = Debug|Any CPU
		{1E0CE411-29B7-4808-B275-A8D29275768E}.BinaryTraceDebug|Any CPU.Build.0 = Debug|Any CPU
		{1E0CE411-29B7-4808-B275-A8D29275768E}.BinaryTraceDebug|x64.ActiveCfg = Debug|x64
		{1E0CE411-29B7-4808-B275-A8D29275768E}.BinaryTraceDebug|x64.Build.0 = Debug|x64
		{1E0CE411-29B7-4808-B275-A8D29275768E}.BinaryTraceDebug|x86.ActiveCfg = Debug|x86
		{1E0CE411-29B7-4808-B275-A8D29275768E}.BinaryTraceDebug|x86.Build.0 = Debug|x86
		{1E0CE411-29B7-4808-B275-A8D29275768E}.BinaryTraceRelease|Any CPU.ActiveCfg = Release|Any CPU
		{1E0CE411-29B7-4808-B275-A8D29275768E}.BinaryTraceRelease|Any CPU.Build.0 = Release|Any CPU
		{1E0CE411-29B7-4808-B275-A8D29275768E}.BinaryTraceRelease|x64.ActiveCfg = Release|x64
		{1E0CE411-29B7-4808-B275-A8D29275768E}.BinaryTraceRelease|x64.Build.0 = Release|x64
		{1E0CE411-29B7-4808-B275-A8D29275768E}.BinaryTraceRelease|x86.ActiveCfg = Release|x86
		{1E0CE411-29B7-4808-B275-A8D29275768E}.BinaryTraceRelease|x86.Build.0 = Release|x86
		{1E0CE411-29B7-4808-B275-A8D29275768E}.Debug|Any CPU.ActiveCfg = Debug|Any CPU
		{1E0CE411-29B7-4808-B275-A8D29275768E}.Debug|Any CPU.Build.0 = Debug|Any CPU
		{1E0CE411-29B7-4808-B275-A8D29275768E}.Debug|x64.ActiveCfg = Debug|x64
		{1E0CE411-29B7-4808-B275-A8D29275768E}.Debug|x64.Build.0 = Debug|x64
		{1E0CE411-29B7-4808-B275-A8D29275768E}.Debug|x86.ActiveCfg = Debug|x86
		{1E0CE411-29B7-4808-B275-A8D29275768E}.Debug|x86.Build.0 = Debug|x86
		{1E0CE411-29B7-4808-B275-A8D29275768E}.Release|Any CPU.ActiveCfg = Release|Any CPU
		{1E0CE411-29B7-4808-B275-A8D29275768E}.Release|Any CPU.Build.0 = Release|Any CPU
		{1E0CE411-29B7-4808-B275-A8D29275768E}.Release|x64.ActiveCfg = Release|x64
		{1E0CE411-29B7-4808-B275-A8D29275768E}.Release|x64.Build.0 = Release|x64
		{1E0CE411-29B7-4808-B275-A8D29275768E}.Release|x86.ActiveCfg = Release|x86
		{1E0CE411-29B7-4808-B275-A8D29275768E}.Release|x86.Build.0 = Release|x86
		{1E0CE411-29B7-4808-B275-A8D29275768E}.Release64|Any CPU.ActiveCfg = Release|Any CPU
		{1E0CE411-29B7-4808-B275-A8D29275768E}.Release64|x64.ActiveCfg = Release|Any CPU
		{1E0CE411-29B7-4808-B275-A8D29275768E}.Release64|x86.ActiveCfg = Release|Any CPU
		{99A6C1DC-674F-4CBF-AF72-AE5959A797AC}.BinaryTraceDebug|Any CPU.ActiveCfg = Debug|Any CPU
		{99A6C1DC-674F-4CBF-AF72-AE5959A797AC}.BinaryTraceDebug|Any CPU.Build.0 = Debug|Any CPU
		{99A6C1DC-674F-4CBF-AF72-AE5959A797AC}.BinaryTraceDebug|x64.ActiveCfg = Debug|x64
		{99A6C1DC-674F-4CBF-AF72-AE5959A797AC}.BinaryTraceDebug|x64.Build.0 = Debug|x64
		{99A6C1DC-674F-4CBF-AF72-AE5959A797AC}.BinaryTraceDebug|x86.ActiveCfg = Debug|x86
		{99A6C1DC-674F-4CBF-AF72-AE5959A797AC}.BinaryTraceDebug|x86.Build.0 = Debug|x86
		{99A6C1DC-674F-4CBF-AF72-AE5959A797AC}.BinaryTraceRelease|Any CPU.ActiveCfg = Release|Any CPU
		{99A6C1DC-674F-4CBF-AF72-AE5959A797AC}.BinaryTraceRelease|Any CPU.Build.0 = Release|Any CPU
		{99A6C1DC-674F-4CBF-AF72-AE5959A797AC}.BinaryTraceRelease|x64.ActiveCfg = Release|x64
		{99A6C1DC-674F-4CBF-AF72-AE5959A797AC}.BinaryTraceRelease|x64.Build.0 = Release|x64
		{99A6C1DC-674F-4CBF-AF72-AE5959A797AC}.BinaryTraceRelease|x86.ActiveCfg = Release|x86
		{99A6C1DC-674F-4CBF-AF72-AE5959A797AC}.BinaryTraceRelease|x86.Build.0 = Release|x86
		{99A6C1DC-674F-4CBF-AF72-AE5959A797AC}.Debug|Any CPU.ActiveCfg = Debug|Any CPU
		{99A6C1DC-674F-4CBF-AF72-AE5959A797AC}.Debug|Any CPU.Build.0 = Debug|Any CPU
		{99A6C1DC-674F-4CBF-AF72-AE5959A797AC}.Debug|x64.ActiveCfg = Debug|x64
		{99A6C1DC-674F-4CBF-AF72-AE5959A797AC}.Debug|x64.Build.0 = Debug|x64
		{99A6C1DC-674F-4CBF-AF72-AE5959A797AC}.Debug|x86.ActiveCfg = Debug|x86
		{99A6C1DC-674F-4CBF-AF72-AE5959A797AC}.Debug|x86.Build.0 = Debug|x86
		{99A6C1DC-674F-4CBF-AF72-AE5959A797AC}.Release|Any CPU.ActiveCfg = Release|Any CPU
		{99A6C1DC-674F-4CBF-AF72-AE5959A797AC}.Release|Any CPU.Build.0 = Release|Any CPU
		{99A6C1DC-674F-4CBF-AF72-AE5959A797AC}.Release|x64.ActiveCfg = Release|x64
		{99A6C1DC-674F-4CBF-AF72-AE5959A797AC}.Release|x64.Build.0 = Release|x64
		{99A6C1DC-674F-4CBF-AF72-AE5959A797AC}.Release|x86.ActiveCfg = Release|x86
		{99A6C1DC-674F-4CBF-AF72-AE5959A797AC}.Release|x86.Build.0 = Release|x86
		{99A6C1DC-674F-4CBF-AF72-AE5959A797AC}.Release64|Any CPU.ActiveCfg = Release|Any CPU
		{99A6C1DC-674F-4CBF-AF72-AE5959A797AC}.Release64|x64.ActiveCfg = Release|Any CPU
		{99A6C1DC-674F-4CBF-AF72-AE5959A797AC}.Release64|x86.ActiveCfg = Release|Any CPU
		{42671D6B-9866-4197-92B5-230FB492BEFE}.BinaryTraceDebug|Any CPU.ActiveCfg = Debug|Any CPU
		{42671D6B-9866-4197-92B5-230FB492BEFE}.BinaryTraceDebug|Any CPU.Build.0 = Debug|Any CPU
		{42671D6B-9866-4197-92B5-230FB492BEFE}.BinaryTraceDebug|x64.ActiveCfg = Debug|x64
		{42671D6B-9866-4197-92B5-230FB492BEFE}.BinaryTraceDebug|x64.Build.0 = Debug|x64
		{42671D6B-9866-4197-92B5-230FB492BEFE}.BinaryTraceDebug|x86.ActiveCfg = Debug|x86
		{42671D6B-9866-4197-92B5-230FB492BEFE}.BinaryTraceDebug|x86.Build.0 = Debug|x86
		{42671D6B-9866-4197-92B5-230FB492BEFE}.BinaryTraceRelease|Any CPU.ActiveCfg = Release|Any CPU
		{42671D6B-9866-4197-92B5-230FB492BEFE}.BinaryTraceRelease|Any CPU.Build.0 = Release|Any CPU
		{42671D6B-9866-4197-92B5-230FB492BEFE}.BinaryTraceRelease|x64.ActiveCfg = Release|x64
		{42671D6B-9866-4197-92B5-230FB492BEFE}.BinaryTraceRelease|x64.Build.0 = Release|x64
		{42671D6B-9866-4197-92B5-230FB492BEFE}.BinaryTraceRelease|x86.ActiveCfg = Release|x86
		{42671D6B-9866-4197-92B5-230FB492BEFE}.BinaryTraceRelease|x86.Build.0 = Release|x86
		{42671D6B-9866-4197-92B5-230FB492BEFE}.Debug|Any CPU.ActiveCfg = Debug|Any CPU
		{42671D6B-9866-4197-92B5-230FB492BEFE}.Debug|Any CPU.Build.0 = Debug|Any CPU
		{42671D6B-9866-4197-92B5-230FB492BEFE}.Debug|x64.ActiveCfg = Debug|x64
		{42671D6B-9866-4197-92B5-230FB492BEFE}.Debug|x64.Build.0 = Debug|x64
		{42671D6B-9866-4197-92B5-230FB492BEFE}.Debug|x86.ActiveCfg = Debug|x86
		{42671D6B-9866-4197-92B5-230FB492BEFE}.Debug|x86.Build.0 = Debug|x86
		{42671D6B-9866-4197-92B5-230FB492BEFE}.Release|Any CPU.ActiveCfg = Release|Any CPU
		{42671D6B-9866-4197-92B5-230FB492BEFE}.Release|Any CPU.Build.0 = Release|Any CPU
		{42671D6B-9866-4197-92B5-230FB492BEFE}.Release|x64.ActiveCfg = Release|x64
		{42671D6B-9866-4197-92B5-230FB492BEFE}.Release|x64.Build.0 = Release|x64
		{42671D6B-9866-4197-92B5-230FB492BEFE}.Release|x86.ActiveCfg = Release|x86
		{42671D6B-9866-4197-92B5-230FB492BEFE}.Release|x86.Build.0 = Release|x86
		{42671D6B-9866-4197-92B5-230FB492BEFE}.Release64|Any CPU.ActiveCfg = Release|Any CPU
		{42671D6B-9866-4197-92B5-230FB492BEFE}.Release64|x64.ActiveCfg = Release|Any CPU
		{42671D6B-9866-4197-92B5-230FB492BEFE}.Release64|x86.ActiveCfg = Release|Any CPU
		{4774E19C-47A1-445E-9B4F-480BBC2518E5}.BinaryTraceDebug|Any CPU.ActiveCfg = Debug|Any CPU
		{4774E19C-47A1-445E-9B4F-480BBC2518E5}.BinaryTraceDebug|Any CPU.Build.0 = Debug|Any CPU
		{4774E19C-47A1-445E-9B4F-480BBC2518E5}.BinaryTraceDebug|x64.ActiveCfg = Debug|x64
		{4774E19C-47A1-445E-9B4F-480BBC2518E5}.BinaryTraceDebug|x64.Build.0 = Debug|x64
		{4774E19C-47A1-445E-9B4F-480BBC2518E5}.BinaryTraceDebug|x86.ActiveCfg = Debug|x86
		{4774E19C-47A1-445E-9B4F-480BBC2518E5}.BinaryTraceDebug|x86.Build.0 = Debug|x86
		{4774E19C-47A1-445E-9B4F-480BBC2518E5}.BinaryTraceRelease|Any CPU.ActiveCfg = Release|Any CPU
		{4774E19C-47A1-445E-9B4F-480BBC2518E5}.BinaryTraceRelease|Any CPU.Build.0 = Release|Any CPU
		{4774E19C-47A1-445E-9B4F-480BBC2518E5}.BinaryTraceRelease|x64.ActiveCfg = Release|x64
		{4774E19C-47A1-445E-9B4F-480BBC2518E5}.BinaryTraceRelease|x64.Build.0 = Release|x64
		{4774E19C-47A1-445E-9B4F-480BBC2518E5}.BinaryTraceRelease|x86.ActiveCfg = Release|x86
		{4774E19C-47A1-445E-9B4F-480BBC2518E5}.BinaryTraceRelease|x86.Build.0 = Release|x86
		{4774E19C-47A1-445E-9B4F-480BBC2518E5}.Debug|Any CPU.ActiveCfg = Debug|Any CPU
		{4774E19C-47A1-445E-9B4F-480BBC2518E5}.Debug|Any CPU.Build.0 = Debug|Any CPU
		{4774E19C-47A1-445E-9B4F-480BBC2518E5}.Debug|x64.ActiveCfg = Debug|x64
		{4774E19C-47A1-445E-9B4F-480BBC2518E5}.Debug|x64.Build.0 = Debug|x64
		{4774E19C-47A1-445E-9B4F-480BBC2518E5}.Debug|x86.ActiveCfg = Debug|x86
		{4774E19C-47A1-445E-9B4F-480BBC2518E5}.Debug|x86.Build.0 = Debug|x86
		{4774E19C-47A1-445E-9B4F-480BBC2518E5}.Release|Any CPU.ActiveCfg = Release|Any CPU
		{4774E19C-47A1-445E-9B4F-480BBC2518E5}.Release|Any CPU.Build.0 = Release|Any CPU
		{4774E19C-47A1-445E-9B4F-480BBC2518E5}.Release|x64.ActiveCfg = Release|x64
		{4774E19C-47A1-445E-9B4F-480BBC2518E5}.Release|x64.Build.0 = Release|x64
		{4774E19C-47A1-445E-9B4F-480BBC2518E5}.Release|x86.ActiveCfg = Release|x86
		{4774E19C-47A1-445E-9B4F-480BBC2518E5}.Release|x86.Build.0 = Release|x86
		{4774E19C-47A1-445E-9B4F-480BBC2518E5}.Release64|Any CPU.ActiveCfg = Release|Any CPU
		{4774E19C-47A1-445E-9B4F-480BBC2518E5}.Release64|x64.ActiveCfg = Release|Any CPU
		{4774E19C-47A1-445E-9B4F-480BBC2518E5}.Release64|x86.ActiveCfg = Release|Any CPU
		{5404CE66-6322-49B2-8D42-CB06EBBAC715}.BinaryTraceDebug|Any CPU.ActiveCfg = Debug|Any CPU
		{5404CE66-6322-49B2-8D42-CB06EBBAC715}.BinaryTraceDebug|Any CPU.Build.0 = Debug|Any CPU
		{5404CE66-6322-49B2-8D42-CB06EBBAC715}.BinaryTraceDebug|x64.ActiveCfg = Debug|x64
		{5404CE66-6322-49B2-8D42-CB06EBBAC715}.BinaryTraceDebug|x64.Build.0 = Debug|x64
		{5404CE66-6322-49B2-8D42-CB06EBBAC715}.BinaryTraceDebug|x86.ActiveCfg = Debug|x86
		{5404CE66-6322-49B2-8D42-CB06EBBAC715}.BinaryTraceDebug|x86.Build.0 = Debug|x86
		{5404CE66-6322-49B2-8D42-CB06EBBAC715}.BinaryTraceRelease|Any CPU.ActiveCfg = Release|Any CPU
		{5404CE66-6322-49B2-8D42-CB06EBBAC715}.BinaryTraceRelease|Any CPU.Build.0 = Release|Any CPU
		{5404CE66-6322-49B2-8D42-CB06EBBAC715}.BinaryTraceRelease|x64.ActiveCfg = Release|x64
		{5404CE66-6322-49B2-8D42-CB06EBBAC715}.BinaryTraceRelease|x64.Build.0 = Release|x64
		{5404CE66-6322-49B2-8D42-CB06EBBAC715}.BinaryTraceRelease|x86.ActiveCfg = Release|x86
		{5404CE66-6322-49B2-8D42-CB06EBBAC715}.BinaryTraceRelease|x86.Build.0 = Release|x86
		{5404CE66-6322-49B2-8D42-CB06EBBAC715}.Debug|Any CPU.ActiveCfg = Debug|Any CPU
		{5404CE66-6322-49B2-8D42-CB06EBBAC715}.Debug|Any CPU.Build.0 = Debug|Any CPU
		{5404CE66-6322-49B2-8D42-CB06EBBAC715}.Debug|x64.ActiveCfg = Debug|x64
		{5404CE66-6322-49B2-8D42-CB06EBBAC715}.Debug|x64.Build.0 = Debug|x64
		{5404CE66-6322-49B2-8D42-CB06EBBAC715}.Debug|x86.ActiveCfg = Debug|x86
		{5404CE66-6322-49B2-8D42-CB06EBBAC715}.Debug|x86.Build.0 = Debug|x86
		{5404CE66-6322-49B2-8D42-CB06EBBAC715}.Release|Any CPU.ActiveCfg = Release|Any CPU
		{5404CE66-6322-49B2-8D42-CB06EBBAC715}.Release|Any CPU.Build.0 = Release|Any CPU
		{5404CE66-6322-49B2-8D42-CB06EBBAC715}.Release|x64.ActiveCfg = Release|x64
		{5404CE66-6322-49B2-8D42-CB06EBBAC715}.Release|x64.Build.0 = Release|x64
		{5404CE66-6322-49B2-8D42-CB06EBBAC715}.Release|x86.ActiveCfg = Release|x86
		{5404CE66-6322-49B2-8D42-CB06EBBAC715}.Release|x86.Build.0 = Release|x86
		{5404CE66-6322-49B2-8D42-CB06EBBAC715}.Release64|Any CPU.ActiveCfg = Release|x64
		{5404CE66-6322-49B2-8D42-CB06EBBAC715}.Release64|Any CPU.Build.0 = Release|x64
		{5404CE66-6322-49B2-8D42-CB06EBBAC715}.Release64|x64.ActiveCfg = Release64|x64
		{5404CE66-6322-49B2-8D42-CB06EBBAC715}.Release64|x64.Build.0 = Release64|x64
		{5404CE66-6322-49B2-8D42-CB06EBBAC715}.Release64|x86.ActiveCfg = Release64|x86
		{C29B4B38-86EA-4760-8830-5006CE6868D1}.BinaryTraceDebug|Any CPU.ActiveCfg = Debug|Any CPU
		{C29B4B38-86EA-4760-8830-5006CE6868D1}.BinaryTraceDebug|Any CPU.Build.0 = Debug|Any CPU
		{C29B4B38-86EA-4760-8830-5006CE6868D1}.BinaryTraceDebug|x64.ActiveCfg = Debug|x64
		{C29B4B38-86EA-4760-8830-5006CE6868D1}.BinaryTraceDebug|x64.Build.0 = Debug|x64
		{C29B4B38-86EA-4760-8830-5006CE6868D1}.BinaryTraceDebug|x86.ActiveCfg = Debug|x86
		{C29B4B38-86EA-4760-8830-5006CE6868D1}.BinaryTraceDebug|x86.Build.0 = Debug|x86
		{C29B4B38-86EA-4760-8830-5006CE6868D1}.BinaryTraceRelease|Any CPU.ActiveCfg = Release|Any CPU
		{C29B4B38-86EA-4760-8830-5006CE6868D1}.BinaryTraceRelease|Any CPU.Build.0 = Release|Any CPU
		{C29B4B38-86EA-4760-8830-5006CE6868D1}.BinaryTraceRelease|x64.ActiveCfg = Release|x64
		{C29B4B38-86EA-4760-8830-5006CE6868D1}.BinaryTraceRelease|x64.Build.0 = Release|x64
		{C29B4B38-86EA-4760-8830-5006CE6868D1}.BinaryTraceRelease|x86.ActiveCfg = Release|x86
		{C29B4B38-86EA-4760-8830-5006CE6868D1}.BinaryTraceRelease|x86.Build.0 = Release|x86
		{C29B4B38-86EA-4760-8830-5006CE6868D1}.Debug|Any CPU.ActiveCfg = Debug|Any CPU
		{C29B4B38-86EA-4760-8830-5006CE6868D1}.Debug|Any CPU.Build.0 = Debug|Any CPU
		{C29B4B38-86EA-4760-8830-5006CE6868D1}.Debug|x64.ActiveCfg = Debug|x64
		{C29B4B38-86EA-4760-8830-5006CE6868D1}.Debug|x64.Build.0 = Debug|x64
		{C29B4B38-86EA-4760-8830-5006CE6868D1}.Debug|x86.ActiveCfg = Debug|x86
		{C29B4B38-86EA-4760-8830-5006CE6868D1}.Debug|x86.Build.0 = Debug|x86
		{C29B4B38-86EA-4760-8830-5006CE6868D1}.Release|Any CPU.ActiveCfg = Release|Any CPU
		{C29B4B38-86EA-4760-8830-5006CE6868D1}.Release|Any CPU.Build.0 = Release|Any CPU
		{C29B4B38-86EA-4760-8830-5006CE6868D1}.Release|x64.ActiveCfg = Release|x64
		{C29B4B38-86EA-4760-8830-5006CE6868D1}.Release|x64.Build.0 = Release|x64
		{C29B4B38-86EA-4760-8830-5006CE6868D1}.Release|x86.ActiveCfg = Release|x86
		{C29B4B38-86EA-4760-8830-5006CE6868D1}.Release|x86.Build.0 = Release|x86
		{C29B4B38-86EA-4760-8830-5006CE6868D1}.Release64|Any CPU.ActiveCfg = Release|x64
		{C29B4B38-86EA-4760-8830-5006CE6868D1}.Release64|Any CPU.Build.0 = Release|x64
		{C29B4B38-86EA-4760-8830-5006CE6868D1}.Release64|x64.ActiveCfg = Release64|x64
		{C29B4B38-86EA-4760-8830-5006CE6868D1}.Release64|x64.Build.0 = Release64|x64
		{C29B4B38-86EA-4760-8830-5006CE6868D1}.Release64|x86.ActiveCfg = Release64|x86
		{B828964B-52F1-4EA5-9AB3-26D698DB8325}.BinaryTraceDebug|Any CPU.ActiveCfg = Debug|Any CPU
		{B828964B-52F1-4EA5-9AB3-26D698DB8325}.BinaryTraceDebug|Any CPU.Build.0 = Debug|Any CPU
		{B828964B-52F1-4EA5-9AB3-26D698DB8325}.BinaryTraceDebug|x64.ActiveCfg = Debug|x64
		{B828964B-52F1-4EA5-9AB3-26D698DB8325}.BinaryTraceDebug|x64.Build.0 = Debug|x64
		{B828964B-52F1-4EA5-9AB3-26D698DB8325}.BinaryTraceDebug|x86.ActiveCfg = Debug|x86
		{B828964B-52F1-4EA5-9AB3-26D698DB8325}.BinaryTraceDebug|x86.Build.0 = Debug|x86
		{B828964B-52F1-4EA5-9AB3-26D698DB8325}.BinaryTraceRelease|Any CPU.ActiveCfg = Release|Any CPU
		{B828964B-52F1-4EA5-9AB3-26D698DB8325}.BinaryTraceRelease|Any CPU.Build.0 = Release|Any CPU
		{B828964B-52F1-4EA5-9AB3-26D698DB8325}.BinaryTraceRelease|x64.ActiveCfg = Release|x64
		{B828964B-52F1-4EA5-9AB3-26D698DB8325}.BinaryTraceRelease|x64.Build.0 = Release|x64
		{B828964B-52F1-4EA5-9AB3-26D698DB8325}.BinaryTraceRelease|x86.ActiveCfg = Release|x86
		{B828964B-52F1-4EA5-9AB3-26D698DB8325}.BinaryTraceRelease|x86.Build.0 = Release|x86
		{B828964B-52F1-4EA5-9AB3-26D698DB8325}.Debug|Any CPU.ActiveCfg = Debug|Any CPU
		{B828964B-52F1-4EA5-9AB3-26D698DB8325}.Debug|Any CPU.Build.0 = Debug|Any CPU
		{B828964B-52F1-4EA5-9AB3-26D698DB8325}.Debug|x64.ActiveCfg = Debug|x64
		{B828964B-52F1-4EA5-9AB3-26D698DB8325}.Debug|x64.Build.0 = Debug|x64
		{B828964B-52F1-4EA5-9AB3-26D698DB8325}.Debug|x86.ActiveCfg = Debug|x86
		{B828964B-52F1-4EA5-9AB3-26D698DB8325}.Debug|x86.Build.0 = Debug|x86
		{B828964B-52F1-4EA5-9AB3-26D698DB8325}.Release|Any CPU.ActiveCfg = Release|Any CPU
		{B828964B-52F1-4EA5-9AB3-26D698DB8325}.Release|Any CPU.Build.0 = Release|Any CPU
		{B828964B-52F1-4EA5-9AB3-26D698DB8325}.Release|x64.ActiveCfg = Release|x64
		{B828964B-52F1-4EA5-9AB3-26D698DB8325}.Release|x64.Build.0 = Release|x64
		{B828964B-52F1-4EA5-9AB3-26D698DB8325}.Release|x86.ActiveCfg = Release|x86
		{B828964B-52F1-4EA5-9AB3-26D698DB8325}.Release|x86.Build.0 = Release|x86
		{B828964B-52F1-4EA5-9AB3-26D698DB8325}.Release64|Any CPU.ActiveCfg = Release|x64
		{B828964B-52F1-4EA5-9AB3-26D698DB8325}.Release64|Any CPU.Build.0 = Release|x64
		{B828964B-52F1-4EA5-9AB3-26D698DB8325}.Release64|x64.ActiveCfg = Release64|x64
		{B828964B-52F1-4EA5-9AB3-26D698DB8325}.Release64|x64.Build.0 = Release64|x64
		{B828964B-52F1-4EA5-9AB3-26D698DB8325}.Release64|x86.ActiveCfg = Release64|x86
		{CEFC631B-3F81-4BA7-84EF-74655CAC704F}.BinaryTraceDebug|Any CPU.ActiveCfg = Debug|Any CPU
		{CEFC631B-3F81-4BA7-84EF-74655CAC704F}.BinaryTraceDebug|Any CPU.Build.0 = Debug|Any CPU
		{CEFC631B-3F81-4BA7-84EF-74655CAC704F}.BinaryTraceDebug|x64.ActiveCfg = Debug|x64
		{CEFC631B-3F81-4BA7-84EF-74655CAC704F}.BinaryTraceDebug|x64.Build.0 = Debug|x64
		{CEFC631B-3F81-4BA7-84EF-74655CAC704F}.BinaryTraceDebug|x86.ActiveCfg = Debug|x86
		{CEFC631B-3F81-4BA7-84EF-74655CAC704F}.BinaryTraceDebug|x86.Build.0 = Debug|x86
		{CEFC631B-3F81-4BA7-84EF-74655CAC704F}.BinaryTraceRelease|Any CPU.ActiveCfg = Release|Any CPU
		{CEFC631B-3F81-4BA7-84EF-74655CAC704F}.BinaryTraceRelease|Any CPU.Build.0 = Release|Any CPU
		{CEFC631B-3F81-4BA7-84EF-74655CAC704F}.BinaryTraceRelease|x64.ActiveCfg = Release|x64
		{CEFC631B-3F81-4BA7-84EF-74655CAC704F}.BinaryTraceRelease|x64.Build.0 = Release|x64
		{CEFC631B-3F81-4BA7-84EF-74655CAC704F}.BinaryTraceRelease|x86.ActiveCfg = Release|x86
		{CEFC631B-3F81-4BA7-84EF-74655CAC704F}.BinaryTraceRelease|x86.Build.0 = Release|x86
		{CEFC631B-3F81-4BA7-84EF-74655CAC704F}.Debug|Any CPU.ActiveCfg = Debug|Any CPU
		{CEFC631B-3F81-4BA7-84EF-74655CAC704F}.Debug|Any CPU.Build.0 = Debug|Any CPU
		{CEFC631B-3F81-4BA7-84EF-74655CAC704F}.Debug|x64.ActiveCfg = Debug|x64
		{CEFC631B-3F81-4BA7-84EF-74655CAC704F}.Debug|x64.Build.0 = Debug|x64
		{CEFC631B-3F81-4BA7-84EF-74655CAC704F}.Debug|x86.ActiveCfg = Debug|x86
		{CEFC631B-3F81-4BA7-84EF-74655CAC704F}.Debug|x86.Build.0 = Debug|x86
		{CEFC631B-3F81-4BA7-84EF-74655CAC704F}.Release|Any CPU.ActiveCfg = Release|Any CPU
		{CEFC631B-3F81-4BA7-84EF-74655CAC704F}.Release|Any CPU.Build.0 = Release|Any CPU
		{CEFC631B-3F81-4BA7-84EF-74655CAC704F}.Release|x64.ActiveCfg = Release|x64
		{CEFC631B-3F81-4BA7-84EF-74655CAC704F}.Release|x64.Build.0 = Release|x64
		{CEFC631B-3F81-4BA7-84EF-74655CAC704F}.Release|x86.ActiveCfg = Release|x86
		{CEFC631B-3F81-4BA7-84EF-74655CAC704F}.Release|x86.Build.0 = Release|x86
		{CEFC631B-3F81-4BA7-84EF-74655CAC704F}.Release64|Any CPU.ActiveCfg = Release|x64
		{CEFC631B-3F81-4BA7-84EF-74655CAC704F}.Release64|Any CPU.Build.0 = Release|x64
		{CEFC631B-3F81-4BA7-84EF-74655CAC704F}.Release64|x64.ActiveCfg = Release64|x64
		{CEFC631B-3F81-4BA7-84EF-74655CAC704F}.Release64|x64.Build.0 = Release64|x64
		{CEFC631B-3F81-4BA7-84EF-74655CAC704F}.Release64|x86.ActiveCfg = Release64|x86
		{61FFC3B9-5275-41B9-8380-1E370EF67A63}.BinaryTraceDebug|Any CPU.ActiveCfg = Debug|Any CPU
		{61FFC3B9-5275-41B9-8380-1E370EF67A63}.BinaryTraceDebug|Any CPU.Build.0 = Debug|Any CPU
		{61FFC3B9-5275-41B9-8380-1E370EF67A63}.BinaryTraceDebug|x64.ActiveCfg = Debug|x64
		{61FFC3B9-5275-41B9-8380-1E370EF67A63}.BinaryTraceDebug|x64.Build.0 = Debug|x64
		{61FFC3B9-5275-41B9-8380-1E370EF67A63}.BinaryTraceDebug|x86.ActiveCfg = Debug|x86
		{61FFC3B9-5275-41B9-8380-1E370EF67A63}.BinaryTraceDebug|x86.Build.0 = Debug|x86
		{61FFC3B9-5275-41B9-8380-1E370EF67A63}.BinaryTraceRelease|Any CPU.ActiveCfg = Release|Any CPU
		{61FFC3B9-5275-41B9-8380-1E370EF67A63}.BinaryTraceRelease|Any CPU.Build.0 = Release|Any CPU
		{61FFC3B9-5275-41B9-8380-1E370EF67A63}.BinaryTraceRelease|x64.ActiveCfg = Release|x64
		{61FFC3B9-5275-41B9-8380-1E370EF67A63}.BinaryTraceRelease|x64.Build.0 = Release|x64
		{61FFC3B9-5275-41B9-8380-1E370EF67A63}.BinaryTraceRelease|x86.ActiveCfg = Release|x86
		{61FFC3B9-5275-41B9-8380-1E370EF67A63}.BinaryTraceRelease|x86.Build.0 = Release|x86
		{61FFC3B9-5275-41B9-8380-1E370EF67A63}.Debug|Any CPU.ActiveCfg = Debug|Any CPU
		{61FFC3B9-5275-41B9-8380-1E370EF67A63}.Debug|Any CPU.Build.0 = Debug|Any CPU
		{61FFC3B9-5275-41B9-8380-1E370EF67A63}.Debug|x64.ActiveCfg = Debug|x64
		{61FFC3B9-5275-41B9-8380-1E370EF67A63}.Debug|x64.Build.0 = Debug|x64
		{61FFC3B9-5275-41B9-8380-1E370EF67A63}.Debug|x86.ActiveCfg = Debug|x86
		{61FFC3B9-5275-41B9-8380-1E370EF67A63}.Debug|x86.Build.0 = Debug|x86
		{61FFC3B9-5275-41B9-8380-1E370EF67A63}.Release|Any CPU.ActiveCfg = Release|Any CPU
		{61FFC3B9-5275-41B9-8380-1E370EF67A63}.Release|Any CPU.Build.0 = Release|Any CPU
		{61FFC3B9-5275-41B9-8380-1E370EF67A63}.Release|x64.ActiveCfg = Release|x64
		{61FFC3B9-5275-41B9-8380-1E370EF67A63}.Release|x64.Build.0 = Release|x64
		{61FFC3B9-5275-41B9-8380-1E370EF67A63}.Release|x86.ActiveCfg = Release|x86
		{61FFC3B9-5275-41B9-8380-1E370EF67A63}.Release|x86.Build.0 = Release|x86
		{61FFC3B9-5275-41B9-8380-1E370EF67A63}.Release64|Any CPU.ActiveCfg = Release|x64
		{61FFC3B9-5275-41B9-8380-1E370EF67A63}.Release64|Any CPU.Build.0 = Release|x64
		{61FFC3B9-5275-41B9-8380-1E370EF67A63}.Release64|x64.ActiveCfg = Release64|x64
		{61FFC3B9-5275-41B9-8380-1E370EF67A63}.Release64|x64.Build.0 = Release64|x64
		{61FFC3B9-5275-41B9-8380-1E370EF67A63}.Release64|x86.ActiveCfg = Release64|x86
		{6B3B0475-B3B1-4944-B396-F58342262022}.BinaryTraceDebug|Any CPU.ActiveCfg = Debug|Any CPU
		{6B3B0475-B3B1-4944-B396-F58342262022}.BinaryTraceDebug|Any CPU.Build.0 = Debug|Any CPU
		{6B3B0475-B3B1-4944-B396-F58342262022}.BinaryTraceDebug|x64.ActiveCfg = Debug|x64
		{6B3B0475-B3B1-4944-B396-F58342262022}.BinaryTraceDebug|x64.Build.0 = Debug|x64
		{6B3B0475-B3B1-4944-B396-F58342262022}.BinaryTraceDebug|x86.ActiveCfg = Debug|x86
		{6B3B0475-B3B1-4944-B396-F58342262022}.BinaryTraceDebug|x86.Build.0 = Debug|x86
		{6B3B0475-B3B1-4944-B396-F58342262022}.BinaryTraceRelease|Any CPU.ActiveCfg = Release|Any CPU
		{6B3B0475-B3B1-4944-B396-F58342262022}.BinaryTraceRelease|Any CPU.Build.0 = Release|Any CPU
		{6B3B0475-B3B1-4944-B396-F58342262022}.BinaryTraceRelease|x64.ActiveCfg = Release|x64
		{6B3B0475-B3B1-4944-B396-F58342262022}.BinaryTraceRelease|x64.Build.0 = Release|x64
		{6B3B0475-B3B1-4944-B396-F58342262022}.BinaryTraceRelease|x86.ActiveCfg = Release|x86
		{6B3B0475-B3B1-4944-B396-F58342262022}.BinaryTraceRelease|x86.Build.0 = Release|x86
		{6B3B0475-B3B1-4944-B396-F58342262022}.Debug|Any CPU.ActiveCfg = Debug|Any CPU
		{6B3B0475-B3B1-4944-B396-F58342262022}.Debug|Any CPU.Build.0 = Debug|Any CPU
		{6B3B0475-B3B1-4944-B396-F58342262022}.Debug|x64.ActiveCfg = Debug|x64
		{6B3B0475-B3B1-4944-B396-F58342262022}.Debug|x64.Build.0 = Debug|x64
		{6B3B0475-B3B1-4944-B396-F58342262022}.Debug|x86.ActiveCfg = Debug|x86
		{6B3B0475-B3B1-4944-B396-F58342262022}.Debug|x86.Build.0 = Debug|x86
		{6B3B0475-B3B1-4944-B396-F58342262022}.Release|Any CPU.ActiveCfg = Release|Any CPU
		{6B3B0475-B3B1-4944-B396-F58342262022}.Release|Any CPU.Build.0 = Release|Any CPU
		{6B3B0475-B3B1-4944-B396-F58342262022}.Release|x64.ActiveCfg = Release|x64
		{6B3B0475-B3B1-4944-B396-F58342262022}.Release|x64.Build.0 = Release|x64
		{6B3B0475-B3B1-4944-B396-F58342262022}.Release|x86.ActiveCfg = Release|x86
		{6B3B0475-B3B1-4944-B396-F58342262022}.Release|x86.Build.0 = Release|x86
		{6B3B0475-B3B1-4944-B396-F58342262022}.Release64|Any CPU.ActiveCfg = Release|x64
		{6B3B0475-B3B1-4944-B396-F58342262022}.Release64|Any CPU.Build.0 = Release|x64
		{6B3B0475-B3B1-4944-B396-F58342262022}.Release64|x64.ActiveCfg = Release|x64
		{6B3B0475-B3B1-4944-B396-F58342262022}.Release64|x64.Build.0 = Release|x64
		{6B3B0475-B3B1-4944-B396-F58342262022}.Release64|x86.ActiveCfg = Release|x86
		{6B3B0475-B3B1-4944-B396-F58342262022}.Release64|x86.Build.0 = Release|x86
		{0D3803D9-7C6B-4933-A172-71872EF9F215}.BinaryTraceDebug|Any CPU.ActiveCfg = Debug|Any CPU
		{0D3803D9-7C6B-4933-A172-71872EF9F215}.BinaryTraceDebug|Any CPU.Build.0 = Debug|Any CPU
		{0D3803D9-7C6B-4933-A172-71872EF9F215}.BinaryTraceDebug|x64.ActiveCfg = Debug|x64
		{0D3803D9-7C6B-4933-A172-71872EF9F215}.BinaryTraceDebug|x64.Build.0 = Debug|x64
		{0D3803D9-7C6B-4933-A172-71872EF9F215}.BinaryTraceDebug|x86.ActiveCfg = Debug|x86
		{0D3803D9-7C6B-4933-A172-71872EF9F215}.BinaryTraceDebug|x86.Build.0 = Debug|x86
		{0D3803D9-7C6B-4933-A172-71872EF9F215}.BinaryTraceRelease|Any CPU.ActiveCfg = Release|Any CPU
		{0D3803D9-7C6B-4933-A172-71872EF9F215}.BinaryTraceRelease|Any CPU.Build.0 = Release|Any CPU
		{0D3803D9-7C6B-4933-A172-71872EF9F215}.BinaryTraceRelease|x64.ActiveCfg = Release|x64
		{0D3803D9-7C6B-4933-A172-71872EF9F215}.BinaryTraceRelease|x64.Build.0 = Release|x64
		{0D3803D9-7C6B-4933-A172-71872EF9F215}.BinaryTraceRelease|x86.ActiveCfg = Release|x86
		{0D3803D9-7C6B-4933-A172-71872EF9F215}.BinaryTraceRelease|x86.Build.0 = Release|x86
		{0D3803D9-7C6B-4933-A172-71872EF9F215}.Debug|Any CPU.ActiveCfg = Debug|Any CPU
		{0D3803D9-7C6B-4933-A172-71872EF9F215}.Debug|Any CPU.Build.0 = Debug|Any CPU
		{0D3803D9-7C6B-4933-A172-71872EF9F215}.Debug|x64.ActiveCfg = Debug|x64
		{0D3803D9-7C6B-4933-A172-71872EF9F215}.Debug|x64.Build.0 = Debug|x64
		{0D3803D9-7C6B-4933-A172-71872EF9F215}.Debug|x86.ActiveCfg = Debug|x86
		{0D3803D9-7C6B-4933-A172-71872EF9F215}.Debug|x86.Build.0 = Debug|x86
		{0D3803D9-7C6B-4933-A172-71872EF9F215}.Release|Any CPU.ActiveCfg = Release|Any CPU
		{0D3803D9-7C6B-4933-A172-71872EF9F215}.Release|Any CPU.Build.0 = Release|Any CPU
		{0D3803D9-7C6B-4933-A172-71872EF9F215}.Release|x64.ActiveCfg = Release|x64
		{0D3803D9-7C6B-4933-A172-71872EF9F215}.Release|x64.Build.0 = Release|x64
		{0D3803D9-7C6B-4933-A172-71872EF9F215}.Release|x86.ActiveCfg = Release|x86
		{0D3803D9-7C6B-4933-A172-71872EF9F215}.Release|x86.Build.0 = Release|x86
		{0D3803D9-7C6B-4933-A172-71872EF9F215}.Release64|Any CPU.ActiveCfg = Release|Any CPU
		{0D3803D9-7C6B-4933-A172-71872EF9F215}.Release64|x64.ActiveCfg = Release|Any CPU
		{0D3803D9-7C6B-4933-A172-71872EF9F215}.Release64|x86.ActiveCfg = Release|Any CPU
		{545B9422-29AA-46AB-8F32-0D0CE810AA74}.BinaryTraceDebug|Any CPU.ActiveCfg = Debug|Any CPU
		{545B9422-29AA-46AB-8F32-0D0CE810AA74}.BinaryTraceDebug|Any CPU.Build.0 = Debug|Any CPU
		{545B9422-29AA-46AB-8F32-0D0CE810AA74}.BinaryTraceDebug|x64.ActiveCfg = Debug|x64
		{545B9422-29AA-46AB-8F32-0D0CE810AA74}.BinaryTraceDebug|x64.Build.0 = Debug|x64
		{545B9422-29AA-46AB-8F32-0D0CE810AA74}.BinaryTraceDebug|x86.ActiveCfg = Debug|x86
		{545B9422-29AA-46AB-8F32-0D0CE810AA74}.BinaryTraceDebug|x86.Build.0 = Debug|x86
		{545B9422-29AA-46AB-8F32-0D0CE810AA74}.BinaryTraceRelease|Any CPU.ActiveCfg = Release|Any CPU
		{545B9422-29AA-46AB-8F32-0D0CE810AA74}.BinaryTraceRelease|Any CPU.Build.0 = Release|Any CPU
		{545B9422-29AA-46AB-8F32-0D0CE810AA74}.BinaryTraceRelease|x64.ActiveCfg = Release|x64
		{545B9422-29AA-46AB-8F32-0D0CE810AA74}.BinaryTraceRelease|x64.Build.0 = Release|x64
		{545B9422-29AA-46AB-8F32-0D0CE810AA74}.BinaryTraceRelease|x86.ActiveCfg = Release|x86
		{545B9422-29AA-46AB-8F32-0D0CE810AA74}.BinaryTraceRelease|x86.Build.0 = Release|x86
		{545B9422-29AA-46AB-8F32-0D0CE810AA74}.Debug|Any CPU.ActiveCfg = Debug|Any CPU
		{545B9422-29AA-46AB-8F32-0D0CE810AA74}.Debug|Any CPU.Build.0 = Debug|Any CPU
		{545B9422-29AA-46AB-8F32-0D0CE810AA74}.Debug|x64.ActiveCfg = Debug|x64
		{545B9422-29AA-46AB-8F32-0D0CE810AA74}.Debug|x64.Build.0 = Debug|x64
		{545B9422-29AA-46AB-8F32-0D0CE810AA74}.Debug|x86.ActiveCfg = Debug|x86
		{545B9422-29AA-46AB-8F32-0D0CE810AA74}.Debug|x86.Build.0 = Debug|x86
		{545B9422-29AA-46AB-8F32-0D0CE810AA74}.Release|Any CPU.ActiveCfg = Release|Any CPU
		{545B9422-29AA-46AB-8F32-0D0CE810AA74}.Release|Any CPU.Build.0 = Release|Any CPU
		{545B9422-29AA-46AB-8F32-0D0CE810AA74}.Release|x64.ActiveCfg = Release|x64
		{545B9422-29AA-46AB-8F32-0D0CE810AA74}.Release|x64.Build.0 = Release|x64
		{545B9422-29AA-46AB-8F32-0D0CE810AA74}.Release|x86.ActiveCfg = Release|x86
		{545B9422-29AA-46AB-8F32-0D0CE810AA74}.Release|x86.Build.0 = Release|x86
		{545B9422-29AA-46AB-8F32-0D0CE810AA74}.Release64|Any CPU.ActiveCfg = Release|Any CPU
		{545B9422-29AA-46AB-8F32-0D0CE810AA74}.Release64|x64.ActiveCfg = Release|Any CPU
		{545B9422-29AA-46AB-8F32-0D0CE810AA74}.Release64|x86.ActiveCfg = Release|Any CPU
		{B5B6C411-E117-47AE-ACAA-D4A56E753B65}.BinaryTraceDebug|Any CPU.ActiveCfg = Debug|Any CPU
		{B5B6C411-E117-47AE-ACAA-D4A56E753B65}.BinaryTraceDebug|Any CPU.Build.0 = Debug|Any CPU
		{B5B6C411-E117-47AE-ACAA-D4A56E753B65}.BinaryTraceDebug|x64.ActiveCfg = Debug|x64
		{B5B6C411-E117-47AE-ACAA-D4A56E753B65}.BinaryTraceDebug|x64.Build.0 = Debug|x64
		{B5B6C411-E117-47AE-ACAA-D4A56E753B65}.BinaryTraceDebug|x86.ActiveCfg = Debug|x86
		{B5B6C411-E117-47AE-ACAA-D4A56E753B65}.BinaryTraceDebug|x86.Build.0 = Debug|x86
		{B5B6C411-E117-47AE-ACAA-D4A56E753B65}.BinaryTraceRelease|Any CPU.ActiveCfg = Release|Any CPU
		{B5B6C411-E117-47AE-ACAA-D4A56E753B65}.BinaryTraceRelease|Any CPU.Build.0 = Release|Any CPU
		{B5B6C411-E117-47AE-ACAA-D4A56E753B65}.BinaryTraceRelease|x64.ActiveCfg = Release|x64
		{B5B6C411-E117-47AE-ACAA-D4A56E753B65}.BinaryTraceRelease|x64.Build.0 = Release|x64
		{B5B6C411-E117-47AE-ACAA-D4A56E753B65}.BinaryTraceRelease|x86.ActiveCfg = Release|x86
		{B5B6C411-E117-47AE-ACAA-D4A56E753B65}.BinaryTraceRelease|x86.Build.0 = Release|x86
		{B5B6C411-E117-47AE-ACAA-D4A56E753B65}.Debug|Any CPU.ActiveCfg = Debug|Any CPU
		{B5B6C411-E117-47AE-ACAA-D4A56E753B65}.Debug|Any CPU.Build.0 = Debug|Any CPU
		{B5B6C411-E117-47AE-ACAA-D4A56E753B65}.Debug|x64.ActiveCfg = Debug|x64
		{B5B6C411-E117-47AE-ACAA-D4A56E753B65}.Debug|x64.Build.0 = Debug|x64
		{B5B6C411-E117-47AE-ACAA-D4A56E753B65}.Debug|x86.ActiveCfg = Debug|x86
		{B5B6C411-E117-47AE-ACAA-D4A56E753B65}.Debug|x86.Build.0 = Debug|x86
		{B5B6C411-E117-47AE-ACAA-D4A56E753B65}.Release|Any CPU.ActiveCfg = Release|Any CPU
		{B5B6C411-E117-47AE-ACAA-D4A56E753B65}.Release|Any CPU.Build.0 = Release|Any CPU
		{B5B6C411-E117-47AE-ACAA-D4A56E753B65}.Release|x64.ActiveCfg = Release|x64
		{B5B6C411-E117-47AE-ACAA-D4A56E753B65}.Release|x64.Build.0 = Release|x64
		{B5B6C411-E117-47AE-ACAA-D4A56E753B65}.Release|x86.ActiveCfg = Release|x86
		{B5B6C411-E117-47AE-ACAA-D4A56E753B65}.Release|x86.Build.0 = Release|x86
		{B5B6C411-E117-47AE-ACAA-D4A56E753B65}.Release64|Any CPU.ActiveCfg = Release|Any CPU
		{B5B6C411-E117-47AE-ACAA-D4A56E753B65}.Release64|x64.ActiveCfg = Release|Any CPU
		{B5B6C411-E117-47AE-ACAA-D4A56E753B65}.Release64|x86.ActiveCfg = Release|Any CPU
		{976D9F82-304F-4482-AE02-477204AECCAA}.BinaryTraceDebug|Any CPU.ActiveCfg = Debug|Any CPU
		{976D9F82-304F-4482-AE02-477204AECCAA}.BinaryTraceDebug|Any CPU.Build.0 = Debug|Any CPU
		{976D9F82-304F-4482-AE02-477204AECCAA}.BinaryTraceDebug|x64.ActiveCfg = Debug|x64
		{976D9F82-304F-4482-AE02-477204AECCAA}.BinaryTraceDebug|x64.Build.0 = Debug|x64
		{976D9F82-304F-4482-AE02-477204AECCAA}.BinaryTraceDebug|x86.ActiveCfg = Debug|x86
		{976D9F82-304F-4482-AE02-477204AECCAA}.BinaryTraceDebug|x86.Build.0 = Debug|x86
		{976D9F82-304F-4482-AE02-477204AECCAA}.BinaryTraceRelease|Any CPU.ActiveCfg = Release|Any CPU
		{976D9F82-304F-4482-AE02-477204AECCAA}.BinaryTraceRelease|Any CPU.Build.0 = Release|Any CPU
		{976D9F82-304F-4482-AE02-477204AECCAA}.BinaryTraceRelease|x64.ActiveCfg = Release|x64
		{976D9F82-304F-4482-AE02-477204AECCAA}.BinaryTraceRelease|x64.Build.0 = Release|x64
		{976D9F82-304F-4482-AE02-477204AECCAA}.BinaryTraceRelease|x86.ActiveCfg = Release|x86
		{976D9F82-304F-4482-AE02-477204AECCAA}.BinaryTraceRelease|x86.Build.0 = Release|x86
		{976D9F82-304F-4482-AE02-477204AECCAA}.Debug|Any CPU.ActiveCfg = Debug|Any CPU
		{976D9F82-304F-4482-AE02-477204AECCAA}.Debug|Any CPU.Build.0 = Debug|Any CPU
		{976D9F82-304F-4482-AE02-477204AECCAA}.Debug|x64.ActiveCfg = Debug|x64
		{976D9F82-304F-4482-AE02-477204AECCAA}.Debug|x64.Build.0 = Debug|x64
		{976D9F82-304F-4482-AE02-477204AECCAA}.Debug|x86.ActiveCfg = Debug|x86
		{976D9F82-304F-4482-AE02-477204AECCAA}.Debug|x86.Build.0 = Debug|x86
		{976D9F82-304F-4482-AE02-477204AECCAA}.Release|Any CPU.ActiveCfg = Release|Any CPU
		{976D9F82-304F-4482-AE02-477204AECCAA}.Release|Any CPU.Build.0 = Release|Any CPU
		{976D9F82-304F-4482-AE02-477204AECCAA}.Release|x64.ActiveCfg = Release|x64
		{976D9F82-304F-4482-AE02-477204AECCAA}.Release|x64.Build.0 = Release|x64
		{976D9F82-304F-4482-AE02-477204AECCAA}.Release|x86.ActiveCfg = Release|x86
		{976D9F82-304F-4482-AE02-477204AECCAA}.Release|x86.Build.0 = Release|x86
		{976D9F82-304F-4482-AE02-477204AECCAA}.Release64|Any CPU.ActiveCfg = Release|Any CPU
		{976D9F82-304F-4482-AE02-477204AECCAA}.Release64|x64.ActiveCfg = Release|Any CPU
		{976D9F82-304F-4482-AE02-477204AECCAA}.Release64|x86.ActiveCfg = Release|Any CPU
		{DC904CFB-653D-41DD-99DE-EFCA3F73CEB3}.BinaryTraceDebug|Any CPU.ActiveCfg = Debug|Any CPU
		{DC904CFB-653D-41DD-99DE-EFCA3F73CEB3}.BinaryTraceDebug|Any CPU.Build.0 = Debug|Any CPU
		{DC904CFB-653D-41DD-99DE-EFCA3F73CEB3}.BinaryTraceDebug|x64.ActiveCfg = Debug|x64
		{DC904CFB-653D-41DD-99DE-EFCA3F73CEB3}.BinaryTraceDebug|x64.Build.0 = Debug|x64
		{DC904CFB-653D-41DD-99DE-EFCA3F73CEB3}.BinaryTraceDebug|x86.ActiveCfg = Debug|x86
		{DC904CFB-653D-41DD-99DE-EFCA3F73CEB3}.BinaryTraceDebug|x86.Build.0 = Debug|x86
		{DC904CFB-653D-41DD-99DE-EFCA3F73CEB3}.BinaryTraceRelease|Any CPU.ActiveCfg = Release|Any CPU
		{DC904CFB-653D-41DD-99DE-EFCA3F73CEB3}.BinaryTraceRelease|Any CPU.Build.0 = Release|Any CPU
		{DC904CFB-653D-41DD-99DE-EFCA3F73CEB3}.BinaryTraceRelease|x64.ActiveCfg = Release|x64
		{DC904CFB-653D-41DD-99DE-EFCA3F73CEB3}.BinaryTraceRelease|x64.Build.0 = Release|x64
		{DC904CFB-653D-41DD-99DE-EFCA3F73CEB3}.BinaryTraceRelease|x86.ActiveCfg = Release|x86
		{DC904CFB-653D-41DD-99DE-EFCA3F73CEB3}.BinaryTraceRelease|x86.Build.0 = Release|x86
		{DC904CFB-653D-41DD-99DE-EFCA3F73CEB3}.Debug|Any CPU.ActiveCfg = Debug|Any CPU
		{DC904CFB-653D-41DD-99DE-EFCA3F73CEB3}.Debug|Any CPU.Build.0 = Debug|Any CPU
		{DC904CFB-653D-41DD-99DE-EFCA3F73CEB3}.Debug|x64.ActiveCfg = Debug|x64
		{DC904CFB-653D-41DD-99DE-EFCA3F73CEB3}.Debug|x64.Build.0 = Debug|x64
		{DC904CFB-653D-41DD-99DE-EFCA3F73CEB3}.Debug|x86.ActiveCfg = Debug|x86
		{DC904CFB-653D-41DD-99DE-EFCA3F73CEB3}.Debug|x86.Build.0 = Debug|x86
		{DC904CFB-653D-41DD-99DE-EFCA3F73CEB3}.Release|Any CPU.ActiveCfg = Release|Any CPU
		{DC904CFB-653D-41DD-99DE-EFCA3F73CEB3}.Release|Any CPU.Build.0 = Release|Any CPU
		{DC904CFB-653D-41DD-99DE-EFCA3F73CEB3}.Release|x64.ActiveCfg = Release|x64
		{DC904CFB-653D-41DD-99DE-EFCA3F73CEB3}.Release|x64.Build.0 = Release|x64
		{DC904CFB-653D-41DD-99DE-EFCA3F73CEB3}.Release|x86.ActiveCfg = Release|x86
		{DC904CFB-653D-41DD-99DE-EFCA3F73CEB3}.Release|x86.Build.0 = Release|x86
		{DC904CFB-653D-41DD-99DE-EFCA3F73CEB3}.Release64|Any CPU.ActiveCfg = Release|Any CPU
		{DC904CFB-653D-41DD-99DE-EFCA3F73CEB3}.Release64|x64.ActiveCfg = Release|Any CPU
		{DC904CFB-653D-41DD-99DE-EFCA3F73CEB3}.Release64|x86.ActiveCfg = Release|Any CPU
		{7EB14DEF-CBAA-4399-A5B5-8462DE05B165}.BinaryTraceDebug|Any CPU.ActiveCfg = Debug|Any CPU
		{7EB14DEF-CBAA-4399-A5B5-8462DE05B165}.BinaryTraceDebug|Any CPU.Build.0 = Debug|Any CPU
		{7EB14DEF-CBAA-4399-A5B5-8462DE05B165}.BinaryTraceDebug|x64.ActiveCfg = Debug|x64
		{7EB14DEF-CBAA-4399-A5B5-8462DE05B165}.BinaryTraceDebug|x64.Build.0 = Debug|x64
		{7EB14DEF-CBAA-4399-A5B5-8462DE05B165}.BinaryTraceDebug|x86.ActiveCfg = Debug|x86
		{7EB14DEF-CBAA-4399-A5B5-8462DE05B165}.BinaryTraceDebug|x86.Build.0 = Debug|x86
		{7EB14DEF-CBAA-4399-A5B5-8462DE05B165}.BinaryTraceRelease|Any CPU.ActiveCfg = Release|Any CPU
		{7EB14DEF-CBAA-4399-A5B5-8462DE05B165}.BinaryTraceRelease|Any CPU.Build.0 = Release|Any CPU
		{7EB14DEF-CBAA-4399-A5B5-8462DE05B165}.BinaryTraceRelease|x64.ActiveCfg = Release|x64
		{7EB14DEF-CBAA-4399-A5B5-8462DE05B165}.BinaryTraceRelease|x64.Build.0 = Release|x64
		{7EB14DEF-CBAA-4399-A5B5-8462DE05B165}.BinaryTraceRelease|x86.ActiveCfg = Release|x86
		{7EB14DEF-CBAA-4399-A5B5-8462DE05B165}.BinaryTraceRelease|x86.Build.0 = Release|x86
		{7EB14DEF-CBAA-4399-A5B5-8462DE05B165}.Debug|Any CPU.ActiveCfg = Debug|Any CPU
		{7EB14DEF-CBAA-4399-A5B5-8462DE05B165}.Debug|Any CPU.Build.0 = Debug|Any CPU
		{7EB14DEF-CBAA-4399-A5B5-8462DE05B165}.Debug|x64.ActiveCfg = Debug|x64
		{7EB14DEF-CBAA-4399-A5B5-8462DE05B165}.Debug|x64.Build.0 = Debug|x64
		{7EB14DEF-CBAA-4399-A5B5-8462DE05B165}.Debug|x86.ActiveCfg = Debug|x86
		{7EB14DEF-CBAA-4399-A5B5-8462DE05B165}.Debug|x86.Build.0 = Debug|x86
		{7EB14DEF-CBAA-4399-A5B5-8462DE05B165}.Release|Any CPU.ActiveCfg = Release|Any CPU
		{7EB14DEF-CBAA-4399-A5B5-8462DE05B165}.Release|Any CPU.Build.0 = Release|Any CPU
		{7EB14DEF-CBAA-4399-A5B5-8462DE05B165}.Release|x64.ActiveCfg = Release|x64
		{7EB14DEF-CBAA-4399-A5B5-8462DE05B165}.Release|x64.Build.0 = Release|x64
		{7EB14DEF-CBAA-4399-A5B5-8462DE05B165}.Release|x86.ActiveCfg = Release|x86
		{7EB14DEF-CBAA-4399-A5B5-8462DE05B165}.Release|x86.Build.0 = Release|x86
		{7EB14DEF-CBAA-4399-A5B5-8462DE05B165}.Release64|Any CPU.ActiveCfg = Release|Any CPU
		{7EB14DEF-CBAA-4399-A5B5-8462DE05B165}.Release64|x64.ActiveCfg = Release|Any CPU
		{7EB14DEF-CBAA-4399-A5B5-8462DE05B165}.Release64|x86.ActiveCfg = Release|Any CPU
		{E91CECC0-AFF0-4987-A659-C4404C35B5B2}.BinaryTraceDebug|Any CPU.ActiveCfg = Debug|Any CPU
		{E91CECC0-AFF0-4987-A659-C4404C35B5B2}.BinaryTraceDebug|Any CPU.Build.0 = Debug|Any CPU
		{E91CECC0-AFF0-4987-A659-C4404C35B5B2}.BinaryTraceDebug|x64.ActiveCfg = Debug|x64
		{E91CECC0-AFF0-4987-A659-C4404C35B5B2}.BinaryTraceDebug|x64.Build.0 = Debug|x64
		{E91CECC0-AFF0-4987-A659-C4404C35B5B2}.BinaryTraceDebug|x86.ActiveCfg = Debug|x86
		{E91CECC0-AFF0-4987-A659-C4404C35B5B2}.BinaryTraceDebug|x86.Build.0 = Debug|x86
		{E91CECC0-AFF0-4987-A659-C4404C35B5B2}.BinaryTraceRelease|Any CPU.ActiveCfg = Release|Any CPU
		{E91CECC0-AFF0-4987-A659-C4404C35B5B2}.BinaryTraceRelease|Any CPU.Build.0 = Release|Any CPU
		{E91CECC0-AFF0-4987-A659-C4404C35B5B2}.BinaryTraceRelease|x64.ActiveCfg = Release|x64
		{E91CECC0-AFF0-4987-A659-C4404C35B5B2}.BinaryTraceRelease|x64.Build.0 = Release|x64
		{E91CECC0-AFF0-4987-A659-C4404C35B5B2}.BinaryTraceRelease|x86.ActiveCfg = Release|x86
		{E91CECC0-AFF0-4987-A659-C4404C35B5B2}.BinaryTraceRelease|x86.Build.0 = Release|x86
		{E91CECC0-AFF0-4987-A659-C4404C35B5B2}.Debug|Any CPU.ActiveCfg = Debug|Any CPU
		{E91CECC0-AFF0-4987-A659-C4404C35B5B2}.Debug|Any CPU.Build.0 = Debug|Any CPU
		{E91CECC0-AFF0-4987-A659-C4404C35B5B2}.Debug|x64.ActiveCfg = Debug|x64
		{E91CECC0-AFF0-4987-A659-C4404C35B5B2}.Debug|x64.Build.0 = Debug|x64
		{E91CECC0-AFF0-4987-A659-C4404C35B5B2}.Debug|x86.ActiveCfg = Debug|x86
		{E91CECC0-AFF0-4987-A659-C4404C35B5B2}.Debug|x86.Build.0 = Debug|x86
		{E91CECC0-AFF0-4987-A659-C4404C35B5B2}.Release|Any CPU.ActiveCfg = Release|Any CPU
		{E91CECC0-AFF0-4987-A659-C4404C35B5B2}.Release|Any CPU.Build.0 = Release|Any CPU
		{E91CECC0-AFF0-4987-A659-C4404C35B5B2}.Release|x64.ActiveCfg = Release|x64
		{E91CECC0-AFF0-4987-A659-C4404C35B5B2}.Release|x64.Build.0 = Release|x64
		{E91CECC0-AFF0-4987-A659-C4404C35B5B2}.Release|x86.ActiveCfg = Release|x86
		{E91CECC0-AFF0-4987-A659-C4404C35B5B2}.Release|x86.Build.0 = Release|x86
		{E91CECC0-AFF0-4987-A659-C4404C35B5B2}.Release64|Any CPU.ActiveCfg = Release|Any CPU
		{E91CECC0-AFF0-4987-A659-C4404C35B5B2}.Release64|x64.ActiveCfg = Release|Any CPU
		{E91CECC0-AFF0-4987-A659-C4404C35B5B2}.Release64|x86.ActiveCfg = Release|Any CPU
		{101EBF15-2331-4DBB-8944-95ED18E85946}.BinaryTraceDebug|Any CPU.ActiveCfg = Debug|Any CPU
		{101EBF15-2331-4DBB-8944-95ED18E85946}.BinaryTraceDebug|Any CPU.Build.0 = Debug|Any CPU
		{101EBF15-2331-4DBB-8944-95ED18E85946}.BinaryTraceDebug|x64.ActiveCfg = Debug|x64
		{101EBF15-2331-4DBB-8944-95ED18E85946}.BinaryTraceDebug|x64.Build.0 = Debug|x64
		{101EBF15-2331-4DBB-8944-95ED18E85946}.BinaryTraceDebug|x86.ActiveCfg = Debug|x86
		{101EBF15-2331-4DBB-8944-95ED18E85946}.BinaryTraceDebug|x86.Build.0 = Debug|x86
		{101EBF15-2331-4DBB-8944-95ED18E85946}.BinaryTraceRelease|Any CPU.ActiveCfg = Release|Any CPU
		{101EBF15-2331-4DBB-8944-95ED18E85946}.BinaryTraceRelease|Any CPU.Build.0 = Release|Any CPU
		{101EBF15-2331-4DBB-8944-95ED18E85946}.BinaryTraceRelease|x64.ActiveCfg = Release|x64
		{101EBF15-2331-4DBB-8944-95ED18E85946}.BinaryTraceRelease|x64.Build.0 = Release|x64
		{101EBF15-2331-4DBB-8944-95ED18E85946}.BinaryTraceRelease|x86.ActiveCfg = Release|x86
		{101EBF15-2331-4DBB-8944-95ED18E85946}.BinaryTraceRelease|x86.Build.0 = Release|x86
		{101EBF15-2331-4DBB-8944-95ED18E85946}.Debug|Any CPU.ActiveCfg = Debug|Any CPU
		{101EBF15-2331-4DBB-8944-95ED18E85946}.Debug|Any CPU.Build.0 = Debug|Any CPU
		{101EBF15-2331-4DBB-8944-95ED18E85946}.Debug|x64.ActiveCfg = Debug|x64
		{101EBF15-2331-4DBB-8944-95ED18E85946}.Debug|x64.Build.0 = Debug|x64
		{101EBF15-2331-4DBB-8944-95ED18E85946}.Debug|x86.ActiveCfg = Debug|x86
		{101EBF15-2331-4DBB-8944-95ED18E85946}.Debug|x86.Build.0 = Debug|x86
		{101EBF15-2331-4DBB-8944-95ED18E85946}.Release|Any CPU.ActiveCfg = Release|Any CPU
		{101EBF15-2331-4DBB-8944-95ED18E85946}.Release|Any CPU.Build.0 = Release|Any CPU
		{101EBF15-2331-4DBB-8944-95ED18E85946}.Release|x64.ActiveCfg = Release|x64
		{101EBF15-2331-4DBB-8944-95ED18E85946}.Release|x64.Build.0 = Release|x64
		{101EBF15-2331-4DBB-8944-95ED18E85946}.Release|x86.ActiveCfg = Release|x86
		{101EBF15-2331-4DBB-8944-95ED18E85946}.Release|x86.Build.0 = Release|x86
		{101EBF15-2331-4DBB-8944-95ED18E85946}.Release64|Any CPU.ActiveCfg = Release|Any CPU
		{101EBF15-2331-4DBB-8944-95ED18E85946}.Release64|x64.ActiveCfg = Release|Any CPU
		{101EBF15-2331-4DBB-8944-95ED18E85946}.Release64|x86.ActiveCfg = Release|Any CPU
	EndGlobalSection
	GlobalSection(SolutionProperties) = preSolution
		HideSolutionNode = FALSE
	EndGlobalSection
	GlobalSection(NestedProjects) = preSolution
		{B524818F-9E7A-4DA1-AB85-821346E188B8} = {BE8BD61C-9E83-4A67-90DB-ED4D9F70DB92}
		{1DAE3261-CE99-41C2-9AB2-23144996085A} = {BE8BD61C-9E83-4A67-90DB-ED4D9F70DB92}
		{7AEAC1FE-45A2-449F-9E8F-397E36026A59} = {BE8BD61C-9E83-4A67-90DB-ED4D9F70DB92}
		{7F7AA5B7-BFDC-4947-A73C-343C4CB02BBF} = {BE8BD61C-9E83-4A67-90DB-ED4D9F70DB92}
		{2EBE1256-D1F5-4B90-B7C4-F1E4D5A239A4} = {BE8BD61C-9E83-4A67-90DB-ED4D9F70DB92}
		{1E0CE411-29B7-4808-B275-A8D29275768E} = {BE8BD61C-9E83-4A67-90DB-ED4D9F70DB92}
		{99A6C1DC-674F-4CBF-AF72-AE5959A797AC} = {BE8BD61C-9E83-4A67-90DB-ED4D9F70DB92}
		{42671D6B-9866-4197-92B5-230FB492BEFE} = {BE8BD61C-9E83-4A67-90DB-ED4D9F70DB92}
		{4774E19C-47A1-445E-9B4F-480BBC2518E5} = {BE8BD61C-9E83-4A67-90DB-ED4D9F70DB92}
		{6B3B0475-B3B1-4944-B396-F58342262022} = {BE8BD61C-9E83-4A67-90DB-ED4D9F70DB92}
		{0D3803D9-7C6B-4933-A172-71872EF9F215} = {BE8BD61C-9E83-4A67-90DB-ED4D9F70DB92}
		{545B9422-29AA-46AB-8F32-0D0CE810AA74} = {BE8BD61C-9E83-4A67-90DB-ED4D9F70DB92}
		{B5B6C411-E117-47AE-ACAA-D4A56E753B65} = {BE8BD61C-9E83-4A67-90DB-ED4D9F70DB92}
		{976D9F82-304F-4482-AE02-477204AECCAA} = {BE8BD61C-9E83-4A67-90DB-ED4D9F70DB92}
		{DC904CFB-653D-41DD-99DE-EFCA3F73CEB3} = {BE8BD61C-9E83-4A67-90DB-ED4D9F70DB92}
		{7EB14DEF-CBAA-4399-A5B5-8462DE05B165} = {BE8BD61C-9E83-4A67-90DB-ED4D9F70DB92}
		{E91CECC0-AFF0-4987-A659-C4404C35B5B2} = {BE8BD61C-9E83-4A67-90DB-ED4D9F70DB92}
		{101EBF15-2331-4DBB-8944-95ED18E85946} = {BE8BD61C-9E83-4A67-90DB-ED4D9F70DB92}
		{5404CE66-6322-49B2-8D42-CB06EBBAC715} = {FC3DFE0E-8A86-48C8-B2AC-8897C6A12D5A}
		{C29B4B38-86EA-4760-8830-5006CE6868D1} = {FC3DFE0E-8A86-48C8-B2AC-8897C6A12D5A}
		{CEFC631B-3F81-4BA7-84EF-74655CAC704F} = {FC3DFE0E-8A86-48C8-B2AC-8897C6A12D5A}
		{61FFC3B9-5275-41B9-8380-1E370EF67A63} = {FC3DFE0E-8A86-48C8-B2AC-8897C6A12D5A}
	EndGlobalSection
	GlobalSection(Performance) = preSolution
		HasPerformanceSessions = true
	EndGlobalSection
EndGlobal
