
Microsoft Visual Studio Solution File, Format Version 12.00
# Visual Studio 15
VisualStudioVersion = 15.0.27703.2026
MinimumVisualStudioVersion = 10.0.40219.1
Project("{2150E333-8FDC-42A3-9474-1A3956D46DE8}") = "Dialects", "Dialects", "{FC3DFE0E-8A86-48C8-B2AC-8897C6A12D5A}"
EndProject
Project("{2150E333-8FDC-42A3-9474-1A3956D46DE8}") = "Build", "Build", "{8AC2589A-B3C8-461B-8A4E-678A0102942F}"
	ProjectSection(SolutionItems) = preProject
		Build\make.cmd = Build\make.cmd
		Build\package.alx = Build\package.alx
		Build\package.base.alx = Build\package.base.alx
	EndProjectSection
EndProject
Project("{FAE04EC0-301F-11D3-BF4B-00C04F79EFBC}") = "Aphid", "Aphid\Aphid.csproj", "{EFDE894B-FA3D-4202-9A08-C9F69C0B0799}"
EndProject
Project("{FAE04EC0-301F-11D3-BF4B-00C04F79EFBC}") = "Components.Aphid", "Components.Aphid\Components.Aphid.csproj", "{4249DB75-BBB6-4CC4-B046-3170DD1D3BC1}"
EndProject
Project("{FAE04EC0-301F-11D3-BF4B-00C04F79EFBC}") = "LLex", "LLex\LLex.csproj", "{D172AD83-34D8-478D-8875-2D467A28129C}"
EndProject
Project("{FAE04EC0-301F-11D3-BF4B-00C04F79EFBC}") = "Mantispid", "Mantispid\Mantispid.csproj", "{5404CE66-6322-49B2-8D42-CB06EBBAC715}"
EndProject
Project("{FAE04EC0-301F-11D3-BF4B-00C04F79EFBC}") = "AphidHdl", "AphidHdl\AphidHdl.csproj", "{C29B4B38-86EA-4760-8830-5006CE6868D1}"
EndProject
Project("{FAE04EC0-301F-11D3-BF4B-00C04F79EFBC}") = "AphidUI", "AphidUI\AphidUI.csproj", "{B828964B-52F1-4EA5-9AB3-26D698DB8325}"
EndProject
Project("{FAE04EC0-301F-11D3-BF4B-00C04F79EFBC}") = "Boxelder", "Boxelder\Boxelder.csproj", "{CEFC631B-3F81-4BA7-84EF-74655CAC704F}"
EndProject
Project("{FAE04EC0-301F-11D3-BF4B-00C04F79EFBC}") = "Coywolf", "Coywolf\Coywolf.csproj", "{61FFC3B9-5275-41B9-8380-1E370EF67A63}"
EndProject
Global
	GlobalSection(SolutionConfigurationPlatforms) = preSolution
		AphidDebug|Default = AphidDebug|Default
		AphidDebug32|Default = AphidDebug32|Default
		AphidDebug64|Default = AphidDebug64|Default
		BinaryTrace|Default = BinaryTrace|Default
		BinaryTrace32|Default = BinaryTrace32|Default
		BinaryTrace64|Default = BinaryTrace64|Default
		Debug|Default = Debug|Default
		Debug32|Default = Debug32|Default
		Debug64|Default = Debug64|Default
		Release|Default = Release|Default
		Release32|Default = Release32|Default
		Release64|Default = Release64|Default
	EndGlobalSection
	GlobalSection(ProjectConfigurationPlatforms) = postSolution
		{EFDE894B-FA3D-4202-9A08-C9F69C0B0799}.AphidDebug|Default.ActiveCfg = AphidDebug|Default
		{EFDE894B-FA3D-4202-9A08-C9F69C0B0799}.AphidDebug|Default.Build.0 = AphidDebug|Default
		{EFDE894B-FA3D-4202-9A08-C9F69C0B0799}.AphidDebug32|Default.ActiveCfg = AphidDebug32|Default
		{EFDE894B-FA3D-4202-9A08-C9F69C0B0799}.AphidDebug32|Default.Build.0 = AphidDebug32|Default
		{EFDE894B-FA3D-4202-9A08-C9F69C0B0799}.AphidDebug64|Default.ActiveCfg = AphidDebug64|Default
		{EFDE894B-FA3D-4202-9A08-C9F69C0B0799}.AphidDebug64|Default.Build.0 = AphidDebug64|Default
		{EFDE894B-FA3D-4202-9A08-C9F69C0B0799}.BinaryTrace|Default.ActiveCfg = BinaryTrace|Default
		{EFDE894B-FA3D-4202-9A08-C9F69C0B0799}.BinaryTrace|Default.Build.0 = BinaryTrace|Default
		{EFDE894B-FA3D-4202-9A08-C9F69C0B0799}.BinaryTrace32|Default.ActiveCfg = BinaryTrace32|Default
		{EFDE894B-FA3D-4202-9A08-C9F69C0B0799}.BinaryTrace32|Default.Build.0 = BinaryTrace32|Default
		{EFDE894B-FA3D-4202-9A08-C9F69C0B0799}.BinaryTrace64|Default.ActiveCfg = BinaryTrace64|Default
		{EFDE894B-FA3D-4202-9A08-C9F69C0B0799}.BinaryTrace64|Default.Build.0 = BinaryTrace64|Default
		{EFDE894B-FA3D-4202-9A08-C9F69C0B0799}.Debug|Default.ActiveCfg = Debug|Default
		{EFDE894B-FA3D-4202-9A08-C9F69C0B0799}.Debug|Default.Build.0 = Debug|Default
		{EFDE894B-FA3D-4202-9A08-C9F69C0B0799}.Debug32|Default.ActiveCfg = Debug32|Default
		{EFDE894B-FA3D-4202-9A08-C9F69C0B0799}.Debug32|Default.Build.0 = Debug32|Default
		{EFDE894B-FA3D-4202-9A08-C9F69C0B0799}.Debug64|Default.ActiveCfg = Debug64|Default
		{EFDE894B-FA3D-4202-9A08-C9F69C0B0799}.Debug64|Default.Build.0 = Debug64|Default
		{EFDE894B-FA3D-4202-9A08-C9F69C0B0799}.Release|Default.ActiveCfg = Release|Default
		{EFDE894B-FA3D-4202-9A08-C9F69C0B0799}.Release|Default.Build.0 = Release|Default
		{EFDE894B-FA3D-4202-9A08-C9F69C0B0799}.Release32|Default.ActiveCfg = Release32|Default
		{EFDE894B-FA3D-4202-9A08-C9F69C0B0799}.Release32|Default.Build.0 = Release32|Default
		{EFDE894B-FA3D-4202-9A08-C9F69C0B0799}.Release64|Default.ActiveCfg = Release64|Default
		{EFDE894B-FA3D-4202-9A08-C9F69C0B0799}.Release64|Default.Build.0 = Release64|Default
		{4249DB75-BBB6-4CC4-B046-3170DD1D3BC1}.AphidDebug|Default.ActiveCfg = AphidDebug|Default
		{4249DB75-BBB6-4CC4-B046-3170DD1D3BC1}.AphidDebug|Default.Build.0 = AphidDebug|Default
		{4249DB75-BBB6-4CC4-B046-3170DD1D3BC1}.AphidDebug32|Default.ActiveCfg = AphidDebug32|Default
		{4249DB75-BBB6-4CC4-B046-3170DD1D3BC1}.AphidDebug32|Default.Build.0 = AphidDebug32|Default
		{4249DB75-BBB6-4CC4-B046-3170DD1D3BC1}.AphidDebug64|Default.ActiveCfg = AphidDebug64|Default
		{4249DB75-BBB6-4CC4-B046-3170DD1D3BC1}.AphidDebug64|Default.Build.0 = AphidDebug64|Default
		{4249DB75-BBB6-4CC4-B046-3170DD1D3BC1}.BinaryTrace|Default.ActiveCfg = BinaryTrace|Default
		{4249DB75-BBB6-4CC4-B046-3170DD1D3BC1}.BinaryTrace|Default.Build.0 = BinaryTrace|Default
		{4249DB75-BBB6-4CC4-B046-3170DD1D3BC1}.BinaryTrace32|Default.ActiveCfg = BinaryTrace32|Default
		{4249DB75-BBB6-4CC4-B046-3170DD1D3BC1}.BinaryTrace32|Default.Build.0 = BinaryTrace32|Default
		{4249DB75-BBB6-4CC4-B046-3170DD1D3BC1}.BinaryTrace64|Default.ActiveCfg = BinaryTrace64|Default
		{4249DB75-BBB6-4CC4-B046-3170DD1D3BC1}.BinaryTrace64|Default.Build.0 = BinaryTrace64|Default
		{4249DB75-BBB6-4CC4-B046-3170DD1D3BC1}.Debug|Default.ActiveCfg = Debug|Default
		{4249DB75-BBB6-4CC4-B046-3170DD1D3BC1}.Debug|Default.Build.0 = Debug|Default
		{4249DB75-BBB6-4CC4-B046-3170DD1D3BC1}.Debug32|Default.ActiveCfg = Debug32|Default
		{4249DB75-BBB6-4CC4-B046-3170DD1D3BC1}.Debug32|Default.Build.0 = Debug32|Default
		{4249DB75-BBB6-4CC4-B046-3170DD1D3BC1}.Debug64|Default.ActiveCfg = Debug64|Default
		{4249DB75-BBB6-4CC4-B046-3170DD1D3BC1}.Debug64|Default.Build.0 = Debug64|Default
		{4249DB75-BBB6-4CC4-B046-3170DD1D3BC1}.Release|Default.ActiveCfg = Release|Default
		{4249DB75-BBB6-4CC4-B046-3170DD1D3BC1}.Release|Default.Build.0 = Release|Default
		{4249DB75-BBB6-4CC4-B046-3170DD1D3BC1}.Release32|Default.ActiveCfg = Release32|Default
		{4249DB75-BBB6-4CC4-B046-3170DD1D3BC1}.Release32|Default.Build.0 = Release32|Default
		{4249DB75-BBB6-4CC4-B046-3170DD1D3BC1}.Release64|Default.ActiveCfg = Release64|Default
		{4249DB75-BBB6-4CC4-B046-3170DD1D3BC1}.Release64|Default.Build.0 = Release64|Default
		{D172AD83-34D8-478D-8875-2D467A28129C}.AphidDebug|Default.ActiveCfg = Debug|Any CPU
		{D172AD83-34D8-478D-8875-2D467A28129C}.AphidDebug|Default.Build.0 = Debug|Any CPU
		{D172AD83-34D8-478D-8875-2D467A28129C}.AphidDebug32|Default.ActiveCfg = Debug|x86
		{D172AD83-34D8-478D-8875-2D467A28129C}.AphidDebug32|Default.Build.0 = Debug|x86
		{D172AD83-34D8-478D-8875-2D467A28129C}.AphidDebug64|Default.ActiveCfg = Debug|x64
		{D172AD83-34D8-478D-8875-2D467A28129C}.AphidDebug64|Default.Build.0 = Debug|x64
		{D172AD83-34D8-478D-8875-2D467A28129C}.BinaryTrace|Default.ActiveCfg = Release|Any CPU
		{D172AD83-34D8-478D-8875-2D467A28129C}.BinaryTrace|Default.Build.0 = Release|Any CPU
		{D172AD83-34D8-478D-8875-2D467A28129C}.BinaryTrace32|Default.ActiveCfg = Release|x86
		{D172AD83-34D8-478D-8875-2D467A28129C}.BinaryTrace32|Default.Build.0 = Release|x86
		{D172AD83-34D8-478D-8875-2D467A28129C}.BinaryTrace64|Default.ActiveCfg = Release|x64
		{D172AD83-34D8-478D-8875-2D467A28129C}.BinaryTrace64|Default.Build.0 = Release|x64
		{D172AD83-34D8-478D-8875-2D467A28129C}.Debug|Default.ActiveCfg = Debug|Any CPU
		{D172AD83-34D8-478D-8875-2D467A28129C}.Debug|Default.Build.0 = Debug|Any CPU
		{D172AD83-34D8-478D-8875-2D467A28129C}.Debug32|Default.ActiveCfg = Debug|x86
		{D172AD83-34D8-478D-8875-2D467A28129C}.Debug32|Default.Build.0 = Debug|x86
		{D172AD83-34D8-478D-8875-2D467A28129C}.Debug64|Default.ActiveCfg = Debug|x64
		{D172AD83-34D8-478D-8875-2D467A28129C}.Debug64|Default.Build.0 = Debug|x64
		{D172AD83-34D8-478D-8875-2D467A28129C}.Release|Default.ActiveCfg = Release|Any CPU
		{D172AD83-34D8-478D-8875-2D467A28129C}.Release|Default.Build.0 = Release|Any CPU
		{D172AD83-34D8-478D-8875-2D467A28129C}.Release32|Default.ActiveCfg = Release|x86
		{D172AD83-34D8-478D-8875-2D467A28129C}.Release32|Default.Build.0 = Release|x86
		{D172AD83-34D8-478D-8875-2D467A28129C}.Release64|Default.ActiveCfg = Release|x64
		{D172AD83-34D8-478D-8875-2D467A28129C}.Release64|Default.Build.0 = Release|x64
		{5404CE66-6322-49B2-8D42-CB06EBBAC715}.AphidDebug|Default.ActiveCfg = Debug|Any CPU
		{5404CE66-6322-49B2-8D42-CB06EBBAC715}.AphidDebug|Default.Build.0 = Debug|Any CPU
		{5404CE66-6322-49B2-8D42-CB06EBBAC715}.AphidDebug32|Default.ActiveCfg = Debug|x86
		{5404CE66-6322-49B2-8D42-CB06EBBAC715}.AphidDebug32|Default.Build.0 = Debug|x86
		{5404CE66-6322-49B2-8D42-CB06EBBAC715}.AphidDebug64|Default.ActiveCfg = Debug|x64
		{5404CE66-6322-49B2-8D42-CB06EBBAC715}.AphidDebug64|Default.Build.0 = Debug|x64
		{5404CE66-6322-49B2-8D42-CB06EBBAC715}.BinaryTrace|Default.ActiveCfg = Release|Any CPU
		{5404CE66-6322-49B2-8D42-CB06EBBAC715}.BinaryTrace|Default.Build.0 = Release|Any CPU
		{5404CE66-6322-49B2-8D42-CB06EBBAC715}.BinaryTrace32|Default.ActiveCfg = Release|x86
		{5404CE66-6322-49B2-8D42-CB06EBBAC715}.BinaryTrace32|Default.Build.0 = Release|x86
		{5404CE66-6322-49B2-8D42-CB06EBBAC715}.BinaryTrace64|Default.ActiveCfg = Release|x64
		{5404CE66-6322-49B2-8D42-CB06EBBAC715}.BinaryTrace64|Default.Build.0 = Release|x64
		{5404CE66-6322-49B2-8D42-CB06EBBAC715}.Debug|Default.ActiveCfg = Debug|Any CPU
		{5404CE66-6322-49B2-8D42-CB06EBBAC715}.Debug|Default.Build.0 = Debug|Any CPU
		{5404CE66-6322-49B2-8D42-CB06EBBAC715}.Debug32|Default.ActiveCfg = Debug|x86
		{5404CE66-6322-49B2-8D42-CB06EBBAC715}.Debug32|Default.Build.0 = Debug|x86
		{5404CE66-6322-49B2-8D42-CB06EBBAC715}.Debug64|Default.ActiveCfg = Debug|x64
		{5404CE66-6322-49B2-8D42-CB06EBBAC715}.Debug64|Default.Build.0 = Debug|x64
		{5404CE66-6322-49B2-8D42-CB06EBBAC715}.Release|Default.ActiveCfg = Release|Any CPU
		{5404CE66-6322-49B2-8D42-CB06EBBAC715}.Release|Default.Build.0 = Release|Any CPU
		{5404CE66-6322-49B2-8D42-CB06EBBAC715}.Release32|Default.ActiveCfg = Release|x86
		{5404CE66-6322-49B2-8D42-CB06EBBAC715}.Release32|Default.Build.0 = Release|x86
		{5404CE66-6322-49B2-8D42-CB06EBBAC715}.Release64|Default.ActiveCfg = Release|x64
		{5404CE66-6322-49B2-8D42-CB06EBBAC715}.Release64|Default.Build.0 = Release|x64
		{C29B4B38-86EA-4760-8830-5006CE6868D1}.AphidDebug|Default.ActiveCfg = Debug|Any CPU
		{C29B4B38-86EA-4760-8830-5006CE6868D1}.AphidDebug|Default.Build.0 = Debug|Any CPU
		{C29B4B38-86EA-4760-8830-5006CE6868D1}.AphidDebug32|Default.ActiveCfg = Debug|x86
		{C29B4B38-86EA-4760-8830-5006CE6868D1}.AphidDebug32|Default.Build.0 = Debug|x86
		{C29B4B38-86EA-4760-8830-5006CE6868D1}.AphidDebug64|Default.ActiveCfg = Debug|x64
		{C29B4B38-86EA-4760-8830-5006CE6868D1}.AphidDebug64|Default.Build.0 = Debug|x64
		{C29B4B38-86EA-4760-8830-5006CE6868D1}.BinaryTrace|Default.ActiveCfg = Release|Any CPU
		{C29B4B38-86EA-4760-8830-5006CE6868D1}.BinaryTrace|Default.Build.0 = Release|Any CPU
		{C29B4B38-86EA-4760-8830-5006CE6868D1}.BinaryTrace32|Default.ActiveCfg = Release|x86
		{C29B4B38-86EA-4760-8830-5006CE6868D1}.BinaryTrace32|Default.Build.0 = Release|x86
		{C29B4B38-86EA-4760-8830-5006CE6868D1}.BinaryTrace64|Default.ActiveCfg = Release|x64
		{C29B4B38-86EA-4760-8830-5006CE6868D1}.BinaryTrace64|Default.Build.0 = Release|x64
		{C29B4B38-86EA-4760-8830-5006CE6868D1}.Debug|Default.ActiveCfg = Debug|Any CPU
		{C29B4B38-86EA-4760-8830-5006CE6868D1}.Debug|Default.Build.0 = Debug|Any CPU
		{C29B4B38-86EA-4760-8830-5006CE6868D1}.Debug32|Default.ActiveCfg = Debug|x86
		{C29B4B38-86EA-4760-8830-5006CE6868D1}.Debug32|Default.Build.0 = Debug|x86
		{C29B4B38-86EA-4760-8830-5006CE6868D1}.Debug64|Default.ActiveCfg = Debug|x64
		{C29B4B38-86EA-4760-8830-5006CE6868D1}.Debug64|Default.Build.0 = Debug|x64
		{C29B4B38-86EA-4760-8830-5006CE6868D1}.Release|Default.ActiveCfg = Release|Any CPU
		{C29B4B38-86EA-4760-8830-5006CE6868D1}.Release|Default.Build.0 = Release|Any CPU
		{C29B4B38-86EA-4760-8830-5006CE6868D1}.Release32|Default.ActiveCfg = Release|x86
		{C29B4B38-86EA-4760-8830-5006CE6868D1}.Release32|Default.Build.0 = Release|x86
		{C29B4B38-86EA-4760-8830-5006CE6868D1}.Release64|Default.ActiveCfg = Release|x64
		{C29B4B38-86EA-4760-8830-5006CE6868D1}.Release64|Default.Build.0 = Release|x64
		{B828964B-52F1-4EA5-9AB3-26D698DB8325}.AphidDebug|Default.ActiveCfg = AphidDebug|Default
		{B828964B-52F1-4EA5-9AB3-26D698DB8325}.AphidDebug|Default.Build.0 = AphidDebug|Default
		{B828964B-52F1-4EA5-9AB3-26D698DB8325}.AphidDebug32|Default.ActiveCfg = AphidDebug32|Default
		{B828964B-52F1-4EA5-9AB3-26D698DB8325}.AphidDebug32|Default.Build.0 = AphidDebug32|Default
		{B828964B-52F1-4EA5-9AB3-26D698DB8325}.AphidDebug64|Default.ActiveCfg = AphidDebug64|Default
		{B828964B-52F1-4EA5-9AB3-26D698DB8325}.AphidDebug64|Default.Build.0 = AphidDebug64|Default
		{B828964B-52F1-4EA5-9AB3-26D698DB8325}.BinaryTrace|Default.ActiveCfg = BinaryTrace|Default
		{B828964B-52F1-4EA5-9AB3-26D698DB8325}.BinaryTrace|Default.Build.0 = BinaryTrace|Default
		{B828964B-52F1-4EA5-9AB3-26D698DB8325}.BinaryTrace32|Default.ActiveCfg = BinaryTrace32|Default
		{B828964B-52F1-4EA5-9AB3-26D698DB8325}.BinaryTrace32|Default.Build.0 = BinaryTrace32|Default
		{B828964B-52F1-4EA5-9AB3-26D698DB8325}.BinaryTrace64|Default.ActiveCfg = BinaryTrace64|Default
		{B828964B-52F1-4EA5-9AB3-26D698DB8325}.BinaryTrace64|Default.Build.0 = BinaryTrace64|Default
		{B828964B-52F1-4EA5-9AB3-26D698DB8325}.Debug|Default.ActiveCfg = Debug|Default
		{B828964B-52F1-4EA5-9AB3-26D698DB8325}.Debug|Default.Build.0 = Debug|Default
		{B828964B-52F1-4EA5-9AB3-26D698DB8325}.Debug32|Default.ActiveCfg = Debug32|Default
		{B828964B-52F1-4EA5-9AB3-26D698DB8325}.Debug32|Default.Build.0 = Debug32|Default
		{B828964B-52F1-4EA5-9AB3-26D698DB8325}.Debug64|Default.ActiveCfg = Debug64|Default
		{B828964B-52F1-4EA5-9AB3-26D698DB8325}.Debug64|Default.Build.0 = Debug64|Default
		{B828964B-52F1-4EA5-9AB3-26D698DB8325}.Release|Default.ActiveCfg = Release|Default
		{B828964B-52F1-4EA5-9AB3-26D698DB8325}.Release|Default.Build.0 = Release|Default
		{B828964B-52F1-4EA5-9AB3-26D698DB8325}.Release32|Default.ActiveCfg = Release32|Default
		{B828964B-52F1-4EA5-9AB3-26D698DB8325}.Release32|Default.Build.0 = Release32|Default
		{B828964B-52F1-4EA5-9AB3-26D698DB8325}.Release64|Default.ActiveCfg = Release64|Default
		{B828964B-52F1-4EA5-9AB3-26D698DB8325}.Release64|Default.Build.0 = Release64|Default
		{CEFC631B-3F81-4BA7-84EF-74655CAC704F}.AphidDebug|Default.ActiveCfg = Debug|Any CPU
		{CEFC631B-3F81-4BA7-84EF-74655CAC704F}.AphidDebug|Default.Build.0 = Debug|Any CPU
		{CEFC631B-3F81-4BA7-84EF-74655CAC704F}.AphidDebug32|Default.ActiveCfg = Debug|x86
		{CEFC631B-3F81-4BA7-84EF-74655CAC704F}.AphidDebug32|Default.Build.0 = Debug|x86
		{CEFC631B-3F81-4BA7-84EF-74655CAC704F}.AphidDebug64|Default.ActiveCfg = Debug|x64
		{CEFC631B-3F81-4BA7-84EF-74655CAC704F}.AphidDebug64|Default.Build.0 = Debug|x64
		{CEFC631B-3F81-4BA7-84EF-74655CAC704F}.BinaryTrace|Default.ActiveCfg = Release|Any CPU
		{CEFC631B-3F81-4BA7-84EF-74655CAC704F}.BinaryTrace|Default.Build.0 = Release|Any CPU
		{CEFC631B-3F81-4BA7-84EF-74655CAC704F}.BinaryTrace32|Default.ActiveCfg = Release|x86
		{CEFC631B-3F81-4BA7-84EF-74655CAC704F}.BinaryTrace32|Default.Build.0 = Release|x86
		{CEFC631B-3F81-4BA7-84EF-74655CAC704F}.BinaryTrace64|Default.ActiveCfg = Release|x64
		{CEFC631B-3F81-4BA7-84EF-74655CAC704F}.BinaryTrace64|Default.Build.0 = Release|x64
		{CEFC631B-3F81-4BA7-84EF-74655CAC704F}.Debug|Default.ActiveCfg = Debug|Any CPU
		{CEFC631B-3F81-4BA7-84EF-74655CAC704F}.Debug|Default.Build.0 = Debug|Any CPU
		{CEFC631B-3F81-4BA7-84EF-74655CAC704F}.Debug32|Default.ActiveCfg = Debug|x86
		{CEFC631B-3F81-4BA7-84EF-74655CAC704F}.Debug32|Default.Build.0 = Debug|x86
		{CEFC631B-3F81-4BA7-84EF-74655CAC704F}.Debug64|Default.ActiveCfg = Debug|x64
		{CEFC631B-3F81-4BA7-84EF-74655CAC704F}.Debug64|Default.Build.0 = Debug|x64
		{CEFC631B-3F81-4BA7-84EF-74655CAC704F}.Release|Default.ActiveCfg = Release|Any CPU
		{CEFC631B-3F81-4BA7-84EF-74655CAC704F}.Release|Default.Build.0 = Release|Any CPU
		{CEFC631B-3F81-4BA7-84EF-74655CAC704F}.Release32|Default.ActiveCfg = Release|x86
		{CEFC631B-3F81-4BA7-84EF-74655CAC704F}.Release32|Default.Build.0 = Release|x86
		{CEFC631B-3F81-4BA7-84EF-74655CAC704F}.Release64|Default.ActiveCfg = Release|x64
		{CEFC631B-3F81-4BA7-84EF-74655CAC704F}.Release64|Default.Build.0 = Release|x64
		{61FFC3B9-5275-41B9-8380-1E370EF67A63}.AphidDebug|Default.ActiveCfg = Debug|Any CPU
		{61FFC3B9-5275-41B9-8380-1E370EF67A63}.AphidDebug|Default.Build.0 = Debug|Any CPU
		{61FFC3B9-5275-41B9-8380-1E370EF67A63}.AphidDebug32|Default.ActiveCfg = Debug|x86
		{61FFC3B9-5275-41B9-8380-1E370EF67A63}.AphidDebug32|Default.Build.0 = Debug|x86
		{61FFC3B9-5275-41B9-8380-1E370EF67A63}.AphidDebug64|Default.ActiveCfg = Debug|x64
		{61FFC3B9-5275-41B9-8380-1E370EF67A63}.AphidDebug64|Default.Build.0 = Debug|x64
		{61FFC3B9-5275-41B9-8380-1E370EF67A63}.BinaryTrace|Default.ActiveCfg = Release|Any CPU
		{61FFC3B9-5275-41B9-8380-1E370EF67A63}.BinaryTrace|Default.Build.0 = Release|Any CPU
		{61FFC3B9-5275-41B9-8380-1E370EF67A63}.BinaryTrace32|Default.ActiveCfg = Release|x86
		{61FFC3B9-5275-41B9-8380-1E370EF67A63}.BinaryTrace32|Default.Build.0 = Release|x86
		{61FFC3B9-5275-41B9-8380-1E370EF67A63}.BinaryTrace64|Default.ActiveCfg = Release|x64
		{61FFC3B9-5275-41B9-8380-1E370EF67A63}.BinaryTrace64|Default.Build.0 = Release|x64
		{61FFC3B9-5275-41B9-8380-1E370EF67A63}.Debug|Default.ActiveCfg = Debug|Any CPU
		{61FFC3B9-5275-41B9-8380-1E370EF67A63}.Debug|Default.Build.0 = Debug|Any CPU
		{61FFC3B9-5275-41B9-8380-1E370EF67A63}.Debug32|Default.ActiveCfg = Debug|x86
		{61FFC3B9-5275-41B9-8380-1E370EF67A63}.Debug32|Default.Build.0 = Debug|x86
		{61FFC3B9-5275-41B9-8380-1E370EF67A63}.Debug64|Default.ActiveCfg = Debug|x64
		{61FFC3B9-5275-41B9-8380-1E370EF67A63}.Debug64|Default.Build.0 = Debug|x64
		{61FFC3B9-5275-41B9-8380-1E370EF67A63}.Release|Default.ActiveCfg = Release|Any CPU
		{61FFC3B9-5275-41B9-8380-1E370EF67A63}.Release|Default.Build.0 = Release|Any CPU
		{61FFC3B9-5275-41B9-8380-1E370EF67A63}.Release32|Default.ActiveCfg = Release|x86
		{61FFC3B9-5275-41B9-8380-1E370EF67A63}.Release32|Default.Build.0 = Release|x86
		{61FFC3B9-5275-41B9-8380-1E370EF67A63}.Release64|Default.ActiveCfg = Release|x64
		{61FFC3B9-5275-41B9-8380-1E370EF67A63}.Release64|Default.Build.0 = Release|x64
	EndGlobalSection
	GlobalSection(SolutionProperties) = preSolution
		HideSolutionNode = FALSE
	EndGlobalSection
	GlobalSection(NestedProjects) = preSolution
		{5404CE66-6322-49B2-8D42-CB06EBBAC715} = {FC3DFE0E-8A86-48C8-B2AC-8897C6A12D5A}
		{C29B4B38-86EA-4760-8830-5006CE6868D1} = {FC3DFE0E-8A86-48C8-B2AC-8897C6A12D5A}
		{CEFC631B-3F81-4BA7-84EF-74655CAC704F} = {FC3DFE0E-8A86-48C8-B2AC-8897C6A12D5A}
		{61FFC3B9-5275-41B9-8380-1E370EF67A63} = {FC3DFE0E-8A86-48C8-B2AC-8897C6A12D5A}
	EndGlobalSection
	GlobalSection(ExtensibilityGlobals) = postSolution
		SolutionGuid = {4D91A4F1-6815-43D7-8211-134DEDEC15AD}
	EndGlobalSection
EndGlobal
