
Microsoft Visual Studio Solution File, Format Version 12.00
# Visual Studio 15
VisualStudioVersion = 15.0.27703.2026
MinimumVisualStudioVersion = 10.0.40219.1
Project("{FAE04EC0-301F-11D3-BF4B-00C04F79EFBC}") = "Components.Aphid", "Components.Aphid\Components.Aphid.csproj", "{4249DB75-BBB6-4CC4-B046-3170DD1D3BC1}"
EndProject
Project("{FAE04EC0-301F-11D3-BF4B-00C04F79EFBC}") = "Aphid", "Aphid\Aphid.csproj", "{EFDE894B-FA3D-4202-9A08-C9F69C0B0799}"
EndProject
Project("{FAE04EC0-301F-11D3-BF4B-00C04F79EFBC}") = "Components.Aphid.Tests.Integration", "Components.Aphid.Tests.Integration\Components.Aphid.Tests.Integration.csproj", "{B94E7BEF-5277-4BCB-82E1-BA5616EB7E42}"
EndProject
Project("{FAE04EC0-301F-11D3-BF4B-00C04F79EFBC}") = "Components.Aphid.VSPackage", "Components.Aphid.VSPackage\Components.Aphid.VSPackage.csproj", "{AEBCC8FB-FD65-4B84-92DC-5DB425EFF417}"
EndProject
Global
	GlobalSection(SolutionConfigurationPlatforms) = preSolution
		AphidDebug|Any CPU = AphidDebug|Any CPU
		AphidDebug|x64 = AphidDebug|x64
		AphidDebug|x86 = AphidDebug|x86
		AphidDebug64|Any CPU = AphidDebug64|Any CPU
		AphidDebug64|x64 = AphidDebug64|x64
		AphidDebug64|x86 = AphidDebug64|x86
		BinaryTraceDebug|Any CPU = BinaryTraceDebug|Any CPU
		BinaryTraceDebug|x64 = BinaryTraceDebug|x64
		BinaryTraceDebug|x86 = BinaryTraceDebug|x86
		BinaryTraceRelease|Any CPU = BinaryTraceRelease|Any CPU
		BinaryTraceRelease|x64 = BinaryTraceRelease|x64
		BinaryTraceRelease|x86 = BinaryTraceRelease|x86
		Debug|Any CPU = Debug|Any CPU
		Debug|x64 = Debug|x64
		Debug|x86 = Debug|x86
		Release|Any CPU = Release|Any CPU
		Release|x64 = Release|x64
		Release|x86 = Release|x86
		Release64|Any CPU = Release64|Any CPU
		Release64|x64 = Release64|x64
		Release64|x86 = Release64|x86
	EndGlobalSection
	GlobalSection(ProjectConfigurationPlatforms) = postSolution
		{4249DB75-BBB6-4CC4-B046-3170DD1D3BC1}.AphidDebug|Any CPU.ActiveCfg = AphidDebug|Default
		{4249DB75-BBB6-4CC4-B046-3170DD1D3BC1}.AphidDebug|x64.ActiveCfg = AphidDebug|Default
		{4249DB75-BBB6-4CC4-B046-3170DD1D3BC1}.AphidDebug|x86.ActiveCfg = AphidDebug|Default
		{4249DB75-BBB6-4CC4-B046-3170DD1D3BC1}.AphidDebug64|Any CPU.ActiveCfg = AphidDebug64|Default
		{4249DB75-BBB6-4CC4-B046-3170DD1D3BC1}.AphidDebug64|x64.ActiveCfg = AphidDebug64|Default
		{4249DB75-BBB6-4CC4-B046-3170DD1D3BC1}.AphidDebug64|x86.ActiveCfg = AphidDebug64|Default
		{4249DB75-BBB6-4CC4-B046-3170DD1D3BC1}.BinaryTraceDebug|Any CPU.ActiveCfg = BinaryTrace64|Default
		{4249DB75-BBB6-4CC4-B046-3170DD1D3BC1}.BinaryTraceDebug|Any CPU.Build.0 = BinaryTrace64|Default
		{4249DB75-BBB6-4CC4-B046-3170DD1D3BC1}.BinaryTraceDebug|x64.ActiveCfg = BinaryTrace64|Default
		{4249DB75-BBB6-4CC4-B046-3170DD1D3BC1}.BinaryTraceDebug|x64.Build.0 = BinaryTrace64|Default
		{4249DB75-BBB6-4CC4-B046-3170DD1D3BC1}.BinaryTraceDebug|x86.ActiveCfg = BinaryTrace64|Default
		{4249DB75-BBB6-4CC4-B046-3170DD1D3BC1}.BinaryTraceDebug|x86.Build.0 = BinaryTrace64|Default
		{4249DB75-BBB6-4CC4-B046-3170DD1D3BC1}.BinaryTraceRelease|Any CPU.ActiveCfg = BinaryTrace64|Default
		{4249DB75-BBB6-4CC4-B046-3170DD1D3BC1}.BinaryTraceRelease|Any CPU.Build.0 = BinaryTrace64|Default
		{4249DB75-BBB6-4CC4-B046-3170DD1D3BC1}.BinaryTraceRelease|x64.ActiveCfg = BinaryTrace64|Default
		{4249DB75-BBB6-4CC4-B046-3170DD1D3BC1}.BinaryTraceRelease|x64.Build.0 = BinaryTrace64|Default
		{4249DB75-BBB6-4CC4-B046-3170DD1D3BC1}.BinaryTraceRelease|x86.ActiveCfg = BinaryTrace64|Default
		{4249DB75-BBB6-4CC4-B046-3170DD1D3BC1}.BinaryTraceRelease|x86.Build.0 = BinaryTrace64|Default
		{4249DB75-BBB6-4CC4-B046-3170DD1D3BC1}.Debug|Any CPU.ActiveCfg = Debug|Default
		{4249DB75-BBB6-4CC4-B046-3170DD1D3BC1}.Debug|x64.ActiveCfg = Debug|Default
		{4249DB75-BBB6-4CC4-B046-3170DD1D3BC1}.Debug|x86.ActiveCfg = Debug|Default
		{4249DB75-BBB6-4CC4-B046-3170DD1D3BC1}.Release|Any CPU.ActiveCfg = Release|Default
		{4249DB75-BBB6-4CC4-B046-3170DD1D3BC1}.Release|Any CPU.Build.0 = Release|Default
		{4249DB75-BBB6-4CC4-B046-3170DD1D3BC1}.Release|x64.ActiveCfg = Release|Default
		{4249DB75-BBB6-4CC4-B046-3170DD1D3BC1}.Release|x86.ActiveCfg = Release|Default
		{4249DB75-BBB6-4CC4-B046-3170DD1D3BC1}.Release64|Any CPU.ActiveCfg = Release64|Default
		{4249DB75-BBB6-4CC4-B046-3170DD1D3BC1}.Release64|x64.ActiveCfg = Release64|Default
		{4249DB75-BBB6-4CC4-B046-3170DD1D3BC1}.Release64|x86.ActiveCfg = Release64|Default
		{EFDE894B-FA3D-4202-9A08-C9F69C0B0799}.AphidDebug|Any CPU.ActiveCfg = AphidDebug|Default
		{EFDE894B-FA3D-4202-9A08-C9F69C0B0799}.AphidDebug|x64.ActiveCfg = AphidDebug|Default
		{EFDE894B-FA3D-4202-9A08-C9F69C0B0799}.AphidDebug|x86.ActiveCfg = AphidDebug|Default
		{EFDE894B-FA3D-4202-9A08-C9F69C0B0799}.AphidDebug64|Any CPU.ActiveCfg = AphidDebug64|Default
		{EFDE894B-FA3D-4202-9A08-C9F69C0B0799}.AphidDebug64|x64.ActiveCfg = AphidDebug64|Default
		{EFDE894B-FA3D-4202-9A08-C9F69C0B0799}.AphidDebug64|x86.ActiveCfg = AphidDebug64|Default
		{EFDE894B-FA3D-4202-9A08-C9F69C0B0799}.BinaryTraceDebug|Any CPU.ActiveCfg = BinaryTrace64|Default
		{EFDE894B-FA3D-4202-9A08-C9F69C0B0799}.BinaryTraceDebug|Any CPU.Build.0 = BinaryTrace64|Default
		{EFDE894B-FA3D-4202-9A08-C9F69C0B0799}.BinaryTraceDebug|x64.ActiveCfg = BinaryTrace64|Default
		{EFDE894B-FA3D-4202-9A08-C9F69C0B0799}.BinaryTraceDebug|x64.Build.0 = BinaryTrace64|Default
		{EFDE894B-FA3D-4202-9A08-C9F69C0B0799}.BinaryTraceDebug|x86.ActiveCfg = BinaryTrace64|Default
		{EFDE894B-FA3D-4202-9A08-C9F69C0B0799}.BinaryTraceDebug|x86.Build.0 = BinaryTrace64|Default
		{EFDE894B-FA3D-4202-9A08-C9F69C0B0799}.BinaryTraceRelease|Any CPU.ActiveCfg = BinaryTrace64|Default
		{EFDE894B-FA3D-4202-9A08-C9F69C0B0799}.BinaryTraceRelease|Any CPU.Build.0 = BinaryTrace64|Default
		{EFDE894B-FA3D-4202-9A08-C9F69C0B0799}.BinaryTraceRelease|x64.ActiveCfg = BinaryTrace64|Default
		{EFDE894B-FA3D-4202-9A08-C9F69C0B0799}.BinaryTraceRelease|x64.Build.0 = BinaryTrace64|Default
		{EFDE894B-FA3D-4202-9A08-C9F69C0B0799}.BinaryTraceRelease|x86.ActiveCfg = BinaryTrace64|Default
		{EFDE894B-FA3D-4202-9A08-C9F69C0B0799}.BinaryTraceRelease|x86.Build.0 = BinaryTrace64|Default
		{EFDE894B-FA3D-4202-9A08-C9F69C0B0799}.Debug|Any CPU.ActiveCfg = Debug|Default
		{EFDE894B-FA3D-4202-9A08-C9F69C0B0799}.Debug|x64.ActiveCfg = Debug|Default
		{EFDE894B-FA3D-4202-9A08-C9F69C0B0799}.Debug|x86.ActiveCfg = Debug|Default
		{EFDE894B-FA3D-4202-9A08-C9F69C0B0799}.Release|Any CPU.ActiveCfg = Release|Default
		{EFDE894B-FA3D-4202-9A08-C9F69C0B0799}.Release|Any CPU.Build.0 = Release|Default
		{EFDE894B-FA3D-4202-9A08-C9F69C0B0799}.Release|x64.ActiveCfg = Release|Default
		{EFDE894B-FA3D-4202-9A08-C9F69C0B0799}.Release|x86.ActiveCfg = Release|Default
		{EFDE894B-FA3D-4202-9A08-C9F69C0B0799}.Release64|Any CPU.ActiveCfg = Release64|Default
		{EFDE894B-FA3D-4202-9A08-C9F69C0B0799}.Release64|x64.ActiveCfg = Release64|Default
		{EFDE894B-FA3D-4202-9A08-C9F69C0B0799}.Release64|x86.ActiveCfg = Release64|Default
		{B94E7BEF-5277-4BCB-82E1-BA5616EB7E42}.AphidDebug|Any CPU.ActiveCfg = Debug|Any CPU
		{B94E7BEF-5277-4BCB-82E1-BA5616EB7E42}.AphidDebug|Any CPU.Build.0 = Debug|Any CPU
		{B94E7BEF-5277-4BCB-82E1-BA5616EB7E42}.AphidDebug|x64.ActiveCfg = Debug|x64
		{B94E7BEF-5277-4BCB-82E1-BA5616EB7E42}.AphidDebug|x64.Build.0 = Debug|x64
		{B94E7BEF-5277-4BCB-82E1-BA5616EB7E42}.AphidDebug|x86.ActiveCfg = Debug|x86
		{B94E7BEF-5277-4BCB-82E1-BA5616EB7E42}.AphidDebug|x86.Build.0 = Debug|x86
		{B94E7BEF-5277-4BCB-82E1-BA5616EB7E42}.AphidDebug64|Any CPU.ActiveCfg = Debug|Any CPU
		{B94E7BEF-5277-4BCB-82E1-BA5616EB7E42}.AphidDebug64|Any CPU.Build.0 = Debug|Any CPU
		{B94E7BEF-5277-4BCB-82E1-BA5616EB7E42}.AphidDebug64|x64.ActiveCfg = Debug|x64
		{B94E7BEF-5277-4BCB-82E1-BA5616EB7E42}.AphidDebug64|x64.Build.0 = Debug|x64
		{B94E7BEF-5277-4BCB-82E1-BA5616EB7E42}.AphidDebug64|x86.ActiveCfg = Debug|x86
		{B94E7BEF-5277-4BCB-82E1-BA5616EB7E42}.AphidDebug64|x86.Build.0 = Debug|x86
		{B94E7BEF-5277-4BCB-82E1-BA5616EB7E42}.BinaryTraceDebug|Any CPU.ActiveCfg = Debug|Any CPU
		{B94E7BEF-5277-4BCB-82E1-BA5616EB7E42}.BinaryTraceDebug|Any CPU.Build.0 = Debug|Any CPU
		{B94E7BEF-5277-4BCB-82E1-BA5616EB7E42}.BinaryTraceDebug|x64.ActiveCfg = Debug|x64
		{B94E7BEF-5277-4BCB-82E1-BA5616EB7E42}.BinaryTraceDebug|x64.Build.0 = Debug|x64
		{B94E7BEF-5277-4BCB-82E1-BA5616EB7E42}.BinaryTraceDebug|x86.ActiveCfg = Debug|x86
		{B94E7BEF-5277-4BCB-82E1-BA5616EB7E42}.BinaryTraceDebug|x86.Build.0 = Debug|x86
		{B94E7BEF-5277-4BCB-82E1-BA5616EB7E42}.BinaryTraceRelease|Any CPU.ActiveCfg = Release|Any CPU
		{B94E7BEF-5277-4BCB-82E1-BA5616EB7E42}.BinaryTraceRelease|Any CPU.Build.0 = Release|Any CPU
		{B94E7BEF-5277-4BCB-82E1-BA5616EB7E42}.BinaryTraceRelease|x64.ActiveCfg = Release|x64
		{B94E7BEF-5277-4BCB-82E1-BA5616EB7E42}.BinaryTraceRelease|x64.Build.0 = Release|x64
		{B94E7BEF-5277-4BCB-82E1-BA5616EB7E42}.BinaryTraceRelease|x86.ActiveCfg = Release|x86
		{B94E7BEF-5277-4BCB-82E1-BA5616EB7E42}.BinaryTraceRelease|x86.Build.0 = Release|x86
		{B94E7BEF-5277-4BCB-82E1-BA5616EB7E42}.Debug|Any CPU.ActiveCfg = Debug|Any CPU
		{B94E7BEF-5277-4BCB-82E1-BA5616EB7E42}.Debug|Any CPU.Build.0 = Debug|Any CPU
		{B94E7BEF-5277-4BCB-82E1-BA5616EB7E42}.Debug|x64.ActiveCfg = Debug|x64
		{B94E7BEF-5277-4BCB-82E1-BA5616EB7E42}.Debug|x64.Build.0 = Debug|x64
		{B94E7BEF-5277-4BCB-82E1-BA5616EB7E42}.Debug|x86.ActiveCfg = Debug|x86
		{B94E7BEF-5277-4BCB-82E1-BA5616EB7E42}.Debug|x86.Build.0 = Debug|x86
		{B94E7BEF-5277-4BCB-82E1-BA5616EB7E42}.Release|Any CPU.ActiveCfg = Release|Any CPU
		{B94E7BEF-5277-4BCB-82E1-BA5616EB7E42}.Release|Any CPU.Build.0 = Release|Any CPU
		{B94E7BEF-5277-4BCB-82E1-BA5616EB7E42}.Release|x64.ActiveCfg = Release|x64
		{B94E7BEF-5277-4BCB-82E1-BA5616EB7E42}.Release|x64.Build.0 = Release|x64
		{B94E7BEF-5277-4BCB-82E1-BA5616EB7E42}.Release|x86.ActiveCfg = Release|x86
		{B94E7BEF-5277-4BCB-82E1-BA5616EB7E42}.Release|x86.Build.0 = Release|x86
		{B94E7BEF-5277-4BCB-82E1-BA5616EB7E42}.Release64|Any CPU.ActiveCfg = Release|Any CPU
		{B94E7BEF-5277-4BCB-82E1-BA5616EB7E42}.Release64|Any CPU.Build.0 = Release|Any CPU
		{B94E7BEF-5277-4BCB-82E1-BA5616EB7E42}.Release64|x64.ActiveCfg = Release|x64
		{B94E7BEF-5277-4BCB-82E1-BA5616EB7E42}.Release64|x64.Build.0 = Release|x64
		{B94E7BEF-5277-4BCB-82E1-BA5616EB7E42}.Release64|x86.ActiveCfg = Release|x86
		{B94E7BEF-5277-4BCB-82E1-BA5616EB7E42}.Release64|x86.Build.0 = Release|x86
		{AEBCC8FB-FD65-4B84-92DC-5DB425EFF417}.AphidDebug|Any CPU.ActiveCfg = Debug|Any CPU
		{AEBCC8FB-FD65-4B84-92DC-5DB425EFF417}.AphidDebug|Any CPU.Build.0 = Debug|Any CPU
		{AEBCC8FB-FD65-4B84-92DC-5DB425EFF417}.AphidDebug|x64.ActiveCfg = Debug|Any CPU
		{AEBCC8FB-FD65-4B84-92DC-5DB425EFF417}.AphidDebug|x64.Build.0 = Debug|Any CPU
		{AEBCC8FB-FD65-4B84-92DC-5DB425EFF417}.AphidDebug|x86.ActiveCfg = Debug|Any CPU
		{AEBCC8FB-FD65-4B84-92DC-5DB425EFF417}.AphidDebug|x86.Build.0 = Debug|Any CPU
		{AEBCC8FB-FD65-4B84-92DC-5DB425EFF417}.AphidDebug64|Any CPU.ActiveCfg = Debug|Any CPU
		{AEBCC8FB-FD65-4B84-92DC-5DB425EFF417}.AphidDebug64|Any CPU.Build.0 = Debug|Any CPU
		{AEBCC8FB-FD65-4B84-92DC-5DB425EFF417}.AphidDebug64|x64.ActiveCfg = Debug|Any CPU
		{AEBCC8FB-FD65-4B84-92DC-5DB425EFF417}.AphidDebug64|x64.Build.0 = Debug|Any CPU
		{AEBCC8FB-FD65-4B84-92DC-5DB425EFF417}.AphidDebug64|x86.ActiveCfg = Debug|Any CPU
		{AEBCC8FB-FD65-4B84-92DC-5DB425EFF417}.AphidDebug64|x86.Build.0 = Debug|Any CPU
		{AEBCC8FB-FD65-4B84-92DC-5DB425EFF417}.BinaryTraceDebug|Any CPU.ActiveCfg = Debug|Any CPU
		{AEBCC8FB-FD65-4B84-92DC-5DB425EFF417}.BinaryTraceDebug|Any CPU.Build.0 = Debug|Any CPU
		{AEBCC8FB-FD65-4B84-92DC-5DB425EFF417}.BinaryTraceDebug|x64.ActiveCfg = Debug|Any CPU
		{AEBCC8FB-FD65-4B84-92DC-5DB425EFF417}.BinaryTraceDebug|x64.Build.0 = Debug|Any CPU
		{AEBCC8FB-FD65-4B84-92DC-5DB425EFF417}.BinaryTraceDebug|x86.ActiveCfg = Debug|Any CPU
		{AEBCC8FB-FD65-4B84-92DC-5DB425EFF417}.BinaryTraceDebug|x86.Build.0 = Debug|Any CPU
		{AEBCC8FB-FD65-4B84-92DC-5DB425EFF417}.BinaryTraceRelease|Any CPU.ActiveCfg = Release|Any CPU
		{AEBCC8FB-FD65-4B84-92DC-5DB425EFF417}.BinaryTraceRelease|Any CPU.Build.0 = Release|Any CPU
		{AEBCC8FB-FD65-4B84-92DC-5DB425EFF417}.BinaryTraceRelease|x64.ActiveCfg = Release|Any CPU
		{AEBCC8FB-FD65-4B84-92DC-5DB425EFF417}.BinaryTraceRelease|x64.Build.0 = Release|Any CPU
		{AEBCC8FB-FD65-4B84-92DC-5DB425EFF417}.BinaryTraceRelease|x86.ActiveCfg = Release|Any CPU
		{AEBCC8FB-FD65-4B84-92DC-5DB425EFF417}.BinaryTraceRelease|x86.Build.0 = Release|Any CPU
		{AEBCC8FB-FD65-4B84-92DC-5DB425EFF417}.Debug|Any CPU.ActiveCfg = Debug|Any CPU
		{AEBCC8FB-FD65-4B84-92DC-5DB425EFF417}.Debug|Any CPU.Build.0 = Debug|Any CPU
		{AEBCC8FB-FD65-4B84-92DC-5DB425EFF417}.Debug|x64.ActiveCfg = Debug|Any CPU
		{AEBCC8FB-FD65-4B84-92DC-5DB425EFF417}.Debug|x64.Build.0 = Debug|Any CPU
		{AEBCC8FB-FD65-4B84-92DC-5DB425EFF417}.Debug|x86.ActiveCfg = Debug|Any CPU
		{AEBCC8FB-FD65-4B84-92DC-5DB425EFF417}.Debug|x86.Build.0 = Debug|Any CPU
		{AEBCC8FB-FD65-4B84-92DC-5DB425EFF417}.Release|Any CPU.ActiveCfg = Release|Any CPU
		{AEBCC8FB-FD65-4B84-92DC-5DB425EFF417}.Release|Any CPU.Build.0 = Release|Any CPU
		{AEBCC8FB-FD65-4B84-92DC-5DB425EFF417}.Release|x64.ActiveCfg = Release|Any CPU
		{AEBCC8FB-FD65-4B84-92DC-5DB425EFF417}.Release|x64.Build.0 = Release|Any CPU
		{AEBCC8FB-FD65-4B84-92DC-5DB425EFF417}.Release|x86.ActiveCfg = Release|Any CPU
		{AEBCC8FB-FD65-4B84-92DC-5DB425EFF417}.Release|x86.Build.0 = Release|Any CPU
		{AEBCC8FB-FD65-4B84-92DC-5DB425EFF417}.Release64|Any CPU.ActiveCfg = Release|Any CPU
		{AEBCC8FB-FD65-4B84-92DC-5DB425EFF417}.Release64|Any CPU.Build.0 = Release|Any CPU
		{AEBCC8FB-FD65-4B84-92DC-5DB425EFF417}.Release64|x64.ActiveCfg = Release|Any CPU
		{AEBCC8FB-FD65-4B84-92DC-5DB425EFF417}.Release64|x64.Build.0 = Release|Any CPU
		{AEBCC8FB-FD65-4B84-92DC-5DB425EFF417}.Release64|x86.ActiveCfg = Release|Any CPU
		{AEBCC8FB-FD65-4B84-92DC-5DB425EFF417}.Release64|x86.Build.0 = Release|Any CPU
	EndGlobalSection
	GlobalSection(SolutionProperties) = preSolution
		HideSolutionNode = FALSE
	EndGlobalSection
	GlobalSection(ExtensibilityGlobals) = postSolution
		SolutionGuid = {BF5F0FD0-BDA9-488E-BAA0-0978E08FF4DE}
	EndGlobalSection
EndGlobal
