
Microsoft Visual Studio Solution File, Format Version 12.00
# Visual Studio 15
VisualStudioVersion = 15.0.27703.2026
MinimumVisualStudioVersion = 10.0.40219.1
Project("{FAE04EC0-301F-11D3-BF4B-00C04F79EFBC}") = "AphidLanguageServer", "AphidLanguageServer\AphidLanguageServer.csproj", "{AF57A3F1-404E-4F6C-B161-B941B174A64A}"
EndProject
Project("{FAE04EC0-301F-11D3-BF4B-00C04F79EFBC}") = "Components.Aphid", "Components.Aphid\Components.Aphid.csproj", "{4249DB75-BBB6-4CC4-B046-3170DD1D3BC1}"
EndProject
Global
	GlobalSection(SolutionConfigurationPlatforms) = preSolution
		AphidDebug|Default = AphidDebug|Default
		AphidDebug32|Default = AphidDebug32|Default
		AphidDebug64|Default = AphidDebug64|Default
		BinaryTrace|Default = BinaryTrace|Default
		BinaryTrace32|Default = BinaryTrace32|Default
		BinaryTrace64|Default = BinaryTrace64|Default
		Debug|Default = Debug|Default
		Debug32|Default = Debug32|Default
		Debug64|Default = Debug64|Default
		Release|Default = Release|Default
		Release32|Default = Release32|Default
		Release64|Default = Release64|Default
	EndGlobalSection
	GlobalSection(ProjectConfigurationPlatforms) = postSolution
		{AF57A3F1-404E-4F6C-B161-B941B174A64A}.AphidDebug|Default.ActiveCfg = Release|Any CPU
		{AF57A3F1-404E-4F6C-B161-B941B174A64A}.AphidDebug|Default.Build.0 = Release|Any CPU
		{AF57A3F1-404E-4F6C-B161-B941B174A64A}.AphidDebug32|Default.ActiveCfg = Release|x86
		{AF57A3F1-404E-4F6C-B161-B941B174A64A}.AphidDebug32|Default.Build.0 = Release|x86
		{AF57A3F1-404E-4F6C-B161-B941B174A64A}.AphidDebug64|Default.ActiveCfg = Release|x64
		{AF57A3F1-404E-4F6C-B161-B941B174A64A}.AphidDebug64|Default.Build.0 = Release|x64
		{AF57A3F1-404E-4F6C-B161-B941B174A64A}.BinaryTrace|Default.ActiveCfg = Release|Any CPU
		{AF57A3F1-404E-4F6C-B161-B941B174A64A}.BinaryTrace|Default.Build.0 = Release|Any CPU
		{AF57A3F1-404E-4F6C-B161-B941B174A64A}.BinaryTrace32|Default.ActiveCfg = Release|x86
		{AF57A3F1-404E-4F6C-B161-B941B174A64A}.BinaryTrace32|Default.Build.0 = Release|x86
		{AF57A3F1-404E-4F6C-B161-B941B174A64A}.BinaryTrace64|Default.ActiveCfg = Release|x64
		{AF57A3F1-404E-4F6C-B161-B941B174A64A}.BinaryTrace64|Default.Build.0 = Release|x64
		{AF57A3F1-404E-4F6C-B161-B941B174A64A}.Debug|Default.ActiveCfg = Debug|Any CPU
		{AF57A3F1-404E-4F6C-B161-B941B174A64A}.Debug|Default.Build.0 = Debug|Any CPU
		{AF57A3F1-404E-4F6C-B161-B941B174A64A}.Debug32|Default.ActiveCfg = Debug|x86
		{AF57A3F1-404E-4F6C-B161-B941B174A64A}.Debug32|Default.Build.0 = Debug|x86
		{AF57A3F1-404E-4F6C-B161-B941B174A64A}.Debug64|Default.ActiveCfg = Debug|x64
		{AF57A3F1-404E-4F6C-B161-B941B174A64A}.Debug64|Default.Build.0 = Debug|x64
		{AF57A3F1-404E-4F6C-B161-B941B174A64A}.Release|Default.ActiveCfg = Release|Any CPU
		{AF57A3F1-404E-4F6C-B161-B941B174A64A}.Release|Default.Build.0 = Release|Any CPU
		{AF57A3F1-404E-4F6C-B161-B941B174A64A}.Release32|Default.ActiveCfg = Release|x86
		{AF57A3F1-404E-4F6C-B161-B941B174A64A}.Release32|Default.Build.0 = Release|x86
		{AF57A3F1-404E-4F6C-B161-B941B174A64A}.Release64|Default.ActiveCfg = Release|x64
		{AF57A3F1-404E-4F6C-B161-B941B174A64A}.Release64|Default.Build.0 = Release|x64
		{4249DB75-BBB6-4CC4-B046-3170DD1D3BC1}.AphidDebug|Default.ActiveCfg = AphidDebug|Default
		{4249DB75-BBB6-4CC4-B046-3170DD1D3BC1}.AphidDebug|Default.Build.0 = AphidDebug|Default
		{4249DB75-BBB6-4CC4-B046-3170DD1D3BC1}.AphidDebug32|Default.ActiveCfg = AphidDebug32|Default
		{4249DB75-BBB6-4CC4-B046-3170DD1D3BC1}.AphidDebug32|Default.Build.0 = AphidDebug32|Default
		{4249DB75-BBB6-4CC4-B046-3170DD1D3BC1}.AphidDebug64|Default.ActiveCfg = AphidDebug64|Default
		{4249DB75-BBB6-4CC4-B046-3170DD1D3BC1}.AphidDebug64|Default.Build.0 = AphidDebug64|Default
		{4249DB75-BBB6-4CC4-B046-3170DD1D3BC1}.BinaryTrace|Default.ActiveCfg = BinaryTrace|Default
		{4249DB75-BBB6-4CC4-B046-3170DD1D3BC1}.BinaryTrace|Default.Build.0 = BinaryTrace|Default
		{4249DB75-BBB6-4CC4-B046-3170DD1D3BC1}.BinaryTrace32|Default.ActiveCfg = BinaryTrace32|Default
		{4249DB75-BBB6-4CC4-B046-3170DD1D3BC1}.BinaryTrace32|Default.Build.0 = BinaryTrace32|Default
		{4249DB75-BBB6-4CC4-B046-3170DD1D3BC1}.BinaryTrace64|Default.ActiveCfg = BinaryTrace64|Default
		{4249DB75-BBB6-4CC4-B046-3170DD1D3BC1}.BinaryTrace64|Default.Build.0 = BinaryTrace64|Default
		{4249DB75-BBB6-4CC4-B046-3170DD1D3BC1}.Debug|Default.ActiveCfg = Debug|Default
		{4249DB75-BBB6-4CC4-B046-3170DD1D3BC1}.Debug|Default.Build.0 = Debug|Default
		{4249DB75-BBB6-4CC4-B046-3170DD1D3BC1}.Debug32|Default.ActiveCfg = Debug32|Default
		{4249DB75-BBB6-4CC4-B046-3170DD1D3BC1}.Debug32|Default.Build.0 = Debug32|Default
		{4249DB75-BBB6-4CC4-B046-3170DD1D3BC1}.Debug64|Default.ActiveCfg = Debug64|Default
		{4249DB75-BBB6-4CC4-B046-3170DD1D3BC1}.Debug64|Default.Build.0 = Debug64|Default
		{4249DB75-BBB6-4CC4-B046-3170DD1D3BC1}.Release|Default.ActiveCfg = Release|Default
		{4249DB75-BBB6-4CC4-B046-3170DD1D3BC1}.Release|Default.Build.0 = Release|Default
		{4249DB75-BBB6-4CC4-B046-3170DD1D3BC1}.Release32|Default.ActiveCfg = Release32|Default
		{4249DB75-BBB6-4CC4-B046-3170DD1D3BC1}.Release32|Default.Build.0 = Release32|Default
		{4249DB75-BBB6-4CC4-B046-3170DD1D3BC1}.Release64|Default.ActiveCfg = Release64|Default
		{4249DB75-BBB6-4CC4-B046-3170DD1D3BC1}.Release64|Default.Build.0 = Release64|Default
	EndGlobalSection
	GlobalSection(SolutionProperties) = preSolution
		HideSolutionNode = FALSE
	EndGlobalSection
	GlobalSection(ExtensibilityGlobals) = postSolution
		SolutionGuid = {F36BA6DD-A118-4BBF-A8FF-FF5C871B7D18}
	EndGlobalSection
EndGlobal
