
Microsoft Visual Studio Solution File, Format Version 12.00
# Visual Studio 15
VisualStudioVersion = 15.0.27703.2026
MinimumVisualStudioVersion = 10.0.40219.1
Project("{2150E333-8FDC-42A3-9474-1A3956D46DE8}") = "Samples", "Samples", "{BE8BD61C-9E83-4A67-90DB-ED4D9F70DB92}"
EndProject
Project("{2150E333-8FDC-42A3-9474-1A3956D46DE8}") = "Dialects", "Dialects", "{FC3DFE0E-8A86-48C8-B2AC-8897C6A12D5A}"
EndProject
Project("{2150E333-8FDC-42A3-9474-1A3956D46DE8}") = "Build", "Build", "{8AC2589A-B3C8-461B-8A4E-678A0102942F}"
	ProjectSection(SolutionItems) = preProject
		Build\make.cmd = Build\make.cmd
		Build\package.alx = Build\package.alx
		Build\package.base.alx = Build\package.base.alx
	EndProjectSection
EndProject
Project("{FAE04EC0-301F-11D3-BF4B-00C04F79EFBC}") = "Aphid", "Aphid\Aphid.csproj", "{EFDE894B-FA3D-4202-9A08-C9F69C0B0799}"
EndProject
Project("{FAE04EC0-301F-11D3-BF4B-00C04F79EFBC}") = "Components.Aphid", "Components.Aphid\Components.Aphid.csproj", "{4249DB75-BBB6-4CC4-B046-3170DD1D3BC1}"
EndProject
Project("{FAE04EC0-301F-11D3-BF4B-00C04F79EFBC}") = "Components.Aphid.Tests.Integration", "Components.Aphid.Tests.Integration\Components.Aphid.Tests.Integration.csproj", "{B94E7BEF-5277-4BCB-82E1-BA5616EB7E42}"
EndProject
Project("{FAE04EC0-301F-11D3-BF4B-00C04F79EFBC}") = "Components.Aphid.VSPackage", "Components.Aphid.VSPackage\Components.Aphid.VSPackage.csproj", "{AEBCC8FB-FD65-4B84-92DC-5DB425EFF417}"
EndProject
Project("{FAE04EC0-301F-11D3-BF4B-00C04F79EFBC}") = "LLex", "LLex\LLex.csproj", "{D172AD83-34D8-478D-8875-2D467A28129C}"
EndProject
Project("{FAE04EC0-301F-11D3-BF4B-00C04F79EFBC}") = "HelloWorld", "Samples\HelloWorld\HelloWorld.csproj", "{B524818F-9E7A-4DA1-AB85-821346E188B8}"
EndProject
Project("{FAE04EC0-301F-11D3-BF4B-00C04F79EFBC}") = "InteropFunctionSample", "Samples\InteropFunctionSample\InteropFunctionSample.csproj", "{1DAE3261-CE99-41C2-9AB2-23144996085A}"
EndProject
Project("{FAE04EC0-301F-11D3-BF4B-00C04F79EFBC}") = "VariableGetSample", "Samples\VariableGetSample\VariableGetSample.csproj", "{7AEAC1FE-45A2-449F-9E8F-397E36026A59}"
EndProject
Project("{FAE04EC0-301F-11D3-BF4B-00C04F79EFBC}") = "VariableSetSample", "Samples\VariableSetSample\VariableSetSample.csproj", "{7F7AA5B7-BFDC-4947-A73C-343C4CB02BBF}"
EndProject
Project("{FAE04EC0-301F-11D3-BF4B-00C04F79EFBC}") = "CallAphidFunctionSample", "Samples\CallAphidFunctionSample\CallAphidFunctionSample.csproj", "{2EBE1256-D1F5-4B90-B7C4-F1E4D5A239A4}"
EndProject
Project("{FAE04EC0-301F-11D3-BF4B-00C04F79EFBC}") = "LambdaSample", "Samples\LambdaSample\LambdaSample.csproj", "{1E0CE411-29B7-4808-B275-A8D29275768E}"
EndProject
Project("{FAE04EC0-301F-11D3-BF4B-00C04F79EFBC}") = "HigherOrderFunctionSample", "Samples\HigherOrderFunctionSample\HigherOrderFunctionSample.csproj", "{99A6C1DC-674F-4CBF-AF72-AE5959A797AC}"
EndProject
Project("{FAE04EC0-301F-11D3-BF4B-00C04F79EFBC}") = "FunctionSample", "Samples\FunctionSample\FunctionSample.csproj", "{42671D6B-9866-4197-92B5-230FB492BEFE}"
EndProject
Project("{FAE04EC0-301F-11D3-BF4B-00C04F79EFBC}") = "ObjectSample", "Samples\ObjectSample\ObjectSample.csproj", "{4774E19C-47A1-445E-9B4F-480BBC2518E5}"
EndProject
Project("{FAE04EC0-301F-11D3-BF4B-00C04F79EFBC}") = "Mantispid", "Mantispid\Mantispid.csproj", "{5404CE66-6322-49B2-8D42-CB06EBBAC715}"
EndProject
Project("{FAE04EC0-301F-11D3-BF4B-00C04F79EFBC}") = "AphidHdl", "AphidHdl\AphidHdl.csproj", "{C29B4B38-86EA-4760-8830-5006CE6868D1}"
EndProject
Project("{FAE04EC0-301F-11D3-BF4B-00C04F79EFBC}") = "AphidUI", "AphidUI\AphidUI.csproj", "{B828964B-52F1-4EA5-9AB3-26D698DB8325}"
EndProject
Project("{FAE04EC0-301F-11D3-BF4B-00C04F79EFBC}") = "Boxelder", "Boxelder\Boxelder.csproj", "{CEFC631B-3F81-4BA7-84EF-74655CAC704F}"
EndProject
Project("{FAE04EC0-301F-11D3-BF4B-00C04F79EFBC}") = "Coywolf", "Coywolf\Coywolf.csproj", "{61FFC3B9-5275-41B9-8380-1E370EF67A63}"
EndProject
Project("{FAE04EC0-301F-11D3-BF4B-00C04F79EFBC}") = "WinformsSample", "Samples\WinformsSample\WinformsSample.csproj", "{6B3B0475-B3B1-4944-B396-F58342262022}"
EndProject
Project("{FAE04EC0-301F-11D3-BF4B-00C04F79EFBC}") = "MacroSample", "Samples\MacroSample\MacroSample.csproj", "{0D3803D9-7C6B-4933-A172-71872EF9F215}"
EndProject
Project("{FAE04EC0-301F-11D3-BF4B-00C04F79EFBC}") = "SeamlessInteropSample", "Samples\SeamlessInteropSample\SeamlessInteropSample.csproj", "{545B9422-29AA-46AB-8F32-0D0CE810AA74}"
EndProject
Project("{FAE04EC0-301F-11D3-BF4B-00C04F79EFBC}") = "SeamlessInteropSample2", "Samples\SeamlessInteropSample2\SeamlessInteropSample2.csproj", "{B5B6C411-E117-47AE-ACAA-D4A56E753B65}"
EndProject
Project("{FAE04EC0-301F-11D3-BF4B-00C04F79EFBC}") = "SeamlessInteropSample3", "Samples\SeamlessInteropSample3\SeamlessInteropSample3.csproj", "{976D9F82-304F-4482-AE02-477204AECCAA}"
EndProject
Project("{FAE04EC0-301F-11D3-BF4B-00C04F79EFBC}") = "LexerSample", "Samples\LexerSample\LexerSample.csproj", "{DC904CFB-653D-41DD-99DE-EFCA3F73CEB3}"
EndProject
Project("{FAE04EC0-301F-11D3-BF4B-00C04F79EFBC}") = "ListSample", "Samples\ListSample\ListSample.csproj", "{7EB14DEF-CBAA-4399-A5B5-8462DE05B165}"
EndProject
Project("{FAE04EC0-301F-11D3-BF4B-00C04F79EFBC}") = "ErrorHandlingSample", "Samples\ErrorHandlingSample\ErrorHandlingSample.csproj", "{E91CECC0-AFF0-4987-A659-C4404C35B5B2}"
EndProject
Project("{FAE04EC0-301F-11D3-BF4B-00C04F79EFBC}") = "HttpServerSample", "Samples\HttpServerSample\HttpServerSample.csproj", "{101EBF15-2331-4DBB-8944-95ED18E85946}"
EndProject
Global
	GlobalSection(SolutionConfigurationPlatforms) = preSolution
		AphidDebug|Default = AphidDebug|Default
		AphidDebug32|Default = AphidDebug32|Default
		AphidDebug64|Default = AphidDebug64|Default
		BinaryTrace|Default = BinaryTrace|Default
		BinaryTrace32|Default = BinaryTrace32|Default
		BinaryTrace64|Default = BinaryTrace64|Default
		Debug|Default = Debug|Default
		Debug32|Default = Debug32|Default
		Debug64|Default = Debug64|Default
		Release|Default = Release|Default
		Release32|Default = Release32|Default
		Release64|Default = Release64|Default
	EndGlobalSection
	GlobalSection(ProjectConfigurationPlatforms) = postSolution
		{EFDE894B-FA3D-4202-9A08-C9F69C0B0799}.AphidDebug|Default.ActiveCfg = AphidDebug|Default
		{EFDE894B-FA3D-4202-9A08-C9F69C0B0799}.AphidDebug|Default.Build.0 = AphidDebug|Default
		{EFDE894B-FA3D-4202-9A08-C9F69C0B0799}.AphidDebug32|Default.ActiveCfg = AphidDebug32|Default
		{EFDE894B-FA3D-4202-9A08-C9F69C0B0799}.AphidDebug32|Default.Build.0 = AphidDebug32|Default
		{EFDE894B-FA3D-4202-9A08-C9F69C0B0799}.AphidDebug64|Default.ActiveCfg = AphidDebug64|Default
		{EFDE894B-FA3D-4202-9A08-C9F69C0B0799}.AphidDebug64|Default.Build.0 = AphidDebug64|Default
		{EFDE894B-FA3D-4202-9A08-C9F69C0B0799}.BinaryTrace|Default.ActiveCfg = BinaryTrace|Default
		{EFDE894B-FA3D-4202-9A08-C9F69C0B0799}.BinaryTrace|Default.Build.0 = BinaryTrace|Default
		{EFDE894B-FA3D-4202-9A08-C9F69C0B0799}.BinaryTrace32|Default.ActiveCfg = BinaryTrace32|Default
		{EFDE894B-FA3D-4202-9A08-C9F69C0B0799}.BinaryTrace32|Default.Build.0 = BinaryTrace32|Default
		{EFDE894B-FA3D-4202-9A08-C9F69C0B0799}.BinaryTrace64|Default.ActiveCfg = BinaryTrace64|Default
		{EFDE894B-FA3D-4202-9A08-C9F69C0B0799}.BinaryTrace64|Default.Build.0 = BinaryTrace64|Default
		{EFDE894B-FA3D-4202-9A08-C9F69C0B0799}.Debug|Default.ActiveCfg = Debug|Default
		{EFDE894B-FA3D-4202-9A08-C9F69C0B0799}.Debug|Default.Build.0 = Debug|Default
		{EFDE894B-FA3D-4202-9A08-C9F69C0B0799}.Debug32|Default.ActiveCfg = Debug32|Default
		{EFDE894B-FA3D-4202-9A08-C9F69C0B0799}.Debug32|Default.Build.0 = Debug32|Default
		{EFDE894B-FA3D-4202-9A08-C9F69C0B0799}.Debug64|Default.ActiveCfg = Debug64|Default
		{EFDE894B-FA3D-4202-9A08-C9F69C0B0799}.Debug64|Default.Build.0 = Debug64|Default
		{EFDE894B-FA3D-4202-9A08-C9F69C0B0799}.Release|Default.ActiveCfg = Release|Default
		{EFDE894B-FA3D-4202-9A08-C9F69C0B0799}.Release|Default.Build.0 = Release|Default
		{EFDE894B-FA3D-4202-9A08-C9F69C0B0799}.Release32|Default.ActiveCfg = Release32|Default
		{EFDE894B-FA3D-4202-9A08-C9F69C0B0799}.Release32|Default.Build.0 = Release32|Default
		{EFDE894B-FA3D-4202-9A08-C9F69C0B0799}.Release64|Default.ActiveCfg = Release64|Default
		{EFDE894B-FA3D-4202-9A08-C9F69C0B0799}.Release64|Default.Build.0 = Release64|Default
		{4249DB75-BBB6-4CC4-B046-3170DD1D3BC1}.AphidDebug|Default.ActiveCfg = AphidDebug|Default
		{4249DB75-BBB6-4CC4-B046-3170DD1D3BC1}.AphidDebug|Default.Build.0 = AphidDebug|Default
		{4249DB75-BBB6-4CC4-B046-3170DD1D3BC1}.AphidDebug32|Default.ActiveCfg = AphidDebug32|Default
		{4249DB75-BBB6-4CC4-B046-3170DD1D3BC1}.AphidDebug32|Default.Build.0 = AphidDebug32|Default
		{4249DB75-BBB6-4CC4-B046-3170DD1D3BC1}.AphidDebug64|Default.ActiveCfg = AphidDebug64|Default
		{4249DB75-BBB6-4CC4-B046-3170DD1D3BC1}.AphidDebug64|Default.Build.0 = AphidDebug64|Default
		{4249DB75-BBB6-4CC4-B046-3170DD1D3BC1}.BinaryTrace|Default.ActiveCfg = BinaryTrace|Default
		{4249DB75-BBB6-4CC4-B046-3170DD1D3BC1}.BinaryTrace|Default.Build.0 = BinaryTrace|Default
		{4249DB75-BBB6-4CC4-B046-3170DD1D3BC1}.BinaryTrace32|Default.ActiveCfg = BinaryTrace32|Default
		{4249DB75-BBB6-4CC4-B046-3170DD1D3BC1}.BinaryTrace32|Default.Build.0 = BinaryTrace32|Default
		{4249DB75-BBB6-4CC4-B046-3170DD1D3BC1}.BinaryTrace64|Default.ActiveCfg = BinaryTrace64|Default
		{4249DB75-BBB6-4CC4-B046-3170DD1D3BC1}.BinaryTrace64|Default.Build.0 = BinaryTrace64|Default
		{4249DB75-BBB6-4CC4-B046-3170DD1D3BC1}.Debug|Default.ActiveCfg = Debug|Default
		{4249DB75-BBB6-4CC4-B046-3170DD1D3BC1}.Debug|Default.Build.0 = Debug|Default
		{4249DB75-BBB6-4CC4-B046-3170DD1D3BC1}.Debug32|Default.ActiveCfg = Debug32|Default
		{4249DB75-BBB6-4CC4-B046-3170DD1D3BC1}.Debug32|Default.Build.0 = Debug32|Default
		{4249DB75-BBB6-4CC4-B046-3170DD1D3BC1}.Debug64|Default.ActiveCfg = Debug64|Default
		{4249DB75-BBB6-4CC4-B046-3170DD1D3BC1}.Debug64|Default.Build.0 = Debug64|Default
		{4249DB75-BBB6-4CC4-B046-3170DD1D3BC1}.Release|Default.ActiveCfg = Release|Default
		{4249DB75-BBB6-4CC4-B046-3170DD1D3BC1}.Release|Default.Build.0 = Release|Default
		{4249DB75-BBB6-4CC4-B046-3170DD1D3BC1}.Release32|Default.ActiveCfg = Release32|Default
		{4249DB75-BBB6-4CC4-B046-3170DD1D3BC1}.Release32|Default.Build.0 = Release32|Default
		{4249DB75-BBB6-4CC4-B046-3170DD1D3BC1}.Release64|Default.ActiveCfg = Release64|Default
		{4249DB75-BBB6-4CC4-B046-3170DD1D3BC1}.Release64|Default.Build.0 = Release64|Default
		{B94E7BEF-5277-4BCB-82E1-BA5616EB7E42}.AphidDebug|Default.ActiveCfg = Debug|Any CPU
		{B94E7BEF-5277-4BCB-82E1-BA5616EB7E42}.AphidDebug|Default.Build.0 = Debug|Any CPU
		{B94E7BEF-5277-4BCB-82E1-BA5616EB7E42}.AphidDebug32|Default.ActiveCfg = Debug|x86
		{B94E7BEF-5277-4BCB-82E1-BA5616EB7E42}.AphidDebug32|Default.Build.0 = Debug|x86
		{B94E7BEF-5277-4BCB-82E1-BA5616EB7E42}.AphidDebug64|Default.ActiveCfg = Debug|x64
		{B94E7BEF-5277-4BCB-82E1-BA5616EB7E42}.AphidDebug64|Default.Build.0 = Debug|x64
		{B94E7BEF-5277-4BCB-82E1-BA5616EB7E42}.BinaryTrace|Default.ActiveCfg = Release|Any CPU
		{B94E7BEF-5277-4BCB-82E1-BA5616EB7E42}.BinaryTrace|Default.Build.0 = Release|Any CPU
		{B94E7BEF-5277-4BCB-82E1-BA5616EB7E42}.BinaryTrace32|Default.ActiveCfg = Release|x86
		{B94E7BEF-5277-4BCB-82E1-BA5616EB7E42}.BinaryTrace32|Default.Build.0 = Release|x86
		{B94E7BEF-5277-4BCB-82E1-BA5616EB7E42}.BinaryTrace64|Default.ActiveCfg = Release|x64
		{B94E7BEF-5277-4BCB-82E1-BA5616EB7E42}.BinaryTrace64|Default.Build.0 = Release|x64
		{B94E7BEF-5277-4BCB-82E1-BA5616EB7E42}.Debug|Default.ActiveCfg = Debug|Any CPU
		{B94E7BEF-5277-4BCB-82E1-BA5616EB7E42}.Debug|Default.Build.0 = Debug|Any CPU
		{B94E7BEF-5277-4BCB-82E1-BA5616EB7E42}.Debug32|Default.ActiveCfg = Debug|x86
		{B94E7BEF-5277-4BCB-82E1-BA5616EB7E42}.Debug32|Default.Build.0 = Debug|x86
		{B94E7BEF-5277-4BCB-82E1-BA5616EB7E42}.Debug64|Default.ActiveCfg = Debug|x64
		{B94E7BEF-5277-4BCB-82E1-BA5616EB7E42}.Debug64|Default.Build.0 = Debug|x64
		{B94E7BEF-5277-4BCB-82E1-BA5616EB7E42}.Release|Default.ActiveCfg = Release|Any CPU
		{B94E7BEF-5277-4BCB-82E1-BA5616EB7E42}.Release|Default.Build.0 = Release|Any CPU
		{B94E7BEF-5277-4BCB-82E1-BA5616EB7E42}.Release32|Default.ActiveCfg = Release|x86
		{B94E7BEF-5277-4BCB-82E1-BA5616EB7E42}.Release32|Default.Build.0 = Release|x86
		{B94E7BEF-5277-4BCB-82E1-BA5616EB7E42}.Release64|Default.ActiveCfg = Release|x64
		{B94E7BEF-5277-4BCB-82E1-BA5616EB7E42}.Release64|Default.Build.0 = Release|x64
		{AEBCC8FB-FD65-4B84-92DC-5DB425EFF417}.AphidDebug|Default.ActiveCfg = Debug|Any CPU
		{AEBCC8FB-FD65-4B84-92DC-5DB425EFF417}.AphidDebug|Default.Build.0 = Debug|Any CPU
		{AEBCC8FB-FD65-4B84-92DC-5DB425EFF417}.AphidDebug32|Default.ActiveCfg = Debug|Any CPU
		{AEBCC8FB-FD65-4B84-92DC-5DB425EFF417}.AphidDebug32|Default.Build.0 = Debug|Any CPU
		{AEBCC8FB-FD65-4B84-92DC-5DB425EFF417}.AphidDebug64|Default.ActiveCfg = Debug|Any CPU
		{AEBCC8FB-FD65-4B84-92DC-5DB425EFF417}.AphidDebug64|Default.Build.0 = Debug|Any CPU
		{AEBCC8FB-FD65-4B84-92DC-5DB425EFF417}.BinaryTrace|Default.ActiveCfg = Release|Any CPU
		{AEBCC8FB-FD65-4B84-92DC-5DB425EFF417}.BinaryTrace|Default.Build.0 = Release|Any CPU
		{AEBCC8FB-FD65-4B84-92DC-5DB425EFF417}.BinaryTrace32|Default.ActiveCfg = Release|Any CPU
		{AEBCC8FB-FD65-4B84-92DC-5DB425EFF417}.BinaryTrace32|Default.Build.0 = Release|Any CPU
		{AEBCC8FB-FD65-4B84-92DC-5DB425EFF417}.BinaryTrace64|Default.ActiveCfg = Release|Any CPU
		{AEBCC8FB-FD65-4B84-92DC-5DB425EFF417}.BinaryTrace64|Default.Build.0 = Release|Any CPU
		{AEBCC8FB-FD65-4B84-92DC-5DB425EFF417}.Debug|Default.ActiveCfg = Debug|Any CPU
		{AEBCC8FB-FD65-4B84-92DC-5DB425EFF417}.Debug|Default.Build.0 = Debug|Any CPU
		{AEBCC8FB-FD65-4B84-92DC-5DB425EFF417}.Debug32|Default.ActiveCfg = Debug|Any CPU
		{AEBCC8FB-FD65-4B84-92DC-5DB425EFF417}.Debug32|Default.Build.0 = Debug|Any CPU
		{AEBCC8FB-FD65-4B84-92DC-5DB425EFF417}.Debug64|Default.ActiveCfg = Debug|Any CPU
		{AEBCC8FB-FD65-4B84-92DC-5DB425EFF417}.Debug64|Default.Build.0 = Debug|Any CPU
		{AEBCC8FB-FD65-4B84-92DC-5DB425EFF417}.Release|Default.ActiveCfg = Release|Any CPU
		{AEBCC8FB-FD65-4B84-92DC-5DB425EFF417}.Release|Default.Build.0 = Release|Any CPU
		{AEBCC8FB-FD65-4B84-92DC-5DB425EFF417}.Release32|Default.ActiveCfg = Release|Any CPU
		{AEBCC8FB-FD65-4B84-92DC-5DB425EFF417}.Release32|Default.Build.0 = Release|Any CPU
		{AEBCC8FB-FD65-4B84-92DC-5DB425EFF417}.Release64|Default.ActiveCfg = Release|Any CPU
		{AEBCC8FB-FD65-4B84-92DC-5DB425EFF417}.Release64|Default.Build.0 = Release|Any CPU
		{D172AD83-34D8-478D-8875-2D467A28129C}.AphidDebug|Default.ActiveCfg = Debug|Any CPU
		{D172AD83-34D8-478D-8875-2D467A28129C}.AphidDebug|Default.Build.0 = Debug|Any CPU
		{D172AD83-34D8-478D-8875-2D467A28129C}.AphidDebug32|Default.ActiveCfg = Debug|x86
		{D172AD83-34D8-478D-8875-2D467A28129C}.AphidDebug32|Default.Build.0 = Debug|x86
		{D172AD83-34D8-478D-8875-2D467A28129C}.AphidDebug64|Default.ActiveCfg = Debug|x64
		{D172AD83-34D8-478D-8875-2D467A28129C}.AphidDebug64|Default.Build.0 = Debug|x64
		{D172AD83-34D8-478D-8875-2D467A28129C}.BinaryTrace|Default.ActiveCfg = Release|Any CPU
		{D172AD83-34D8-478D-8875-2D467A28129C}.BinaryTrace|Default.Build.0 = Release|Any CPU
		{D172AD83-34D8-478D-8875-2D467A28129C}.BinaryTrace32|Default.ActiveCfg = Release|x86
		{D172AD83-34D8-478D-8875-2D467A28129C}.BinaryTrace32|Default.Build.0 = Release|x86
		{D172AD83-34D8-478D-8875-2D467A28129C}.BinaryTrace64|Default.ActiveCfg = Release|x64
		{D172AD83-34D8-478D-8875-2D467A28129C}.BinaryTrace64|Default.Build.0 = Release|x64
		{D172AD83-34D8-478D-8875-2D467A28129C}.Debug|Default.ActiveCfg = Debug|Any CPU
		{D172AD83-34D8-478D-8875-2D467A28129C}.Debug|Default.Build.0 = Debug|Any CPU
		{D172AD83-34D8-478D-8875-2D467A28129C}.Debug32|Default.ActiveCfg = Debug|x86
		{D172AD83-34D8-478D-8875-2D467A28129C}.Debug32|Default.Build.0 = Debug|x86
		{D172AD83-34D8-478D-8875-2D467A28129C}.Debug64|Default.ActiveCfg = Debug|x64
		{D172AD83-34D8-478D-8875-2D467A28129C}.Debug64|Default.Build.0 = Debug|x64
		{D172AD83-34D8-478D-8875-2D467A28129C}.Release|Default.ActiveCfg = Release|Any CPU
		{D172AD83-34D8-478D-8875-2D467A28129C}.Release|Default.Build.0 = Release|Any CPU
		{D172AD83-34D8-478D-8875-2D467A28129C}.Release32|Default.ActiveCfg = Release|x86
		{D172AD83-34D8-478D-8875-2D467A28129C}.Release32|Default.Build.0 = Release|x86
		{D172AD83-34D8-478D-8875-2D467A28129C}.Release64|Default.ActiveCfg = Release|x64
		{D172AD83-34D8-478D-8875-2D467A28129C}.Release64|Default.Build.0 = Release|x64
		{B524818F-9E7A-4DA1-AB85-821346E188B8}.AphidDebug|Default.ActiveCfg = Debug|Any CPU
		{B524818F-9E7A-4DA1-AB85-821346E188B8}.AphidDebug|Default.Build.0 = Debug|Any CPU
		{B524818F-9E7A-4DA1-AB85-821346E188B8}.AphidDebug32|Default.ActiveCfg = Debug|x86
		{B524818F-9E7A-4DA1-AB85-821346E188B8}.AphidDebug32|Default.Build.0 = Debug|x86
		{B524818F-9E7A-4DA1-AB85-821346E188B8}.AphidDebug64|Default.ActiveCfg = Debug|x64
		{B524818F-9E7A-4DA1-AB85-821346E188B8}.AphidDebug64|Default.Build.0 = Debug|x64
		{B524818F-9E7A-4DA1-AB85-821346E188B8}.BinaryTrace|Default.ActiveCfg = Release|Any CPU
		{B524818F-9E7A-4DA1-AB85-821346E188B8}.BinaryTrace|Default.Build.0 = Release|Any CPU
		{B524818F-9E7A-4DA1-AB85-821346E188B8}.BinaryTrace32|Default.ActiveCfg = Release|x86
		{B524818F-9E7A-4DA1-AB85-821346E188B8}.BinaryTrace32|Default.Build.0 = Release|x86
		{B524818F-9E7A-4DA1-AB85-821346E188B8}.BinaryTrace64|Default.ActiveCfg = Release|x64
		{B524818F-9E7A-4DA1-AB85-821346E188B8}.BinaryTrace64|Default.Build.0 = Release|x64
		{B524818F-9E7A-4DA1-AB85-821346E188B8}.Debug|Default.ActiveCfg = Debug|Any CPU
		{B524818F-9E7A-4DA1-AB85-821346E188B8}.Debug|Default.Build.0 = Debug|Any CPU
		{B524818F-9E7A-4DA1-AB85-821346E188B8}.Debug32|Default.ActiveCfg = Debug|x86
		{B524818F-9E7A-4DA1-AB85-821346E188B8}.Debug32|Default.Build.0 = Debug|x86
		{B524818F-9E7A-4DA1-AB85-821346E188B8}.Debug64|Default.ActiveCfg = Debug|x64
		{B524818F-9E7A-4DA1-AB85-821346E188B8}.Debug64|Default.Build.0 = Debug|x64
		{B524818F-9E7A-4DA1-AB85-821346E188B8}.Release|Default.ActiveCfg = Release|Any CPU
		{B524818F-9E7A-4DA1-AB85-821346E188B8}.Release|Default.Build.0 = Release|Any CPU
		{B524818F-9E7A-4DA1-AB85-821346E188B8}.Release32|Default.ActiveCfg = Release|x86
		{B524818F-9E7A-4DA1-AB85-821346E188B8}.Release32|Default.Build.0 = Release|x86
		{B524818F-9E7A-4DA1-AB85-821346E188B8}.Release64|Default.ActiveCfg = Release|x64
		{B524818F-9E7A-4DA1-AB85-821346E188B8}.Release64|Default.Build.0 = Release|x64
		{1DAE3261-CE99-41C2-9AB2-23144996085A}.AphidDebug|Default.ActiveCfg = Debug|Any CPU
		{1DAE3261-CE99-41C2-9AB2-23144996085A}.AphidDebug|Default.Build.0 = Debug|Any CPU
		{1DAE3261-CE99-41C2-9AB2-23144996085A}.AphidDebug32|Default.ActiveCfg = Debug|x86
		{1DAE3261-CE99-41C2-9AB2-23144996085A}.AphidDebug32|Default.Build.0 = Debug|x86
		{1DAE3261-CE99-41C2-9AB2-23144996085A}.AphidDebug64|Default.ActiveCfg = Debug|x64
		{1DAE3261-CE99-41C2-9AB2-23144996085A}.AphidDebug64|Default.Build.0 = Debug|x64
		{1DAE3261-CE99-41C2-9AB2-23144996085A}.BinaryTrace|Default.ActiveCfg = Release|Any CPU
		{1DAE3261-CE99-41C2-9AB2-23144996085A}.BinaryTrace|Default.Build.0 = Release|Any CPU
		{1DAE3261-CE99-41C2-9AB2-23144996085A}.BinaryTrace32|Default.ActiveCfg = Release|x86
		{1DAE3261-CE99-41C2-9AB2-23144996085A}.BinaryTrace32|Default.Build.0 = Release|x86
		{1DAE3261-CE99-41C2-9AB2-23144996085A}.BinaryTrace64|Default.ActiveCfg = Release|x64
		{1DAE3261-CE99-41C2-9AB2-23144996085A}.BinaryTrace64|Default.Build.0 = Release|x64
		{1DAE3261-CE99-41C2-9AB2-23144996085A}.Debug|Default.ActiveCfg = Debug|Any CPU
		{1DAE3261-CE99-41C2-9AB2-23144996085A}.Debug|Default.Build.0 = Debug|Any CPU
		{1DAE3261-CE99-41C2-9AB2-23144996085A}.Debug32|Default.ActiveCfg = Debug|x86
		{1DAE3261-CE99-41C2-9AB2-23144996085A}.Debug32|Default.Build.0 = Debug|x86
		{1DAE3261-CE99-41C2-9AB2-23144996085A}.Debug64|Default.ActiveCfg = Debug|x64
		{1DAE3261-CE99-41C2-9AB2-23144996085A}.Debug64|Default.Build.0 = Debug|x64
		{1DAE3261-CE99-41C2-9AB2-23144996085A}.Release|Default.ActiveCfg = Release|Any CPU
		{1DAE3261-CE99-41C2-9AB2-23144996085A}.Release|Default.Build.0 = Release|Any CPU
		{1DAE3261-CE99-41C2-9AB2-23144996085A}.Release32|Default.ActiveCfg = Release|x86
		{1DAE3261-CE99-41C2-9AB2-23144996085A}.Release32|Default.Build.0 = Release|x86
		{1DAE3261-CE99-41C2-9AB2-23144996085A}.Release64|Default.ActiveCfg = Release|x64
		{1DAE3261-CE99-41C2-9AB2-23144996085A}.Release64|Default.Build.0 = Release|x64
		{7AEAC1FE-45A2-449F-9E8F-397E36026A59}.AphidDebug|Default.ActiveCfg = Debug|Any CPU
		{7AEAC1FE-45A2-449F-9E8F-397E36026A59}.AphidDebug|Default.Build.0 = Debug|Any CPU
		{7AEAC1FE-45A2-449F-9E8F-397E36026A59}.AphidDebug32|Default.ActiveCfg = Debug|x86
		{7AEAC1FE-45A2-449F-9E8F-397E36026A59}.AphidDebug32|Default.Build.0 = Debug|x86
		{7AEAC1FE-45A2-449F-9E8F-397E36026A59}.AphidDebug64|Default.ActiveCfg = Debug|x64
		{7AEAC1FE-45A2-449F-9E8F-397E36026A59}.AphidDebug64|Default.Build.0 = Debug|x64
		{7AEAC1FE-45A2-449F-9E8F-397E36026A59}.BinaryTrace|Default.ActiveCfg = Release|Any CPU
		{7AEAC1FE-45A2-449F-9E8F-397E36026A59}.BinaryTrace|Default.Build.0 = Release|Any CPU
		{7AEAC1FE-45A2-449F-9E8F-397E36026A59}.BinaryTrace32|Default.ActiveCfg = Release|x86
		{7AEAC1FE-45A2-449F-9E8F-397E36026A59}.BinaryTrace32|Default.Build.0 = Release|x86
		{7AEAC1FE-45A2-449F-9E8F-397E36026A59}.BinaryTrace64|Default.ActiveCfg = Release|x64
		{7AEAC1FE-45A2-449F-9E8F-397E36026A59}.BinaryTrace64|Default.Build.0 = Release|x64
		{7AEAC1FE-45A2-449F-9E8F-397E36026A59}.Debug|Default.ActiveCfg = Debug|Any CPU
		{7AEAC1FE-45A2-449F-9E8F-397E36026A59}.Debug|Default.Build.0 = Debug|Any CPU
		{7AEAC1FE-45A2-449F-9E8F-397E36026A59}.Debug32|Default.ActiveCfg = Debug|x86
		{7AEAC1FE-45A2-449F-9E8F-397E36026A59}.Debug32|Default.Build.0 = Debug|x86
		{7AEAC1FE-45A2-449F-9E8F-397E36026A59}.Debug64|Default.ActiveCfg = Debug|x64
		{7AEAC1FE-45A2-449F-9E8F-397E36026A59}.Debug64|Default.Build.0 = Debug|x64
		{7AEAC1FE-45A2-449F-9E8F-397E36026A59}.Release|Default.ActiveCfg = Release|Any CPU
		{7AEAC1FE-45A2-449F-9E8F-397E36026A59}.Release|Default.Build.0 = Release|Any CPU
		{7AEAC1FE-45A2-449F-9E8F-397E36026A59}.Release32|Default.ActiveCfg = Release|x86
		{7AEAC1FE-45A2-449F-9E8F-397E36026A59}.Release32|Default.Build.0 = Release|x86
		{7AEAC1FE-45A2-449F-9E8F-397E36026A59}.Release64|Default.ActiveCfg = Release|x64
		{7AEAC1FE-45A2-449F-9E8F-397E36026A59}.Release64|Default.Build.0 = Release|x64
		{7F7AA5B7-BFDC-4947-A73C-343C4CB02BBF}.AphidDebug|Default.ActiveCfg = Debug|Any CPU
		{7F7AA5B7-BFDC-4947-A73C-343C4CB02BBF}.AphidDebug|Default.Build.0 = Debug|Any CPU
		{7F7AA5B7-BFDC-4947-A73C-343C4CB02BBF}.AphidDebug32|Default.ActiveCfg = Debug|x86
		{7F7AA5B7-BFDC-4947-A73C-343C4CB02BBF}.AphidDebug32|Default.Build.0 = Debug|x86
		{7F7AA5B7-BFDC-4947-A73C-343C4CB02BBF}.AphidDebug64|Default.ActiveCfg = Debug|x64
		{7F7AA5B7-BFDC-4947-A73C-343C4CB02BBF}.AphidDebug64|Default.Build.0 = Debug|x64
		{7F7AA5B7-BFDC-4947-A73C-343C4CB02BBF}.BinaryTrace|Default.ActiveCfg = Release|Any CPU
		{7F7AA5B7-BFDC-4947-A73C-343C4CB02BBF}.BinaryTrace|Default.Build.0 = Release|Any CPU
		{7F7AA5B7-BFDC-4947-A73C-343C4CB02BBF}.BinaryTrace32|Default.ActiveCfg = Release|x86
		{7F7AA5B7-BFDC-4947-A73C-343C4CB02BBF}.BinaryTrace32|Default.Build.0 = Release|x86
		{7F7AA5B7-BFDC-4947-A73C-343C4CB02BBF}.BinaryTrace64|Default.ActiveCfg = Release|x64
		{7F7AA5B7-BFDC-4947-A73C-343C4CB02BBF}.BinaryTrace64|Default.Build.0 = Release|x64
		{7F7AA5B7-BFDC-4947-A73C-343C4CB02BBF}.Debug|Default.ActiveCfg = Debug|Any CPU
		{7F7AA5B7-BFDC-4947-A73C-343C4CB02BBF}.Debug|Default.Build.0 = Debug|Any CPU
		{7F7AA5B7-BFDC-4947-A73C-343C4CB02BBF}.Debug32|Default.ActiveCfg = Debug|x86
		{7F7AA5B7-BFDC-4947-A73C-343C4CB02BBF}.Debug32|Default.Build.0 = Debug|x86
		{7F7AA5B7-BFDC-4947-A73C-343C4CB02BBF}.Debug64|Default.ActiveCfg = Debug|x64
		{7F7AA5B7-BFDC-4947-A73C-343C4CB02BBF}.Debug64|Default.Build.0 = Debug|x64
		{7F7AA5B7-BFDC-4947-A73C-343C4CB02BBF}.Release|Default.ActiveCfg = Release|Any CPU
		{7F7AA5B7-BFDC-4947-A73C-343C4CB02BBF}.Release|Default.Build.0 = Release|Any CPU
		{7F7AA5B7-BFDC-4947-A73C-343C4CB02BBF}.Release32|Default.ActiveCfg = Release|x86
		{7F7AA5B7-BFDC-4947-A73C-343C4CB02BBF}.Release32|Default.Build.0 = Release|x86
		{7F7AA5B7-BFDC-4947-A73C-343C4CB02BBF}.Release64|Default.ActiveCfg = Release|x64
		{7F7AA5B7-BFDC-4947-A73C-343C4CB02BBF}.Release64|Default.Build.0 = Release|x64
		{2EBE1256-D1F5-4B90-B7C4-F1E4D5A239A4}.AphidDebug|Default.ActiveCfg = Debug|Any CPU
		{2EBE1256-D1F5-4B90-B7C4-F1E4D5A239A4}.AphidDebug|Default.Build.0 = Debug|Any CPU
		{2EBE1256-D1F5-4B90-B7C4-F1E4D5A239A4}.AphidDebug32|Default.ActiveCfg = Debug|x86
		{2EBE1256-D1F5-4B90-B7C4-F1E4D5A239A4}.AphidDebug32|Default.Build.0 = Debug|x86
		{2EBE1256-D1F5-4B90-B7C4-F1E4D5A239A4}.AphidDebug64|Default.ActiveCfg = Debug|x64
		{2EBE1256-D1F5-4B90-B7C4-F1E4D5A239A4}.AphidDebug64|Default.Build.0 = Debug|x64
		{2EBE1256-D1F5-4B90-B7C4-F1E4D5A239A4}.BinaryTrace|Default.ActiveCfg = Release|Any CPU
		{2EBE1256-D1F5-4B90-B7C4-F1E4D5A239A4}.BinaryTrace|Default.Build.0 = Release|Any CPU
		{2EBE1256-D1F5-4B90-B7C4-F1E4D5A239A4}.BinaryTrace32|Default.ActiveCfg = Release|x86
		{2EBE1256-D1F5-4B90-B7C4-F1E4D5A239A4}.BinaryTrace32|Default.Build.0 = Release|x86
		{2EBE1256-D1F5-4B90-B7C4-F1E4D5A239A4}.BinaryTrace64|Default.ActiveCfg = Release|x64
		{2EBE1256-D1F5-4B90-B7C4-F1E4D5A239A4}.BinaryTrace64|Default.Build.0 = Release|x64
		{2EBE1256-D1F5-4B90-B7C4-F1E4D5A239A4}.Debug|Default.ActiveCfg = Debug|Any CPU
		{2EBE1256-D1F5-4B90-B7C4-F1E4D5A239A4}.Debug|Default.Build.0 = Debug|Any CPU
		{2EBE1256-D1F5-4B90-B7C4-F1E4D5A239A4}.Debug32|Default.ActiveCfg = Debug|x86
		{2EBE1256-D1F5-4B90-B7C4-F1E4D5A239A4}.Debug32|Default.Build.0 = Debug|x86
		{2EBE1256-D1F5-4B90-B7C4-F1E4D5A239A4}.Debug64|Default.ActiveCfg = Debug|x64
		{2EBE1256-D1F5-4B90-B7C4-F1E4D5A239A4}.Debug64|Default.Build.0 = Debug|x64
		{2EBE1256-D1F5-4B90-B7C4-F1E4D5A239A4}.Release|Default.ActiveCfg = Release|Any CPU
		{2EBE1256-D1F5-4B90-B7C4-F1E4D5A239A4}.Release|Default.Build.0 = Release|Any CPU
		{2EBE1256-D1F5-4B90-B7C4-F1E4D5A239A4}.Release32|Default.ActiveCfg = Release|x86
		{2EBE1256-D1F5-4B90-B7C4-F1E4D5A239A4}.Release32|Default.Build.0 = Release|x86
		{2EBE1256-D1F5-4B90-B7C4-F1E4D5A239A4}.Release64|Default.ActiveCfg = Release|x64
		{2EBE1256-D1F5-4B90-B7C4-F1E4D5A239A4}.Release64|Default.Build.0 = Release|x64
		{1E0CE411-29B7-4808-B275-A8D29275768E}.AphidDebug|Default.ActiveCfg = Debug|Any CPU
		{1E0CE411-29B7-4808-B275-A8D29275768E}.AphidDebug|Default.Build.0 = Debug|Any CPU
		{1E0CE411-29B7-4808-B275-A8D29275768E}.AphidDebug32|Default.ActiveCfg = Debug|x86
		{1E0CE411-29B7-4808-B275-A8D29275768E}.AphidDebug32|Default.Build.0 = Debug|x86
		{1E0CE411-29B7-4808-B275-A8D29275768E}.AphidDebug64|Default.ActiveCfg = Debug|x64
		{1E0CE411-29B7-4808-B275-A8D29275768E}.AphidDebug64|Default.Build.0 = Debug|x64
		{1E0CE411-29B7-4808-B275-A8D29275768E}.BinaryTrace|Default.ActiveCfg = Release|Any CPU
		{1E0CE411-29B7-4808-B275-A8D29275768E}.BinaryTrace|Default.Build.0 = Release|Any CPU
		{1E0CE411-29B7-4808-B275-A8D29275768E}.BinaryTrace32|Default.ActiveCfg = Release|x86
		{1E0CE411-29B7-4808-B275-A8D29275768E}.BinaryTrace32|Default.Build.0 = Release|x86
		{1E0CE411-29B7-4808-B275-A8D29275768E}.BinaryTrace64|Default.ActiveCfg = Release|x64
		{1E0CE411-29B7-4808-B275-A8D29275768E}.BinaryTrace64|Default.Build.0 = Release|x64
		{1E0CE411-29B7-4808-B275-A8D29275768E}.Debug|Default.ActiveCfg = Debug|Any CPU
		{1E0CE411-29B7-4808-B275-A8D29275768E}.Debug|Default.Build.0 = Debug|Any CPU
		{1E0CE411-29B7-4808-B275-A8D29275768E}.Debug32|Default.ActiveCfg = Debug|x86
		{1E0CE411-29B7-4808-B275-A8D29275768E}.Debug32|Default.Build.0 = Debug|x86
		{1E0CE411-29B7-4808-B275-A8D29275768E}.Debug64|Default.ActiveCfg = Debug|x64
		{1E0CE411-29B7-4808-B275-A8D29275768E}.Debug64|Default.Build.0 = Debug|x64
		{1E0CE411-29B7-4808-B275-A8D29275768E}.Release|Default.ActiveCfg = Release|Any CPU
		{1E0CE411-29B7-4808-B275-A8D29275768E}.Release|Default.Build.0 = Release|Any CPU
		{1E0CE411-29B7-4808-B275-A8D29275768E}.Release32|Default.ActiveCfg = Release|x86
		{1E0CE411-29B7-4808-B275-A8D29275768E}.Release32|Default.Build.0 = Release|x86
		{1E0CE411-29B7-4808-B275-A8D29275768E}.Release64|Default.ActiveCfg = Release|x64
		{1E0CE411-29B7-4808-B275-A8D29275768E}.Release64|Default.Build.0 = Release|x64
		{99A6C1DC-674F-4CBF-AF72-AE5959A797AC}.AphidDebug|Default.ActiveCfg = Debug|Any CPU
		{99A6C1DC-674F-4CBF-AF72-AE5959A797AC}.AphidDebug|Default.Build.0 = Debug|Any CPU
		{99A6C1DC-674F-4CBF-AF72-AE5959A797AC}.AphidDebug32|Default.ActiveCfg = Debug|x86
		{99A6C1DC-674F-4CBF-AF72-AE5959A797AC}.AphidDebug32|Default.Build.0 = Debug|x86
		{99A6C1DC-674F-4CBF-AF72-AE5959A797AC}.AphidDebug64|Default.ActiveCfg = Debug|x64
		{99A6C1DC-674F-4CBF-AF72-AE5959A797AC}.AphidDebug64|Default.Build.0 = Debug|x64
		{99A6C1DC-674F-4CBF-AF72-AE5959A797AC}.BinaryTrace|Default.ActiveCfg = Release|Any CPU
		{99A6C1DC-674F-4CBF-AF72-AE5959A797AC}.BinaryTrace|Default.Build.0 = Release|Any CPU
		{99A6C1DC-674F-4CBF-AF72-AE5959A797AC}.BinaryTrace32|Default.ActiveCfg = Release|x86
		{99A6C1DC-674F-4CBF-AF72-AE5959A797AC}.BinaryTrace32|Default.Build.0 = Release|x86
		{99A6C1DC-674F-4CBF-AF72-AE5959A797AC}.BinaryTrace64|Default.ActiveCfg = Release|x64
		{99A6C1DC-674F-4CBF-AF72-AE5959A797AC}.BinaryTrace64|Default.Build.0 = Release|x64
		{99A6C1DC-674F-4CBF-AF72-AE5959A797AC}.Debug|Default.ActiveCfg = Debug|Any CPU
		{99A6C1DC-674F-4CBF-AF72-AE5959A797AC}.Debug|Default.Build.0 = Debug|Any CPU
		{99A6C1DC-674F-4CBF-AF72-AE5959A797AC}.Debug32|Default.ActiveCfg = Debug|x86
		{99A6C1DC-674F-4CBF-AF72-AE5959A797AC}.Debug32|Default.Build.0 = Debug|x86
		{99A6C1DC-674F-4CBF-AF72-AE5959A797AC}.Debug64|Default.ActiveCfg = Debug|x64
		{99A6C1DC-674F-4CBF-AF72-AE5959A797AC}.Debug64|Default.Build.0 = Debug|x64
		{99A6C1DC-674F-4CBF-AF72-AE5959A797AC}.Release|Default.ActiveCfg = Release|Any CPU
		{99A6C1DC-674F-4CBF-AF72-AE5959A797AC}.Release|Default.Build.0 = Release|Any CPU
		{99A6C1DC-674F-4CBF-AF72-AE5959A797AC}.Release32|Default.ActiveCfg = Release|x86
		{99A6C1DC-674F-4CBF-AF72-AE5959A797AC}.Release32|Default.Build.0 = Release|x86
		{99A6C1DC-674F-4CBF-AF72-AE5959A797AC}.Release64|Default.ActiveCfg = Release|x64
		{99A6C1DC-674F-4CBF-AF72-AE5959A797AC}.Release64|Default.Build.0 = Release|x64
		{42671D6B-9866-4197-92B5-230FB492BEFE}.AphidDebug|Default.ActiveCfg = Debug|Any CPU
		{42671D6B-9866-4197-92B5-230FB492BEFE}.AphidDebug|Default.Build.0 = Debug|Any CPU
		{42671D6B-9866-4197-92B5-230FB492BEFE}.AphidDebug32|Default.ActiveCfg = Debug|x86
		{42671D6B-9866-4197-92B5-230FB492BEFE}.AphidDebug32|Default.Build.0 = Debug|x86
		{42671D6B-9866-4197-92B5-230FB492BEFE}.AphidDebug64|Default.ActiveCfg = Debug|x64
		{42671D6B-9866-4197-92B5-230FB492BEFE}.AphidDebug64|Default.Build.0 = Debug|x64
		{42671D6B-9866-4197-92B5-230FB492BEFE}.BinaryTrace|Default.ActiveCfg = Release|Any CPU
		{42671D6B-9866-4197-92B5-230FB492BEFE}.BinaryTrace|Default.Build.0 = Release|Any CPU
		{42671D6B-9866-4197-92B5-230FB492BEFE}.BinaryTrace32|Default.ActiveCfg = Release|x86
		{42671D6B-9866-4197-92B5-230FB492BEFE}.BinaryTrace32|Default.Build.0 = Release|x86
		{42671D6B-9866-4197-92B5-230FB492BEFE}.BinaryTrace64|Default.ActiveCfg = Release|x64
		{42671D6B-9866-4197-92B5-230FB492BEFE}.BinaryTrace64|Default.Build.0 = Release|x64
		{42671D6B-9866-4197-92B5-230FB492BEFE}.Debug|Default.ActiveCfg = Debug|Any CPU
		{42671D6B-9866-4197-92B5-230FB492BEFE}.Debug|Default.Build.0 = Debug|Any CPU
		{42671D6B-9866-4197-92B5-230FB492BEFE}.Debug32|Default.ActiveCfg = Debug|x86
		{42671D6B-9866-4197-92B5-230FB492BEFE}.Debug32|Default.Build.0 = Debug|x86
		{42671D6B-9866-4197-92B5-230FB492BEFE}.Debug64|Default.ActiveCfg = Debug|x64
		{42671D6B-9866-4197-92B5-230FB492BEFE}.Debug64|Default.Build.0 = Debug|x64
		{42671D6B-9866-4197-92B5-230FB492BEFE}.Release|Default.ActiveCfg = Release|Any CPU
		{42671D6B-9866-4197-92B5-230FB492BEFE}.Release|Default.Build.0 = Release|Any CPU
		{42671D6B-9866-4197-92B5-230FB492BEFE}.Release32|Default.ActiveCfg = Release|x86
		{42671D6B-9866-4197-92B5-230FB492BEFE}.Release32|Default.Build.0 = Release|x86
		{42671D6B-9866-4197-92B5-230FB492BEFE}.Release64|Default.ActiveCfg = Release|x64
		{42671D6B-9866-4197-92B5-230FB492BEFE}.Release64|Default.Build.0 = Release|x64
		{4774E19C-47A1-445E-9B4F-480BBC2518E5}.AphidDebug|Default.ActiveCfg = Debug|Any CPU
		{4774E19C-47A1-445E-9B4F-480BBC2518E5}.AphidDebug|Default.Build.0 = Debug|Any CPU
		{4774E19C-47A1-445E-9B4F-480BBC2518E5}.AphidDebug32|Default.ActiveCfg = Debug|x86
		{4774E19C-47A1-445E-9B4F-480BBC2518E5}.AphidDebug32|Default.Build.0 = Debug|x86
		{4774E19C-47A1-445E-9B4F-480BBC2518E5}.AphidDebug64|Default.ActiveCfg = Debug|x64
		{4774E19C-47A1-445E-9B4F-480BBC2518E5}.AphidDebug64|Default.Build.0 = Debug|x64
		{4774E19C-47A1-445E-9B4F-480BBC2518E5}.BinaryTrace|Default.ActiveCfg = Release|Any CPU
		{4774E19C-47A1-445E-9B4F-480BBC2518E5}.BinaryTrace|Default.Build.0 = Release|Any CPU
		{4774E19C-47A1-445E-9B4F-480BBC2518E5}.BinaryTrace32|Default.ActiveCfg = Release|x86
		{4774E19C-47A1-445E-9B4F-480BBC2518E5}.BinaryTrace32|Default.Build.0 = Release|x86
		{4774E19C-47A1-445E-9B4F-480BBC2518E5}.BinaryTrace64|Default.ActiveCfg = Release|x64
		{4774E19C-47A1-445E-9B4F-480BBC2518E5}.BinaryTrace64|Default.Build.0 = Release|x64
		{4774E19C-47A1-445E-9B4F-480BBC2518E5}.Debug|Default.ActiveCfg = Debug|Any CPU
		{4774E19C-47A1-445E-9B4F-480BBC2518E5}.Debug|Default.Build.0 = Debug|Any CPU
		{4774E19C-47A1-445E-9B4F-480BBC2518E5}.Debug32|Default.ActiveCfg = Debug|x86
		{4774E19C-47A1-445E-9B4F-480BBC2518E5}.Debug32|Default.Build.0 = Debug|x86
		{4774E19C-47A1-445E-9B4F-480BBC2518E5}.Debug64|Default.ActiveCfg = Debug|x64
		{4774E19C-47A1-445E-9B4F-480BBC2518E5}.Debug64|Default.Build.0 = Debug|x64
		{4774E19C-47A1-445E-9B4F-480BBC2518E5}.Release|Default.ActiveCfg = Release|Any CPU
		{4774E19C-47A1-445E-9B4F-480BBC2518E5}.Release|Default.Build.0 = Release|Any CPU
		{4774E19C-47A1-445E-9B4F-480BBC2518E5}.Release32|Default.ActiveCfg = Release|x86
		{4774E19C-47A1-445E-9B4F-480BBC2518E5}.Release32|Default.Build.0 = Release|x86
		{4774E19C-47A1-445E-9B4F-480BBC2518E5}.Release64|Default.ActiveCfg = Release|x64
		{4774E19C-47A1-445E-9B4F-480BBC2518E5}.Release64|Default.Build.0 = Release|x64
		{5404CE66-6322-49B2-8D42-CB06EBBAC715}.AphidDebug|Default.ActiveCfg = Debug|Any CPU
		{5404CE66-6322-49B2-8D42-CB06EBBAC715}.AphidDebug|Default.Build.0 = Debug|Any CPU
		{5404CE66-6322-49B2-8D42-CB06EBBAC715}.AphidDebug32|Default.ActiveCfg = Debug|x86
		{5404CE66-6322-49B2-8D42-CB06EBBAC715}.AphidDebug32|Default.Build.0 = Debug|x86
		{5404CE66-6322-49B2-8D42-CB06EBBAC715}.AphidDebug64|Default.ActiveCfg = Debug|x64
		{5404CE66-6322-49B2-8D42-CB06EBBAC715}.AphidDebug64|Default.Build.0 = Debug|x64
		{5404CE66-6322-49B2-8D42-CB06EBBAC715}.BinaryTrace|Default.ActiveCfg = Release|Any CPU
		{5404CE66-6322-49B2-8D42-CB06EBBAC715}.BinaryTrace|Default.Build.0 = Release|Any CPU
		{5404CE66-6322-49B2-8D42-CB06EBBAC715}.BinaryTrace32|Default.ActiveCfg = Release|x86
		{5404CE66-6322-49B2-8D42-CB06EBBAC715}.BinaryTrace32|Default.Build.0 = Release|x86
		{5404CE66-6322-49B2-8D42-CB06EBBAC715}.BinaryTrace64|Default.ActiveCfg = Release|x64
		{5404CE66-6322-49B2-8D42-CB06EBBAC715}.BinaryTrace64|Default.Build.0 = Release|x64
		{5404CE66-6322-49B2-8D42-CB06EBBAC715}.Debug|Default.ActiveCfg = Debug|Any CPU
		{5404CE66-6322-49B2-8D42-CB06EBBAC715}.Debug|Default.Build.0 = Debug|Any CPU
		{5404CE66-6322-49B2-8D42-CB06EBBAC715}.Debug32|Default.ActiveCfg = Debug|x86
		{5404CE66-6322-49B2-8D42-CB06EBBAC715}.Debug32|Default.Build.0 = Debug|x86
		{5404CE66-6322-49B2-8D42-CB06EBBAC715}.Debug64|Default.ActiveCfg = Debug|x64
		{5404CE66-6322-49B2-8D42-CB06EBBAC715}.Debug64|Default.Build.0 = Debug|x64
		{5404CE66-6322-49B2-8D42-CB06EBBAC715}.Release|Default.ActiveCfg = Release|Any CPU
		{5404CE66-6322-49B2-8D42-CB06EBBAC715}.Release|Default.Build.0 = Release|Any CPU
		{5404CE66-6322-49B2-8D42-CB06EBBAC715}.Release32|Default.ActiveCfg = Release|x86
		{5404CE66-6322-49B2-8D42-CB06EBBAC715}.Release32|Default.Build.0 = Release|x86
		{5404CE66-6322-49B2-8D42-CB06EBBAC715}.Release64|Default.ActiveCfg = Release|x64
		{5404CE66-6322-49B2-8D42-CB06EBBAC715}.Release64|Default.Build.0 = Release|x64
		{C29B4B38-86EA-4760-8830-5006CE6868D1}.AphidDebug|Default.ActiveCfg = Debug|Any CPU
		{C29B4B38-86EA-4760-8830-5006CE6868D1}.AphidDebug|Default.Build.0 = Debug|Any CPU
		{C29B4B38-86EA-4760-8830-5006CE6868D1}.AphidDebug32|Default.ActiveCfg = Debug|x86
		{C29B4B38-86EA-4760-8830-5006CE6868D1}.AphidDebug32|Default.Build.0 = Debug|x86
		{C29B4B38-86EA-4760-8830-5006CE6868D1}.AphidDebug64|Default.ActiveCfg = Debug|x64
		{C29B4B38-86EA-4760-8830-5006CE6868D1}.AphidDebug64|Default.Build.0 = Debug|x64
		{C29B4B38-86EA-4760-8830-5006CE6868D1}.BinaryTrace|Default.ActiveCfg = Release|Any CPU
		{C29B4B38-86EA-4760-8830-5006CE6868D1}.BinaryTrace|Default.Build.0 = Release|Any CPU
		{C29B4B38-86EA-4760-8830-5006CE6868D1}.BinaryTrace32|Default.ActiveCfg = Release|x86
		{C29B4B38-86EA-4760-8830-5006CE6868D1}.BinaryTrace32|Default.Build.0 = Release|x86
		{C29B4B38-86EA-4760-8830-5006CE6868D1}.BinaryTrace64|Default.ActiveCfg = Release|x64
		{C29B4B38-86EA-4760-8830-5006CE6868D1}.BinaryTrace64|Default.Build.0 = Release|x64
		{C29B4B38-86EA-4760-8830-5006CE6868D1}.Debug|Default.ActiveCfg = Debug|Any CPU
		{C29B4B38-86EA-4760-8830-5006CE6868D1}.Debug|Default.Build.0 = Debug|Any CPU
		{C29B4B38-86EA-4760-8830-5006CE6868D1}.Debug32|Default.ActiveCfg = Debug|x86
		{C29B4B38-86EA-4760-8830-5006CE6868D1}.Debug32|Default.Build.0 = Debug|x86
		{C29B4B38-86EA-4760-8830-5006CE6868D1}.Debug64|Default.ActiveCfg = Debug|x64
		{C29B4B38-86EA-4760-8830-5006CE6868D1}.Debug64|Default.Build.0 = Debug|x64
		{C29B4B38-86EA-4760-8830-5006CE6868D1}.Release|Default.ActiveCfg = Release|Any CPU
		{C29B4B38-86EA-4760-8830-5006CE6868D1}.Release|Default.Build.0 = Release|Any CPU
		{C29B4B38-86EA-4760-8830-5006CE6868D1}.Release32|Default.ActiveCfg = Release|x86
		{C29B4B38-86EA-4760-8830-5006CE6868D1}.Release32|Default.Build.0 = Release|x86
		{C29B4B38-86EA-4760-8830-5006CE6868D1}.Release64|Default.ActiveCfg = Release|x64
		{C29B4B38-86EA-4760-8830-5006CE6868D1}.Release64|Default.Build.0 = Release|x64
		{B828964B-52F1-4EA5-9AB3-26D698DB8325}.AphidDebug|Default.ActiveCfg = Debug|Any CPU
		{B828964B-52F1-4EA5-9AB3-26D698DB8325}.AphidDebug|Default.Build.0 = Debug|Any CPU
		{B828964B-52F1-4EA5-9AB3-26D698DB8325}.AphidDebug32|Default.ActiveCfg = Debug|x86
		{B828964B-52F1-4EA5-9AB3-26D698DB8325}.AphidDebug32|Default.Build.0 = Debug|x86
		{B828964B-52F1-4EA5-9AB3-26D698DB8325}.AphidDebug64|Default.ActiveCfg = Debug|x64
		{B828964B-52F1-4EA5-9AB3-26D698DB8325}.AphidDebug64|Default.Build.0 = Debug|x64
		{B828964B-52F1-4EA5-9AB3-26D698DB8325}.BinaryTrace|Default.ActiveCfg = Release|Any CPU
		{B828964B-52F1-4EA5-9AB3-26D698DB8325}.BinaryTrace|Default.Build.0 = Release|Any CPU
		{B828964B-52F1-4EA5-9AB3-26D698DB8325}.BinaryTrace32|Default.ActiveCfg = Release|x86
		{B828964B-52F1-4EA5-9AB3-26D698DB8325}.BinaryTrace32|Default.Build.0 = Release|x86
		{B828964B-52F1-4EA5-9AB3-26D698DB8325}.BinaryTrace64|Default.ActiveCfg = Release|x64
		{B828964B-52F1-4EA5-9AB3-26D698DB8325}.BinaryTrace64|Default.Build.0 = Release|x64
		{B828964B-52F1-4EA5-9AB3-26D698DB8325}.Debug|Default.ActiveCfg = Debug|Any CPU
		{B828964B-52F1-4EA5-9AB3-26D698DB8325}.Debug|Default.Build.0 = Debug|Any CPU
		{B828964B-52F1-4EA5-9AB3-26D698DB8325}.Debug32|Default.ActiveCfg = Debug|x86
		{B828964B-52F1-4EA5-9AB3-26D698DB8325}.Debug32|Default.Build.0 = Debug|x86
		{B828964B-52F1-4EA5-9AB3-26D698DB8325}.Debug64|Default.ActiveCfg = Debug|x64
		{B828964B-52F1-4EA5-9AB3-26D698DB8325}.Debug64|Default.Build.0 = Debug|x64
		{B828964B-52F1-4EA5-9AB3-26D698DB8325}.Release|Default.ActiveCfg = Release|Any CPU
		{B828964B-52F1-4EA5-9AB3-26D698DB8325}.Release|Default.Build.0 = Release|Any CPU
		{B828964B-52F1-4EA5-9AB3-26D698DB8325}.Release32|Default.ActiveCfg = Release|x86
		{B828964B-52F1-4EA5-9AB3-26D698DB8325}.Release32|Default.Build.0 = Release|x86
		{B828964B-52F1-4EA5-9AB3-26D698DB8325}.Release64|Default.ActiveCfg = Release|x64
		{B828964B-52F1-4EA5-9AB3-26D698DB8325}.Release64|Default.Build.0 = Release|x64
		{CEFC631B-3F81-4BA7-84EF-74655CAC704F}.AphidDebug|Default.ActiveCfg = Debug|Any CPU
		{CEFC631B-3F81-4BA7-84EF-74655CAC704F}.AphidDebug|Default.Build.0 = Debug|Any CPU
		{CEFC631B-3F81-4BA7-84EF-74655CAC704F}.AphidDebug32|Default.ActiveCfg = Debug|x86
		{CEFC631B-3F81-4BA7-84EF-74655CAC704F}.AphidDebug32|Default.Build.0 = Debug|x86
		{CEFC631B-3F81-4BA7-84EF-74655CAC704F}.AphidDebug64|Default.ActiveCfg = Debug|x64
		{CEFC631B-3F81-4BA7-84EF-74655CAC704F}.AphidDebug64|Default.Build.0 = Debug|x64
		{CEFC631B-3F81-4BA7-84EF-74655CAC704F}.BinaryTrace|Default.ActiveCfg = Release|Any CPU
		{CEFC631B-3F81-4BA7-84EF-74655CAC704F}.BinaryTrace|Default.Build.0 = Release|Any CPU
		{CEFC631B-3F81-4BA7-84EF-74655CAC704F}.BinaryTrace32|Default.ActiveCfg = Release|x86
		{CEFC631B-3F81-4BA7-84EF-74655CAC704F}.BinaryTrace32|Default.Build.0 = Release|x86
		{CEFC631B-3F81-4BA7-84EF-74655CAC704F}.BinaryTrace64|Default.ActiveCfg = Release|x64
		{CEFC631B-3F81-4BA7-84EF-74655CAC704F}.BinaryTrace64|Default.Build.0 = Release|x64
		{CEFC631B-3F81-4BA7-84EF-74655CAC704F}.Debug|Default.ActiveCfg = Debug|Any CPU
		{CEFC631B-3F81-4BA7-84EF-74655CAC704F}.Debug|Default.Build.0 = Debug|Any CPU
		{CEFC631B-3F81-4BA7-84EF-74655CAC704F}.Debug32|Default.ActiveCfg = Debug|x86
		{CEFC631B-3F81-4BA7-84EF-74655CAC704F}.Debug32|Default.Build.0 = Debug|x86
		{CEFC631B-3F81-4BA7-84EF-74655CAC704F}.Debug64|Default.ActiveCfg = Debug|x64
		{CEFC631B-3F81-4BA7-84EF-74655CAC704F}.Debug64|Default.Build.0 = Debug|x64
		{CEFC631B-3F81-4BA7-84EF-74655CAC704F}.Release|Default.ActiveCfg = Release|Any CPU
		{CEFC631B-3F81-4BA7-84EF-74655CAC704F}.Release|Default.Build.0 = Release|Any CPU
		{CEFC631B-3F81-4BA7-84EF-74655CAC704F}.Release32|Default.ActiveCfg = Release|x86
		{CEFC631B-3F81-4BA7-84EF-74655CAC704F}.Release32|Default.Build.0 = Release|x86
		{CEFC631B-3F81-4BA7-84EF-74655CAC704F}.Release64|Default.ActiveCfg = Release|x64
		{CEFC631B-3F81-4BA7-84EF-74655CAC704F}.Release64|Default.Build.0 = Release|x64
		{61FFC3B9-5275-41B9-8380-1E370EF67A63}.AphidDebug|Default.ActiveCfg = Debug|Any CPU
		{61FFC3B9-5275-41B9-8380-1E370EF67A63}.AphidDebug|Default.Build.0 = Debug|Any CPU
		{61FFC3B9-5275-41B9-8380-1E370EF67A63}.AphidDebug32|Default.ActiveCfg = Debug|x86
		{61FFC3B9-5275-41B9-8380-1E370EF67A63}.AphidDebug32|Default.Build.0 = Debug|x86
		{61FFC3B9-5275-41B9-8380-1E370EF67A63}.AphidDebug64|Default.ActiveCfg = Debug|x64
		{61FFC3B9-5275-41B9-8380-1E370EF67A63}.AphidDebug64|Default.Build.0 = Debug|x64
		{61FFC3B9-5275-41B9-8380-1E370EF67A63}.BinaryTrace|Default.ActiveCfg = Release|Any CPU
		{61FFC3B9-5275-41B9-8380-1E370EF67A63}.BinaryTrace|Default.Build.0 = Release|Any CPU
		{61FFC3B9-5275-41B9-8380-1E370EF67A63}.BinaryTrace32|Default.ActiveCfg = Release|x86
		{61FFC3B9-5275-41B9-8380-1E370EF67A63}.BinaryTrace32|Default.Build.0 = Release|x86
		{61FFC3B9-5275-41B9-8380-1E370EF67A63}.BinaryTrace64|Default.ActiveCfg = Release|x64
		{61FFC3B9-5275-41B9-8380-1E370EF67A63}.BinaryTrace64|Default.Build.0 = Release|x64
		{61FFC3B9-5275-41B9-8380-1E370EF67A63}.Debug|Default.ActiveCfg = Debug|Any CPU
		{61FFC3B9-5275-41B9-8380-1E370EF67A63}.Debug|Default.Build.0 = Debug|Any CPU
		{61FFC3B9-5275-41B9-8380-1E370EF67A63}.Debug32|Default.ActiveCfg = Debug|x86
		{61FFC3B9-5275-41B9-8380-1E370EF67A63}.Debug32|Default.Build.0 = Debug|x86
		{61FFC3B9-5275-41B9-8380-1E370EF67A63}.Debug64|Default.ActiveCfg = Debug|x64
		{61FFC3B9-5275-41B9-8380-1E370EF67A63}.Debug64|Default.Build.0 = Debug|x64
		{61FFC3B9-5275-41B9-8380-1E370EF67A63}.Release|Default.ActiveCfg = Release|Any CPU
		{61FFC3B9-5275-41B9-8380-1E370EF67A63}.Release|Default.Build.0 = Release|Any CPU
		{61FFC3B9-5275-41B9-8380-1E370EF67A63}.Release32|Default.ActiveCfg = Release|x86
		{61FFC3B9-5275-41B9-8380-1E370EF67A63}.Release32|Default.Build.0 = Release|x86
		{61FFC3B9-5275-41B9-8380-1E370EF67A63}.Release64|Default.ActiveCfg = Release|x64
		{61FFC3B9-5275-41B9-8380-1E370EF67A63}.Release64|Default.Build.0 = Release|x64
		{6B3B0475-B3B1-4944-B396-F58342262022}.AphidDebug|Default.ActiveCfg = Debug|Any CPU
		{6B3B0475-B3B1-4944-B396-F58342262022}.AphidDebug|Default.Build.0 = Debug|Any CPU
		{6B3B0475-B3B1-4944-B396-F58342262022}.AphidDebug32|Default.ActiveCfg = Debug|x86
		{6B3B0475-B3B1-4944-B396-F58342262022}.AphidDebug32|Default.Build.0 = Debug|x86
		{6B3B0475-B3B1-4944-B396-F58342262022}.AphidDebug64|Default.ActiveCfg = Debug|x64
		{6B3B0475-B3B1-4944-B396-F58342262022}.AphidDebug64|Default.Build.0 = Debug|x64
		{6B3B0475-B3B1-4944-B396-F58342262022}.BinaryTrace|Default.ActiveCfg = Release|Any CPU
		{6B3B0475-B3B1-4944-B396-F58342262022}.BinaryTrace|Default.Build.0 = Release|Any CPU
		{6B3B0475-B3B1-4944-B396-F58342262022}.BinaryTrace32|Default.ActiveCfg = Release|x86
		{6B3B0475-B3B1-4944-B396-F58342262022}.BinaryTrace32|Default.Build.0 = Release|x86
		{6B3B0475-B3B1-4944-B396-F58342262022}.BinaryTrace64|Default.ActiveCfg = Release|x64
		{6B3B0475-B3B1-4944-B396-F58342262022}.BinaryTrace64|Default.Build.0 = Release|x64
		{6B3B0475-B3B1-4944-B396-F58342262022}.Debug|Default.ActiveCfg = Debug|Any CPU
		{6B3B0475-B3B1-4944-B396-F58342262022}.Debug|Default.Build.0 = Debug|Any CPU
		{6B3B0475-B3B1-4944-B396-F58342262022}.Debug32|Default.ActiveCfg = Debug|x86
		{6B3B0475-B3B1-4944-B396-F58342262022}.Debug32|Default.Build.0 = Debug|x86
		{6B3B0475-B3B1-4944-B396-F58342262022}.Debug64|Default.ActiveCfg = Debug|x64
		{6B3B0475-B3B1-4944-B396-F58342262022}.Debug64|Default.Build.0 = Debug|x64
		{6B3B0475-B3B1-4944-B396-F58342262022}.Release|Default.ActiveCfg = Release|Any CPU
		{6B3B0475-B3B1-4944-B396-F58342262022}.Release|Default.Build.0 = Release|Any CPU
		{6B3B0475-B3B1-4944-B396-F58342262022}.Release32|Default.ActiveCfg = Release|x86
		{6B3B0475-B3B1-4944-B396-F58342262022}.Release32|Default.Build.0 = Release|x86
		{6B3B0475-B3B1-4944-B396-F58342262022}.Release64|Default.ActiveCfg = Release|x64
		{6B3B0475-B3B1-4944-B396-F58342262022}.Release64|Default.Build.0 = Release|x64
		{0D3803D9-7C6B-4933-A172-71872EF9F215}.AphidDebug|Default.ActiveCfg = Debug|Any CPU
		{0D3803D9-7C6B-4933-A172-71872EF9F215}.AphidDebug|Default.Build.0 = Debug|Any CPU
		{0D3803D9-7C6B-4933-A172-71872EF9F215}.AphidDebug32|Default.ActiveCfg = Debug|x86
		{0D3803D9-7C6B-4933-A172-71872EF9F215}.AphidDebug32|Default.Build.0 = Debug|x86
		{0D3803D9-7C6B-4933-A172-71872EF9F215}.AphidDebug64|Default.ActiveCfg = Debug|x64
		{0D3803D9-7C6B-4933-A172-71872EF9F215}.AphidDebug64|Default.Build.0 = Debug|x64
		{0D3803D9-7C6B-4933-A172-71872EF9F215}.BinaryTrace|Default.ActiveCfg = Release|Any CPU
		{0D3803D9-7C6B-4933-A172-71872EF9F215}.BinaryTrace|Default.Build.0 = Release|Any CPU
		{0D3803D9-7C6B-4933-A172-71872EF9F215}.BinaryTrace32|Default.ActiveCfg = Release|x86
		{0D3803D9-7C6B-4933-A172-71872EF9F215}.BinaryTrace32|Default.Build.0 = Release|x86
		{0D3803D9-7C6B-4933-A172-71872EF9F215}.BinaryTrace64|Default.ActiveCfg = Release|x64
		{0D3803D9-7C6B-4933-A172-71872EF9F215}.BinaryTrace64|Default.Build.0 = Release|x64
		{0D3803D9-7C6B-4933-A172-71872EF9F215}.Debug|Default.ActiveCfg = Debug|Any CPU
		{0D3803D9-7C6B-4933-A172-71872EF9F215}.Debug|Default.Build.0 = Debug|Any CPU
		{0D3803D9-7C6B-4933-A172-71872EF9F215}.Debug32|Default.ActiveCfg = Debug|x86
		{0D3803D9-7C6B-4933-A172-71872EF9F215}.Debug32|Default.Build.0 = Debug|x86
		{0D3803D9-7C6B-4933-A172-71872EF9F215}.Debug64|Default.ActiveCfg = Debug|x64
		{0D3803D9-7C6B-4933-A172-71872EF9F215}.Debug64|Default.Build.0 = Debug|x64
		{0D3803D9-7C6B-4933-A172-71872EF9F215}.Release|Default.ActiveCfg = Release|Any CPU
		{0D3803D9-7C6B-4933-A172-71872EF9F215}.Release|Default.Build.0 = Release|Any CPU
		{0D3803D9-7C6B-4933-A172-71872EF9F215}.Release32|Default.ActiveCfg = Release|x86
		{0D3803D9-7C6B-4933-A172-71872EF9F215}.Release32|Default.Build.0 = Release|x86
		{0D3803D9-7C6B-4933-A172-71872EF9F215}.Release64|Default.ActiveCfg = Release|x64
		{0D3803D9-7C6B-4933-A172-71872EF9F215}.Release64|Default.Build.0 = Release|x64
		{545B9422-29AA-46AB-8F32-0D0CE810AA74}.AphidDebug|Default.ActiveCfg = Debug|Any CPU
		{545B9422-29AA-46AB-8F32-0D0CE810AA74}.AphidDebug|Default.Build.0 = Debug|Any CPU
		{545B9422-29AA-46AB-8F32-0D0CE810AA74}.AphidDebug32|Default.ActiveCfg = Debug|x86
		{545B9422-29AA-46AB-8F32-0D0CE810AA74}.AphidDebug32|Default.Build.0 = Debug|x86
		{545B9422-29AA-46AB-8F32-0D0CE810AA74}.AphidDebug64|Default.ActiveCfg = Debug|x64
		{545B9422-29AA-46AB-8F32-0D0CE810AA74}.AphidDebug64|Default.Build.0 = Debug|x64
		{545B9422-29AA-46AB-8F32-0D0CE810AA74}.BinaryTrace|Default.ActiveCfg = Release|Any CPU
		{545B9422-29AA-46AB-8F32-0D0CE810AA74}.BinaryTrace|Default.Build.0 = Release|Any CPU
		{545B9422-29AA-46AB-8F32-0D0CE810AA74}.BinaryTrace32|Default.ActiveCfg = Release|x86
		{545B9422-29AA-46AB-8F32-0D0CE810AA74}.BinaryTrace32|Default.Build.0 = Release|x86
		{545B9422-29AA-46AB-8F32-0D0CE810AA74}.BinaryTrace64|Default.ActiveCfg = Release|x64
		{545B9422-29AA-46AB-8F32-0D0CE810AA74}.BinaryTrace64|Default.Build.0 = Release|x64
		{545B9422-29AA-46AB-8F32-0D0CE810AA74}.Debug|Default.ActiveCfg = Debug|Any CPU
		{545B9422-29AA-46AB-8F32-0D0CE810AA74}.Debug|Default.Build.0 = Debug|Any CPU
		{545B9422-29AA-46AB-8F32-0D0CE810AA74}.Debug32|Default.ActiveCfg = Debug|x86
		{545B9422-29AA-46AB-8F32-0D0CE810AA74}.Debug32|Default.Build.0 = Debug|x86
		{545B9422-29AA-46AB-8F32-0D0CE810AA74}.Debug64|Default.ActiveCfg = Debug|x64
		{545B9422-29AA-46AB-8F32-0D0CE810AA74}.Debug64|Default.Build.0 = Debug|x64
		{545B9422-29AA-46AB-8F32-0D0CE810AA74}.Release|Default.ActiveCfg = Release|Any CPU
		{545B9422-29AA-46AB-8F32-0D0CE810AA74}.Release|Default.Build.0 = Release|Any CPU
		{545B9422-29AA-46AB-8F32-0D0CE810AA74}.Release32|Default.ActiveCfg = Release|x86
		{545B9422-29AA-46AB-8F32-0D0CE810AA74}.Release32|Default.Build.0 = Release|x86
		{545B9422-29AA-46AB-8F32-0D0CE810AA74}.Release64|Default.ActiveCfg = Release|x64
		{545B9422-29AA-46AB-8F32-0D0CE810AA74}.Release64|Default.Build.0 = Release|x64
		{B5B6C411-E117-47AE-ACAA-D4A56E753B65}.AphidDebug|Default.ActiveCfg = Debug|Any CPU
		{B5B6C411-E117-47AE-ACAA-D4A56E753B65}.AphidDebug|Default.Build.0 = Debug|Any CPU
		{B5B6C411-E117-47AE-ACAA-D4A56E753B65}.AphidDebug32|Default.ActiveCfg = Debug|x86
		{B5B6C411-E117-47AE-ACAA-D4A56E753B65}.AphidDebug32|Default.Build.0 = Debug|x86
		{B5B6C411-E117-47AE-ACAA-D4A56E753B65}.AphidDebug64|Default.ActiveCfg = Debug|x64
		{B5B6C411-E117-47AE-ACAA-D4A56E753B65}.AphidDebug64|Default.Build.0 = Debug|x64
		{B5B6C411-E117-47AE-ACAA-D4A56E753B65}.BinaryTrace|Default.ActiveCfg = Release|Any CPU
		{B5B6C411-E117-47AE-ACAA-D4A56E753B65}.BinaryTrace|Default.Build.0 = Release|Any CPU
		{B5B6C411-E117-47AE-ACAA-D4A56E753B65}.BinaryTrace32|Default.ActiveCfg = Release|x86
		{B5B6C411-E117-47AE-ACAA-D4A56E753B65}.BinaryTrace32|Default.Build.0 = Release|x86
		{B5B6C411-E117-47AE-ACAA-D4A56E753B65}.BinaryTrace64|Default.ActiveCfg = Release|x64
		{B5B6C411-E117-47AE-ACAA-D4A56E753B65}.BinaryTrace64|Default.Build.0 = Release|x64
		{B5B6C411-E117-47AE-ACAA-D4A56E753B65}.Debug|Default.ActiveCfg = Debug|Any CPU
		{B5B6C411-E117-47AE-ACAA-D4A56E753B65}.Debug|Default.Build.0 = Debug|Any CPU
		{B5B6C411-E117-47AE-ACAA-D4A56E753B65}.Debug32|Default.ActiveCfg = Debug|x86
		{B5B6C411-E117-47AE-ACAA-D4A56E753B65}.Debug32|Default.Build.0 = Debug|x86
		{B5B6C411-E117-47AE-ACAA-D4A56E753B65}.Debug64|Default.ActiveCfg = Debug|x64
		{B5B6C411-E117-47AE-ACAA-D4A56E753B65}.Debug64|Default.Build.0 = Debug|x64
		{B5B6C411-E117-47AE-ACAA-D4A56E753B65}.Release|Default.ActiveCfg = Release|Any CPU
		{B5B6C411-E117-47AE-ACAA-D4A56E753B65}.Release|Default.Build.0 = Release|Any CPU
		{B5B6C411-E117-47AE-ACAA-D4A56E753B65}.Release32|Default.ActiveCfg = Release|x86
		{B5B6C411-E117-47AE-ACAA-D4A56E753B65}.Release32|Default.Build.0 = Release|x86
		{B5B6C411-E117-47AE-ACAA-D4A56E753B65}.Release64|Default.ActiveCfg = Release|x64
		{B5B6C411-E117-47AE-ACAA-D4A56E753B65}.Release64|Default.Build.0 = Release|x64
		{976D9F82-304F-4482-AE02-477204AECCAA}.AphidDebug|Default.ActiveCfg = Debug|Any CPU
		{976D9F82-304F-4482-AE02-477204AECCAA}.AphidDebug|Default.Build.0 = Debug|Any CPU
		{976D9F82-304F-4482-AE02-477204AECCAA}.AphidDebug32|Default.ActiveCfg = Debug|x86
		{976D9F82-304F-4482-AE02-477204AECCAA}.AphidDebug32|Default.Build.0 = Debug|x86
		{976D9F82-304F-4482-AE02-477204AECCAA}.AphidDebug64|Default.ActiveCfg = Debug|x64
		{976D9F82-304F-4482-AE02-477204AECCAA}.AphidDebug64|Default.Build.0 = Debug|x64
		{976D9F82-304F-4482-AE02-477204AECCAA}.BinaryTrace|Default.ActiveCfg = Release|Any CPU
		{976D9F82-304F-4482-AE02-477204AECCAA}.BinaryTrace|Default.Build.0 = Release|Any CPU
		{976D9F82-304F-4482-AE02-477204AECCAA}.BinaryTrace32|Default.ActiveCfg = Release|x86
		{976D9F82-304F-4482-AE02-477204AECCAA}.BinaryTrace32|Default.Build.0 = Release|x86
		{976D9F82-304F-4482-AE02-477204AECCAA}.BinaryTrace64|Default.ActiveCfg = Release|x64
		{976D9F82-304F-4482-AE02-477204AECCAA}.BinaryTrace64|Default.Build.0 = Release|x64
		{976D9F82-304F-4482-AE02-477204AECCAA}.Debug|Default.ActiveCfg = Debug|Any CPU
		{976D9F82-304F-4482-AE02-477204AECCAA}.Debug|Default.Build.0 = Debug|Any CPU
		{976D9F82-304F-4482-AE02-477204AECCAA}.Debug32|Default.ActiveCfg = Debug|x86
		{976D9F82-304F-4482-AE02-477204AECCAA}.Debug32|Default.Build.0 = Debug|x86
		{976D9F82-304F-4482-AE02-477204AECCAA}.Debug64|Default.ActiveCfg = Debug|x64
		{976D9F82-304F-4482-AE02-477204AECCAA}.Debug64|Default.Build.0 = Debug|x64
		{976D9F82-304F-4482-AE02-477204AECCAA}.Release|Default.ActiveCfg = Release|Any CPU
		{976D9F82-304F-4482-AE02-477204AECCAA}.Release|Default.Build.0 = Release|Any CPU
		{976D9F82-304F-4482-AE02-477204AECCAA}.Release32|Default.ActiveCfg = Release|x86
		{976D9F82-304F-4482-AE02-477204AECCAA}.Release32|Default.Build.0 = Release|x86
		{976D9F82-304F-4482-AE02-477204AECCAA}.Release64|Default.ActiveCfg = Release|x64
		{976D9F82-304F-4482-AE02-477204AECCAA}.Release64|Default.Build.0 = Release|x64
		{DC904CFB-653D-41DD-99DE-EFCA3F73CEB3}.AphidDebug|Default.ActiveCfg = Debug|Any CPU
		{DC904CFB-653D-41DD-99DE-EFCA3F73CEB3}.AphidDebug|Default.Build.0 = Debug|Any CPU
		{DC904CFB-653D-41DD-99DE-EFCA3F73CEB3}.AphidDebug32|Default.ActiveCfg = Debug|x86
		{DC904CFB-653D-41DD-99DE-EFCA3F73CEB3}.AphidDebug32|Default.Build.0 = Debug|x86
		{DC904CFB-653D-41DD-99DE-EFCA3F73CEB3}.AphidDebug64|Default.ActiveCfg = Debug|x64
		{DC904CFB-653D-41DD-99DE-EFCA3F73CEB3}.AphidDebug64|Default.Build.0 = Debug|x64
		{DC904CFB-653D-41DD-99DE-EFCA3F73CEB3}.BinaryTrace|Default.ActiveCfg = Release|Any CPU
		{DC904CFB-653D-41DD-99DE-EFCA3F73CEB3}.BinaryTrace|Default.Build.0 = Release|Any CPU
		{DC904CFB-653D-41DD-99DE-EFCA3F73CEB3}.BinaryTrace32|Default.ActiveCfg = Release|x86
		{DC904CFB-653D-41DD-99DE-EFCA3F73CEB3}.BinaryTrace32|Default.Build.0 = Release|x86
		{DC904CFB-653D-41DD-99DE-EFCA3F73CEB3}.BinaryTrace64|Default.ActiveCfg = Release|x64
		{DC904CFB-653D-41DD-99DE-EFCA3F73CEB3}.BinaryTrace64|Default.Build.0 = Release|x64
		{DC904CFB-653D-41DD-99DE-EFCA3F73CEB3}.Debug|Default.ActiveCfg = Debug|Any CPU
		{DC904CFB-653D-41DD-99DE-EFCA3F73CEB3}.Debug|Default.Build.0 = Debug|Any CPU
		{DC904CFB-653D-41DD-99DE-EFCA3F73CEB3}.Debug32|Default.ActiveCfg = Debug|x86
		{DC904CFB-653D-41DD-99DE-EFCA3F73CEB3}.Debug32|Default.Build.0 = Debug|x86
		{DC904CFB-653D-41DD-99DE-EFCA3F73CEB3}.Debug64|Default.ActiveCfg = Debug|x64
		{DC904CFB-653D-41DD-99DE-EFCA3F73CEB3}.Debug64|Default.Build.0 = Debug|x64
		{DC904CFB-653D-41DD-99DE-EFCA3F73CEB3}.Release|Default.ActiveCfg = Release|Any CPU
		{DC904CFB-653D-41DD-99DE-EFCA3F73CEB3}.Release|Default.Build.0 = Release|Any CPU
		{DC904CFB-653D-41DD-99DE-EFCA3F73CEB3}.Release32|Default.ActiveCfg = Release|x86
		{DC904CFB-653D-41DD-99DE-EFCA3F73CEB3}.Release32|Default.Build.0 = Release|x86
		{DC904CFB-653D-41DD-99DE-EFCA3F73CEB3}.Release64|Default.ActiveCfg = Release|x64
		{DC904CFB-653D-41DD-99DE-EFCA3F73CEB3}.Release64|Default.Build.0 = Release|x64
		{7EB14DEF-CBAA-4399-A5B5-8462DE05B165}.AphidDebug|Default.ActiveCfg = Debug|Any CPU
		{7EB14DEF-CBAA-4399-A5B5-8462DE05B165}.AphidDebug|Default.Build.0 = Debug|Any CPU
		{7EB14DEF-CBAA-4399-A5B5-8462DE05B165}.AphidDebug32|Default.ActiveCfg = Debug|x86
		{7EB14DEF-CBAA-4399-A5B5-8462DE05B165}.AphidDebug32|Default.Build.0 = Debug|x86
		{7EB14DEF-CBAA-4399-A5B5-8462DE05B165}.AphidDebug64|Default.ActiveCfg = Debug|x64
		{7EB14DEF-CBAA-4399-A5B5-8462DE05B165}.AphidDebug64|Default.Build.0 = Debug|x64
		{7EB14DEF-CBAA-4399-A5B5-8462DE05B165}.BinaryTrace|Default.ActiveCfg = Release|Any CPU
		{7EB14DEF-CBAA-4399-A5B5-8462DE05B165}.BinaryTrace|Default.Build.0 = Release|Any CPU
		{7EB14DEF-CBAA-4399-A5B5-8462DE05B165}.BinaryTrace32|Default.ActiveCfg = Release|x86
		{7EB14DEF-CBAA-4399-A5B5-8462DE05B165}.BinaryTrace32|Default.Build.0 = Release|x86
		{7EB14DEF-CBAA-4399-A5B5-8462DE05B165}.BinaryTrace64|Default.ActiveCfg = Release|x64
		{7EB14DEF-CBAA-4399-A5B5-8462DE05B165}.BinaryTrace64|Default.Build.0 = Release|x64
		{7EB14DEF-CBAA-4399-A5B5-8462DE05B165}.Debug|Default.ActiveCfg = Debug|Any CPU
		{7EB14DEF-CBAA-4399-A5B5-8462DE05B165}.Debug|Default.Build.0 = Debug|Any CPU
		{7EB14DEF-CBAA-4399-A5B5-8462DE05B165}.Debug32|Default.ActiveCfg = Debug|x86
		{7EB14DEF-CBAA-4399-A5B5-8462DE05B165}.Debug32|Default.Build.0 = Debug|x86
		{7EB14DEF-CBAA-4399-A5B5-8462DE05B165}.Debug64|Default.ActiveCfg = Debug|x64
		{7EB14DEF-CBAA-4399-A5B5-8462DE05B165}.Debug64|Default.Build.0 = Debug|x64
		{7EB14DEF-CBAA-4399-A5B5-8462DE05B165}.Release|Default.ActiveCfg = Release|Any CPU
		{7EB14DEF-CBAA-4399-A5B5-8462DE05B165}.Release|Default.Build.0 = Release|Any CPU
		{7EB14DEF-CBAA-4399-A5B5-8462DE05B165}.Release32|Default.ActiveCfg = Release|x86
		{7EB14DEF-CBAA-4399-A5B5-8462DE05B165}.Release32|Default.Build.0 = Release|x86
		{7EB14DEF-CBAA-4399-A5B5-8462DE05B165}.Release64|Default.ActiveCfg = Release|x64
		{7EB14DEF-CBAA-4399-A5B5-8462DE05B165}.Release64|Default.Build.0 = Release|x64
		{E91CECC0-AFF0-4987-A659-C4404C35B5B2}.AphidDebug|Default.ActiveCfg = Debug|Any CPU
		{E91CECC0-AFF0-4987-A659-C4404C35B5B2}.AphidDebug|Default.Build.0 = Debug|Any CPU
		{E91CECC0-AFF0-4987-A659-C4404C35B5B2}.AphidDebug32|Default.ActiveCfg = Debug|x86
		{E91CECC0-AFF0-4987-A659-C4404C35B5B2}.AphidDebug32|Default.Build.0 = Debug|x86
		{E91CECC0-AFF0-4987-A659-C4404C35B5B2}.AphidDebug64|Default.ActiveCfg = Debug|x64
		{E91CECC0-AFF0-4987-A659-C4404C35B5B2}.AphidDebug64|Default.Build.0 = Debug|x64
		{E91CECC0-AFF0-4987-A659-C4404C35B5B2}.BinaryTrace|Default.ActiveCfg = Release|Any CPU
		{E91CECC0-AFF0-4987-A659-C4404C35B5B2}.BinaryTrace|Default.Build.0 = Release|Any CPU
		{E91CECC0-AFF0-4987-A659-C4404C35B5B2}.BinaryTrace32|Default.ActiveCfg = Release|x86
		{E91CECC0-AFF0-4987-A659-C4404C35B5B2}.BinaryTrace32|Default.Build.0 = Release|x86
		{E91CECC0-AFF0-4987-A659-C4404C35B5B2}.BinaryTrace64|Default.ActiveCfg = Release|x64
		{E91CECC0-AFF0-4987-A659-C4404C35B5B2}.BinaryTrace64|Default.Build.0 = Release|x64
		{E91CECC0-AFF0-4987-A659-C4404C35B5B2}.Debug|Default.ActiveCfg = Debug|Any CPU
		{E91CECC0-AFF0-4987-A659-C4404C35B5B2}.Debug|Default.Build.0 = Debug|Any CPU
		{E91CECC0-AFF0-4987-A659-C4404C35B5B2}.Debug32|Default.ActiveCfg = Debug|x86
		{E91CECC0-AFF0-4987-A659-C4404C35B5B2}.Debug32|Default.Build.0 = Debug|x86
		{E91CECC0-AFF0-4987-A659-C4404C35B5B2}.Debug64|Default.ActiveCfg = Debug|x64
		{E91CECC0-AFF0-4987-A659-C4404C35B5B2}.Debug64|Default.Build.0 = Debug|x64
		{E91CECC0-AFF0-4987-A659-C4404C35B5B2}.Release|Default.ActiveCfg = Release|Any CPU
		{E91CECC0-AFF0-4987-A659-C4404C35B5B2}.Release|Default.Build.0 = Release|Any CPU
		{E91CECC0-AFF0-4987-A659-C4404C35B5B2}.Release32|Default.ActiveCfg = Release|x86
		{E91CECC0-AFF0-4987-A659-C4404C35B5B2}.Release32|Default.Build.0 = Release|x86
		{E91CECC0-AFF0-4987-A659-C4404C35B5B2}.Release64|Default.ActiveCfg = Release|x64
		{E91CECC0-AFF0-4987-A659-C4404C35B5B2}.Release64|Default.Build.0 = Release|x64
		{101EBF15-2331-4DBB-8944-95ED18E85946}.AphidDebug|Default.ActiveCfg = Debug|Any CPU
		{101EBF15-2331-4DBB-8944-95ED18E85946}.AphidDebug|Default.Build.0 = Debug|Any CPU
		{101EBF15-2331-4DBB-8944-95ED18E85946}.AphidDebug32|Default.ActiveCfg = Debug|x86
		{101EBF15-2331-4DBB-8944-95ED18E85946}.AphidDebug32|Default.Build.0 = Debug|x86
		{101EBF15-2331-4DBB-8944-95ED18E85946}.AphidDebug64|Default.ActiveCfg = Debug|x64
		{101EBF15-2331-4DBB-8944-95ED18E85946}.AphidDebug64|Default.Build.0 = Debug|x64
		{101EBF15-2331-4DBB-8944-95ED18E85946}.BinaryTrace|Default.ActiveCfg = Release|Any CPU
		{101EBF15-2331-4DBB-8944-95ED18E85946}.BinaryTrace|Default.Build.0 = Release|Any CPU
		{101EBF15-2331-4DBB-8944-95ED18E85946}.BinaryTrace32|Default.ActiveCfg = Release|x86
		{101EBF15-2331-4DBB-8944-95ED18E85946}.BinaryTrace32|Default.Build.0 = Release|x86
		{101EBF15-2331-4DBB-8944-95ED18E85946}.BinaryTrace64|Default.ActiveCfg = Release|x64
		{101EBF15-2331-4DBB-8944-95ED18E85946}.BinaryTrace64|Default.Build.0 = Release|x64
		{101EBF15-2331-4DBB-8944-95ED18E85946}.Debug|Default.ActiveCfg = Debug|Any CPU
		{101EBF15-2331-4DBB-8944-95ED18E85946}.Debug|Default.Build.0 = Debug|Any CPU
		{101EBF15-2331-4DBB-8944-95ED18E85946}.Debug32|Default.ActiveCfg = Debug|x86
		{101EBF15-2331-4DBB-8944-95ED18E85946}.Debug32|Default.Build.0 = Debug|x86
		{101EBF15-2331-4DBB-8944-95ED18E85946}.Debug64|Default.ActiveCfg = Debug|x64
		{101EBF15-2331-4DBB-8944-95ED18E85946}.Debug64|Default.Build.0 = Debug|x64
		{101EBF15-2331-4DBB-8944-95ED18E85946}.Release|Default.ActiveCfg = Release|Any CPU
		{101EBF15-2331-4DBB-8944-95ED18E85946}.Release|Default.Build.0 = Release|Any CPU
		{101EBF15-2331-4DBB-8944-95ED18E85946}.Release32|Default.ActiveCfg = Release|x86
		{101EBF15-2331-4DBB-8944-95ED18E85946}.Release32|Default.Build.0 = Release|x86
		{101EBF15-2331-4DBB-8944-95ED18E85946}.Release64|Default.ActiveCfg = Release|x64
		{101EBF15-2331-4DBB-8944-95ED18E85946}.Release64|Default.Build.0 = Release|x64
	EndGlobalSection
	GlobalSection(SolutionProperties) = preSolution
		HideSolutionNode = FALSE
	EndGlobalSection
	GlobalSection(NestedProjects) = preSolution
		{B524818F-9E7A-4DA1-AB85-821346E188B8} = {BE8BD61C-9E83-4A67-90DB-ED4D9F70DB92}
		{1DAE3261-CE99-41C2-9AB2-23144996085A} = {BE8BD61C-9E83-4A67-90DB-ED4D9F70DB92}
		{7AEAC1FE-45A2-449F-9E8F-397E36026A59} = {BE8BD61C-9E83-4A67-90DB-ED4D9F70DB92}
		{7F7AA5B7-BFDC-4947-A73C-343C4CB02BBF} = {BE8BD61C-9E83-4A67-90DB-ED4D9F70DB92}
		{2EBE1256-D1F5-4B90-B7C4-F1E4D5A239A4} = {BE8BD61C-9E83-4A67-90DB-ED4D9F70DB92}
		{1E0CE411-29B7-4808-B275-A8D29275768E} = {BE8BD61C-9E83-4A67-90DB-ED4D9F70DB92}
		{99A6C1DC-674F-4CBF-AF72-AE5959A797AC} = {BE8BD61C-9E83-4A67-90DB-ED4D9F70DB92}
		{42671D6B-9866-4197-92B5-230FB492BEFE} = {BE8BD61C-9E83-4A67-90DB-ED4D9F70DB92}
		{4774E19C-47A1-445E-9B4F-480BBC2518E5} = {BE8BD61C-9E83-4A67-90DB-ED4D9F70DB92}
		{5404CE66-6322-49B2-8D42-CB06EBBAC715} = {FC3DFE0E-8A86-48C8-B2AC-8897C6A12D5A}
		{C29B4B38-86EA-4760-8830-5006CE6868D1} = {FC3DFE0E-8A86-48C8-B2AC-8897C6A12D5A}
		{CEFC631B-3F81-4BA7-84EF-74655CAC704F} = {FC3DFE0E-8A86-48C8-B2AC-8897C6A12D5A}
		{61FFC3B9-5275-41B9-8380-1E370EF67A63} = {FC3DFE0E-8A86-48C8-B2AC-8897C6A12D5A}
		{6B3B0475-B3B1-4944-B396-F58342262022} = {BE8BD61C-9E83-4A67-90DB-ED4D9F70DB92}
		{0D3803D9-7C6B-4933-A172-71872EF9F215} = {BE8BD61C-9E83-4A67-90DB-ED4D9F70DB92}
		{545B9422-29AA-46AB-8F32-0D0CE810AA74} = {BE8BD61C-9E83-4A67-90DB-ED4D9F70DB92}
		{B5B6C411-E117-47AE-ACAA-D4A56E753B65} = {BE8BD61C-9E83-4A67-90DB-ED4D9F70DB92}
		{976D9F82-304F-4482-AE02-477204AECCAA} = {BE8BD61C-9E83-4A67-90DB-ED4D9F70DB92}
		{DC904CFB-653D-41DD-99DE-EFCA3F73CEB3} = {BE8BD61C-9E83-4A67-90DB-ED4D9F70DB92}
		{7EB14DEF-CBAA-4399-A5B5-8462DE05B165} = {BE8BD61C-9E83-4A67-90DB-ED4D9F70DB92}
		{E91CECC0-AFF0-4987-A659-C4404C35B5B2} = {BE8BD61C-9E83-4A67-90DB-ED4D9F70DB92}
		{101EBF15-2331-4DBB-8944-95ED18E85946} = {BE8BD61C-9E83-4A67-90DB-ED4D9F70DB92}
	EndGlobalSection
	GlobalSection(ExtensibilityGlobals) = postSolution
		SolutionGuid = {4D91A4F1-6815-43D7-8211-134DEDEC15AD}
	EndGlobalSection
EndGlobal
