
Microsoft Visual Studio Solution File, Format Version 12.00
# Visual Studio Version 17
VisualStudioVersion = 17.0.31612.314
MinimumVisualStudioVersion = 10.0.40219.1
Project("{FAE04EC0-301F-11D3-BF4B-00C04F79EFBC}") = "AphidCore", "AphidCore\AphidCore.csproj", "{C66F1974-5F90-413C-9558-3D18D4E0AFE7}"
EndProject
Project("{FAE04EC0-301F-11D3-BF4B-00C04F79EFBC}") = "Components.AphidCore", "Components.AphidCore\Components.AphidCore.csproj", "{4991FDD6-2E49-4853-AF4B-9BB051C7FF07}"
EndProject
Global
	GlobalSection(SolutionConfigurationPlatforms) = preSolution
		Debug|Any CPU = Debug|Any CPU
		Release|Any CPU = Release|Any CPU
	EndGlobalSection
	GlobalSection(ProjectConfigurationPlatforms) = postSolution
		{C66F1974-5F90-413C-9558-3D18D4E0AFE7}.Debug|Any CPU.ActiveCfg = Debug|Any CPU
		{C66F1974-5F90-413C-9558-3D18D4E0AFE7}.Debug|Any CPU.Build.0 = Debug|Any CPU
		{C66F1974-5F90-413C-9558-3D18D4E0AFE7}.Release|Any CPU.ActiveCfg = Release|Any CPU
		{C66F1974-5F90-413C-9558-3D18D4E0AFE7}.Release|Any CPU.Build.0 = Release|Any CPU
		{4991FDD6-2E49-4853-AF4B-9BB051C7FF07}.Debug|Any CPU.ActiveCfg = Debug|Any CPU
		{4991FDD6-2E49-4853-AF4B-9BB051C7FF07}.Debug|Any CPU.Build.0 = Debug|Any CPU
		{4991FDD6-2E49-4853-AF4B-9BB051C7FF07}.Release|Any CPU.ActiveCfg = Release|Any CPU
		{4991FDD6-2E49-4853-AF4B-9BB051C7FF07}.Release|Any CPU.Build.0 = Release|Any CPU
	EndGlobalSection
	GlobalSection(SolutionProperties) = preSolution
		HideSolutionNode = FALSE
	EndGlobalSection
	GlobalSection(ExtensibilityGlobals) = postSolution
		SolutionGuid = {CDA9A81C-E37F-4A8C-8511-96C874D7C12F}
	EndGlobalSection
EndGlobal
