
Microsoft Visual Studio Solution File, Format Version 12.00
# Visual Studio 15
VisualStudioVersion = 15.0.28307.136
MinimumVisualStudioVersion = 10.0.40219.1
Project("{FAE04EC0-301F-11D3-BF4B-00C04F79EFBC}") = "HwndScratch", "HwndScratch\HwndScratch.csproj", "{D26F00A6-90C4-4929-8303-49728AE1BEB7}"
EndProject
Project("{FAE04EC0-301F-11D3-BF4B-00C04F79EFBC}") = "Components.Aphid", "C:\source\Aphid\Components.Aphid\Components.Aphid.csproj", "{4249DB75-BBB6-4CC4-B046-3170DD1D3BC1}"
EndProject
Project("{FAE04EC0-301F-11D3-BF4B-00C04F79EFBC}") = "AphidUI", "..\Aphid\AphidUI\AphidUI.csproj", "{B828964B-52F1-4EA5-9AB3-26D698DB8325}"
EndProject
Project("{FAE04EC0-301F-11D3-BF4B-00C04F79EFBC}") = "Aphid", "..\Aphid\Aphid\Aphid.csproj", "{EFDE894B-FA3D-4202-9A08-C9F69C0B0799}"
EndProject
Global
	GlobalSection(SolutionConfigurationPlatforms) = preSolution
		AphidDebug|Any CPU = AphidDebug|Any CPU
		AphidDebug|x64 = AphidDebug|x64
		AphidDebug|x86 = AphidDebug|x86
		AphidDebug32|Any CPU = AphidDebug32|Any CPU
		AphidDebug32|x64 = AphidDebug32|x64
		AphidDebug32|x86 = AphidDebug32|x86
		AphidDebug64|Any CPU = AphidDebug64|Any CPU
		AphidDebug64|x64 = AphidDebug64|x64
		AphidDebug64|x86 = AphidDebug64|x86
		BinaryTrace|Any CPU = BinaryTrace|Any CPU
		BinaryTrace|x64 = BinaryTrace|x64
		BinaryTrace|x86 = BinaryTrace|x86
		BinaryTrace32|Any CPU = BinaryTrace32|Any CPU
		BinaryTrace32|x64 = BinaryTrace32|x64
		BinaryTrace32|x86 = BinaryTrace32|x86
		BinaryTrace64|Any CPU = BinaryTrace64|Any CPU
		BinaryTrace64|x64 = BinaryTrace64|x64
		BinaryTrace64|x86 = BinaryTrace64|x86
		Debug|Any CPU = Debug|Any CPU
		Debug|x64 = Debug|x64
		Debug|x86 = Debug|x86
		Debug32|Any CPU = Debug32|Any CPU
		Debug32|x64 = Debug32|x64
		Debug32|x86 = Debug32|x86
		Debug64|Any CPU = Debug64|Any CPU
		Debug64|x64 = Debug64|x64
		Debug64|x86 = Debug64|x86
		Release|Any CPU = Release|Any CPU
		Release|x64 = Release|x64
		Release|x86 = Release|x86
		Release32|Any CPU = Release32|Any CPU
		Release32|x64 = Release32|x64
		Release32|x86 = Release32|x86
		Release64|Any CPU = Release64|Any CPU
		Release64|x64 = Release64|x64
		Release64|x86 = Release64|x86
	EndGlobalSection
	GlobalSection(ProjectConfigurationPlatforms) = postSolution
		{D26F00A6-90C4-4929-8303-49728AE1BEB7}.AphidDebug|Any CPU.ActiveCfg = Debug|Any CPU
		{D26F00A6-90C4-4929-8303-49728AE1BEB7}.AphidDebug|Any CPU.Build.0 = Debug|Any CPU
		{D26F00A6-90C4-4929-8303-49728AE1BEB7}.AphidDebug|x64.ActiveCfg = Debug|Any CPU
		{D26F00A6-90C4-4929-8303-49728AE1BEB7}.AphidDebug|x64.Build.0 = Debug|Any CPU
		{D26F00A6-90C4-4929-8303-49728AE1BEB7}.AphidDebug|x86.ActiveCfg = Debug|Any CPU
		{D26F00A6-90C4-4929-8303-49728AE1BEB7}.AphidDebug|x86.Build.0 = Debug|Any CPU
		{D26F00A6-90C4-4929-8303-49728AE1BEB7}.AphidDebug32|Any CPU.ActiveCfg = Debug|Any CPU
		{D26F00A6-90C4-4929-8303-49728AE1BEB7}.AphidDebug32|Any CPU.Build.0 = Debug|Any CPU
		{D26F00A6-90C4-4929-8303-49728AE1BEB7}.AphidDebug32|x64.ActiveCfg = Debug|Any CPU
		{D26F00A6-90C4-4929-8303-49728AE1BEB7}.AphidDebug32|x64.Build.0 = Debug|Any CPU
		{D26F00A6-90C4-4929-8303-49728AE1BEB7}.AphidDebug32|x86.ActiveCfg = Debug|Any CPU
		{D26F00A6-90C4-4929-8303-49728AE1BEB7}.AphidDebug32|x86.Build.0 = Debug|Any CPU
		{D26F00A6-90C4-4929-8303-49728AE1BEB7}.AphidDebug64|Any CPU.ActiveCfg = Debug|Any CPU
		{D26F00A6-90C4-4929-8303-49728AE1BEB7}.AphidDebug64|Any CPU.Build.0 = Debug|Any CPU
		{D26F00A6-90C4-4929-8303-49728AE1BEB7}.AphidDebug64|x64.ActiveCfg = Debug|Any CPU
		{D26F00A6-90C4-4929-8303-49728AE1BEB7}.AphidDebug64|x64.Build.0 = Debug|Any CPU
		{D26F00A6-90C4-4929-8303-49728AE1BEB7}.AphidDebug64|x86.ActiveCfg = Debug|Any CPU
		{D26F00A6-90C4-4929-8303-49728AE1BEB7}.AphidDebug64|x86.Build.0 = Debug|Any CPU
		{D26F00A6-90C4-4929-8303-49728AE1BEB7}.BinaryTrace|Any CPU.ActiveCfg = Release|Any CPU
		{D26F00A6-90C4-4929-8303-49728AE1BEB7}.BinaryTrace|Any CPU.Build.0 = Release|Any CPU
		{D26F00A6-90C4-4929-8303-49728AE1BEB7}.BinaryTrace|x64.ActiveCfg = Release|Any CPU
		{D26F00A6-90C4-4929-8303-49728AE1BEB7}.BinaryTrace|x64.Build.0 = Release|Any CPU
		{D26F00A6-90C4-4929-8303-49728AE1BEB7}.BinaryTrace|x86.ActiveCfg = Release|Any CPU
		{D26F00A6-90C4-4929-8303-49728AE1BEB7}.BinaryTrace|x86.Build.0 = Release|Any CPU
		{D26F00A6-90C4-4929-8303-49728AE1BEB7}.BinaryTrace32|Any CPU.ActiveCfg = Release|Any CPU
		{D26F00A6-90C4-4929-8303-49728AE1BEB7}.BinaryTrace32|Any CPU.Build.0 = Release|Any CPU
		{D26F00A6-90C4-4929-8303-49728AE1BEB7}.BinaryTrace32|x64.ActiveCfg = Release|Any CPU
		{D26F00A6-90C4-4929-8303-49728AE1BEB7}.BinaryTrace32|x64.Build.0 = Release|Any CPU
		{D26F00A6-90C4-4929-8303-49728AE1BEB7}.BinaryTrace32|x86.ActiveCfg = Release|Any CPU
		{D26F00A6-90C4-4929-8303-49728AE1BEB7}.BinaryTrace32|x86.Build.0 = Release|Any CPU
		{D26F00A6-90C4-4929-8303-49728AE1BEB7}.BinaryTrace64|Any CPU.ActiveCfg = Release|Any CPU
		{D26F00A6-90C4-4929-8303-49728AE1BEB7}.BinaryTrace64|Any CPU.Build.0 = Release|Any CPU
		{D26F00A6-90C4-4929-8303-49728AE1BEB7}.BinaryTrace64|x64.ActiveCfg = Release|Any CPU
		{D26F00A6-90C4-4929-8303-49728AE1BEB7}.BinaryTrace64|x64.Build.0 = Release|Any CPU
		{D26F00A6-90C4-4929-8303-49728AE1BEB7}.BinaryTrace64|x86.ActiveCfg = Release|Any CPU
		{D26F00A6-90C4-4929-8303-49728AE1BEB7}.BinaryTrace64|x86.Build.0 = Release|Any CPU
		{D26F00A6-90C4-4929-8303-49728AE1BEB7}.Debug|Any CPU.ActiveCfg = Debug|Any CPU
		{D26F00A6-90C4-4929-8303-49728AE1BEB7}.Debug|Any CPU.Build.0 = Debug|Any CPU
		{D26F00A6-90C4-4929-8303-49728AE1BEB7}.Debug|x64.ActiveCfg = Debug|Any CPU
		{D26F00A6-90C4-4929-8303-49728AE1BEB7}.Debug|x64.Build.0 = Debug|Any CPU
		{D26F00A6-90C4-4929-8303-49728AE1BEB7}.Debug|x86.ActiveCfg = Debug|Any CPU
		{D26F00A6-90C4-4929-8303-49728AE1BEB7}.Debug|x86.Build.0 = Debug|Any CPU
		{D26F00A6-90C4-4929-8303-49728AE1BEB7}.Debug32|Any CPU.ActiveCfg = Debug|Any CPU
		{D26F00A6-90C4-4929-8303-49728AE1BEB7}.Debug32|Any CPU.Build.0 = Debug|Any CPU
		{D26F00A6-90C4-4929-8303-49728AE1BEB7}.Debug32|x64.ActiveCfg = Debug|Any CPU
		{D26F00A6-90C4-4929-8303-49728AE1BEB7}.Debug32|x64.Build.0 = Debug|Any CPU
		{D26F00A6-90C4-4929-8303-49728AE1BEB7}.Debug32|x86.ActiveCfg = Debug|Any CPU
		{D26F00A6-90C4-4929-8303-49728AE1BEB7}.Debug32|x86.Build.0 = Debug|Any CPU
		{D26F00A6-90C4-4929-8303-49728AE1BEB7}.Debug64|Any CPU.ActiveCfg = Debug|Any CPU
		{D26F00A6-90C4-4929-8303-49728AE1BEB7}.Debug64|Any CPU.Build.0 = Debug|Any CPU
		{D26F00A6-90C4-4929-8303-49728AE1BEB7}.Debug64|x64.ActiveCfg = Debug|Any CPU
		{D26F00A6-90C4-4929-8303-49728AE1BEB7}.Debug64|x64.Build.0 = Debug|Any CPU
		{D26F00A6-90C4-4929-8303-49728AE1BEB7}.Debug64|x86.ActiveCfg = Debug|Any CPU
		{D26F00A6-90C4-4929-8303-49728AE1BEB7}.Debug64|x86.Build.0 = Debug|Any CPU
		{D26F00A6-90C4-4929-8303-49728AE1BEB7}.Release|Any CPU.ActiveCfg = Release|Any CPU
		{D26F00A6-90C4-4929-8303-49728AE1BEB7}.Release|Any CPU.Build.0 = Release|Any CPU
		{D26F00A6-90C4-4929-8303-49728AE1BEB7}.Release|x64.ActiveCfg = Release|Any CPU
		{D26F00A6-90C4-4929-8303-49728AE1BEB7}.Release|x64.Build.0 = Release|Any CPU
		{D26F00A6-90C4-4929-8303-49728AE1BEB7}.Release|x86.ActiveCfg = Release|Any CPU
		{D26F00A6-90C4-4929-8303-49728AE1BEB7}.Release|x86.Build.0 = Release|Any CPU
		{D26F00A6-90C4-4929-8303-49728AE1BEB7}.Release32|Any CPU.ActiveCfg = Release|Any CPU
		{D26F00A6-90C4-4929-8303-49728AE1BEB7}.Release32|Any CPU.Build.0 = Release|Any CPU
		{D26F00A6-90C4-4929-8303-49728AE1BEB7}.Release32|x64.ActiveCfg = Release|Any CPU
		{D26F00A6-90C4-4929-8303-49728AE1BEB7}.Release32|x64.Build.0 = Release|Any CPU
		{D26F00A6-90C4-4929-8303-49728AE1BEB7}.Release32|x86.ActiveCfg = Release|Any CPU
		{D26F00A6-90C4-4929-8303-49728AE1BEB7}.Release32|x86.Build.0 = Release|Any CPU
		{D26F00A6-90C4-4929-8303-49728AE1BEB7}.Release64|Any CPU.ActiveCfg = Release|Any CPU
		{D26F00A6-90C4-4929-8303-49728AE1BEB7}.Release64|Any CPU.Build.0 = Release|Any CPU
		{D26F00A6-90C4-4929-8303-49728AE1BEB7}.Release64|x64.ActiveCfg = Release|Any CPU
		{D26F00A6-90C4-4929-8303-49728AE1BEB7}.Release64|x64.Build.0 = Release|Any CPU
		{D26F00A6-90C4-4929-8303-49728AE1BEB7}.Release64|x86.ActiveCfg = Release|Any CPU
		{D26F00A6-90C4-4929-8303-49728AE1BEB7}.Release64|x86.Build.0 = Release|Any CPU
		{4249DB75-BBB6-4CC4-B046-3170DD1D3BC1}.AphidDebug|Any CPU.ActiveCfg = AphidDebug|Default
		{4249DB75-BBB6-4CC4-B046-3170DD1D3BC1}.AphidDebug|x64.ActiveCfg = AphidDebug|Default
		{4249DB75-BBB6-4CC4-B046-3170DD1D3BC1}.AphidDebug|x86.ActiveCfg = AphidDebug|Default
		{4249DB75-BBB6-4CC4-B046-3170DD1D3BC1}.AphidDebug32|Any CPU.ActiveCfg = AphidDebug32|Default
		{4249DB75-BBB6-4CC4-B046-3170DD1D3BC1}.AphidDebug32|x64.ActiveCfg = AphidDebug32|Default
		{4249DB75-BBB6-4CC4-B046-3170DD1D3BC1}.AphidDebug32|x86.ActiveCfg = AphidDebug32|Default
		{4249DB75-BBB6-4CC4-B046-3170DD1D3BC1}.AphidDebug64|Any CPU.ActiveCfg = AphidDebug64|Default
		{4249DB75-BBB6-4CC4-B046-3170DD1D3BC1}.AphidDebug64|x64.ActiveCfg = AphidDebug64|Default
		{4249DB75-BBB6-4CC4-B046-3170DD1D3BC1}.AphidDebug64|x86.ActiveCfg = AphidDebug64|Default
		{4249DB75-BBB6-4CC4-B046-3170DD1D3BC1}.BinaryTrace|Any CPU.ActiveCfg = BinaryTrace|Default
		{4249DB75-BBB6-4CC4-B046-3170DD1D3BC1}.BinaryTrace|x64.ActiveCfg = BinaryTrace|Default
		{4249DB75-BBB6-4CC4-B046-3170DD1D3BC1}.BinaryTrace|x86.ActiveCfg = BinaryTrace|Default
		{4249DB75-BBB6-4CC4-B046-3170DD1D3BC1}.BinaryTrace32|Any CPU.ActiveCfg = BinaryTrace32|Default
		{4249DB75-BBB6-4CC4-B046-3170DD1D3BC1}.BinaryTrace32|x64.ActiveCfg = BinaryTrace32|Default
		{4249DB75-BBB6-4CC4-B046-3170DD1D3BC1}.BinaryTrace32|x86.ActiveCfg = BinaryTrace32|Default
		{4249DB75-BBB6-4CC4-B046-3170DD1D3BC1}.BinaryTrace64|Any CPU.ActiveCfg = BinaryTrace64|Default
		{4249DB75-BBB6-4CC4-B046-3170DD1D3BC1}.BinaryTrace64|x64.ActiveCfg = BinaryTrace64|Default
		{4249DB75-BBB6-4CC4-B046-3170DD1D3BC1}.BinaryTrace64|x86.ActiveCfg = BinaryTrace64|Default
		{4249DB75-BBB6-4CC4-B046-3170DD1D3BC1}.Debug|Any CPU.ActiveCfg = Debug|Default
		{4249DB75-BBB6-4CC4-B046-3170DD1D3BC1}.Debug|Any CPU.Build.0 = Debug|Default
		{4249DB75-BBB6-4CC4-B046-3170DD1D3BC1}.Debug|x64.ActiveCfg = Debug|Default
		{4249DB75-BBB6-4CC4-B046-3170DD1D3BC1}.Debug|x86.ActiveCfg = Debug|Default
		{4249DB75-BBB6-4CC4-B046-3170DD1D3BC1}.Debug32|Any CPU.ActiveCfg = Debug32|Default
		{4249DB75-BBB6-4CC4-B046-3170DD1D3BC1}.Debug32|x64.ActiveCfg = Debug32|Default
		{4249DB75-BBB6-4CC4-B046-3170DD1D3BC1}.Debug32|x86.ActiveCfg = Debug32|Default
		{4249DB75-BBB6-4CC4-B046-3170DD1D3BC1}.Debug64|Any CPU.ActiveCfg = Debug64|Default
		{4249DB75-BBB6-4CC4-B046-3170DD1D3BC1}.Debug64|x64.ActiveCfg = Debug64|Default
		{4249DB75-BBB6-4CC4-B046-3170DD1D3BC1}.Debug64|x86.ActiveCfg = Debug64|Default
		{4249DB75-BBB6-4CC4-B046-3170DD1D3BC1}.Release|Any CPU.ActiveCfg = Release|Default
		{4249DB75-BBB6-4CC4-B046-3170DD1D3BC1}.Release|x64.ActiveCfg = Release|Default
		{4249DB75-BBB6-4CC4-B046-3170DD1D3BC1}.Release|x86.ActiveCfg = Release|Default
		{4249DB75-BBB6-4CC4-B046-3170DD1D3BC1}.Release32|Any CPU.ActiveCfg = Release32|Default
		{4249DB75-BBB6-4CC4-B046-3170DD1D3BC1}.Release32|x64.ActiveCfg = Release32|Default
		{4249DB75-BBB6-4CC4-B046-3170DD1D3BC1}.Release32|x86.ActiveCfg = Release32|Default
		{4249DB75-BBB6-4CC4-B046-3170DD1D3BC1}.Release64|Any CPU.ActiveCfg = Release64|Default
		{4249DB75-BBB6-4CC4-B046-3170DD1D3BC1}.Release64|x64.ActiveCfg = Release64|Default
		{4249DB75-BBB6-4CC4-B046-3170DD1D3BC1}.Release64|x86.ActiveCfg = Release64|Default
		{B828964B-52F1-4EA5-9AB3-26D698DB8325}.AphidDebug|Any CPU.ActiveCfg = AphidDebug64|Any CPU
		{B828964B-52F1-4EA5-9AB3-26D698DB8325}.AphidDebug|Any CPU.Build.0 = AphidDebug64|Any CPU
		{B828964B-52F1-4EA5-9AB3-26D698DB8325}.AphidDebug|x64.ActiveCfg = AphidDebug64|x64
		{B828964B-52F1-4EA5-9AB3-26D698DB8325}.AphidDebug|x64.Build.0 = AphidDebug64|x64
		{B828964B-52F1-4EA5-9AB3-26D698DB8325}.AphidDebug|x86.ActiveCfg = AphidDebug64|x86
		{B828964B-52F1-4EA5-9AB3-26D698DB8325}.AphidDebug|x86.Build.0 = AphidDebug64|x86
		{B828964B-52F1-4EA5-9AB3-26D698DB8325}.AphidDebug32|Any CPU.ActiveCfg = AphidDebug64|Any CPU
		{B828964B-52F1-4EA5-9AB3-26D698DB8325}.AphidDebug32|Any CPU.Build.0 = AphidDebug64|Any CPU
		{B828964B-52F1-4EA5-9AB3-26D698DB8325}.AphidDebug32|x64.ActiveCfg = AphidDebug64|x64
		{B828964B-52F1-4EA5-9AB3-26D698DB8325}.AphidDebug32|x64.Build.0 = AphidDebug64|x64
		{B828964B-52F1-4EA5-9AB3-26D698DB8325}.AphidDebug32|x86.ActiveCfg = AphidDebug64|x86
		{B828964B-52F1-4EA5-9AB3-26D698DB8325}.AphidDebug32|x86.Build.0 = AphidDebug64|x86
		{B828964B-52F1-4EA5-9AB3-26D698DB8325}.AphidDebug64|Any CPU.ActiveCfg = AphidDebug64|Any CPU
		{B828964B-52F1-4EA5-9AB3-26D698DB8325}.AphidDebug64|Any CPU.Build.0 = AphidDebug64|Any CPU
		{B828964B-52F1-4EA5-9AB3-26D698DB8325}.AphidDebug64|x64.ActiveCfg = AphidDebug64|x64
		{B828964B-52F1-4EA5-9AB3-26D698DB8325}.AphidDebug64|x64.Build.0 = AphidDebug64|x64
		{B828964B-52F1-4EA5-9AB3-26D698DB8325}.AphidDebug64|x86.ActiveCfg = AphidDebug64|x86
		{B828964B-52F1-4EA5-9AB3-26D698DB8325}.AphidDebug64|x86.Build.0 = AphidDebug64|x86
		{B828964B-52F1-4EA5-9AB3-26D698DB8325}.BinaryTrace|Any CPU.ActiveCfg = AphidDebug64|Any CPU
		{B828964B-52F1-4EA5-9AB3-26D698DB8325}.BinaryTrace|Any CPU.Build.0 = AphidDebug64|Any CPU
		{B828964B-52F1-4EA5-9AB3-26D698DB8325}.BinaryTrace|x64.ActiveCfg = AphidDebug64|x64
		{B828964B-52F1-4EA5-9AB3-26D698DB8325}.BinaryTrace|x64.Build.0 = AphidDebug64|x64
		{B828964B-52F1-4EA5-9AB3-26D698DB8325}.BinaryTrace|x86.ActiveCfg = AphidDebug64|x86
		{B828964B-52F1-4EA5-9AB3-26D698DB8325}.BinaryTrace|x86.Build.0 = AphidDebug64|x86
		{B828964B-52F1-4EA5-9AB3-26D698DB8325}.BinaryTrace32|Any CPU.ActiveCfg = AphidDebug64|Any CPU
		{B828964B-52F1-4EA5-9AB3-26D698DB8325}.BinaryTrace32|Any CPU.Build.0 = AphidDebug64|Any CPU
		{B828964B-52F1-4EA5-9AB3-26D698DB8325}.BinaryTrace32|x64.ActiveCfg = AphidDebug64|x64
		{B828964B-52F1-4EA5-9AB3-26D698DB8325}.BinaryTrace32|x64.Build.0 = AphidDebug64|x64
		{B828964B-52F1-4EA5-9AB3-26D698DB8325}.BinaryTrace32|x86.ActiveCfg = AphidDebug64|x86
		{B828964B-52F1-4EA5-9AB3-26D698DB8325}.BinaryTrace32|x86.Build.0 = AphidDebug64|x86
		{B828964B-52F1-4EA5-9AB3-26D698DB8325}.BinaryTrace64|Any CPU.ActiveCfg = AphidDebug64|Any CPU
		{B828964B-52F1-4EA5-9AB3-26D698DB8325}.BinaryTrace64|Any CPU.Build.0 = AphidDebug64|Any CPU
		{B828964B-52F1-4EA5-9AB3-26D698DB8325}.BinaryTrace64|x64.ActiveCfg = AphidDebug64|x64
		{B828964B-52F1-4EA5-9AB3-26D698DB8325}.BinaryTrace64|x64.Build.0 = AphidDebug64|x64
		{B828964B-52F1-4EA5-9AB3-26D698DB8325}.BinaryTrace64|x86.ActiveCfg = AphidDebug64|x86
		{B828964B-52F1-4EA5-9AB3-26D698DB8325}.BinaryTrace64|x86.Build.0 = AphidDebug64|x86
		{B828964B-52F1-4EA5-9AB3-26D698DB8325}.Debug|Any CPU.ActiveCfg = Debug|Any CPU
		{B828964B-52F1-4EA5-9AB3-26D698DB8325}.Debug|Any CPU.Build.0 = Debug|Any CPU
		{B828964B-52F1-4EA5-9AB3-26D698DB8325}.Debug|x64.ActiveCfg = Debug|x64
		{B828964B-52F1-4EA5-9AB3-26D698DB8325}.Debug|x64.Build.0 = Debug|x64
		{B828964B-52F1-4EA5-9AB3-26D698DB8325}.Debug|x86.ActiveCfg = Debug|x86
		{B828964B-52F1-4EA5-9AB3-26D698DB8325}.Debug|x86.Build.0 = Debug|x86
		{B828964B-52F1-4EA5-9AB3-26D698DB8325}.Debug32|Any CPU.ActiveCfg = Debug|Any CPU
		{B828964B-52F1-4EA5-9AB3-26D698DB8325}.Debug32|Any CPU.Build.0 = Debug|Any CPU
		{B828964B-52F1-4EA5-9AB3-26D698DB8325}.Debug32|x64.ActiveCfg = Debug|x64
		{B828964B-52F1-4EA5-9AB3-26D698DB8325}.Debug32|x64.Build.0 = Debug|x64
		{B828964B-52F1-4EA5-9AB3-26D698DB8325}.Debug32|x86.ActiveCfg = Debug|x86
		{B828964B-52F1-4EA5-9AB3-26D698DB8325}.Debug32|x86.Build.0 = Debug|x86
		{B828964B-52F1-4EA5-9AB3-26D698DB8325}.Debug64|Any CPU.ActiveCfg = AphidDebug64|Any CPU
		{B828964B-52F1-4EA5-9AB3-26D698DB8325}.Debug64|Any CPU.Build.0 = AphidDebug64|Any CPU
		{B828964B-52F1-4EA5-9AB3-26D698DB8325}.Debug64|x64.ActiveCfg = AphidDebug64|x64
		{B828964B-52F1-4EA5-9AB3-26D698DB8325}.Debug64|x64.Build.0 = AphidDebug64|x64
		{B828964B-52F1-4EA5-9AB3-26D698DB8325}.Debug64|x86.ActiveCfg = AphidDebug64|x86
		{B828964B-52F1-4EA5-9AB3-26D698DB8325}.Debug64|x86.Build.0 = AphidDebug64|x86
		{B828964B-52F1-4EA5-9AB3-26D698DB8325}.Release|Any CPU.ActiveCfg = Release|Any CPU
		{B828964B-52F1-4EA5-9AB3-26D698DB8325}.Release|Any CPU.Build.0 = Release|Any CPU
		{B828964B-52F1-4EA5-9AB3-26D698DB8325}.Release|x64.ActiveCfg = Release|x64
		{B828964B-52F1-4EA5-9AB3-26D698DB8325}.Release|x64.Build.0 = Release|x64
		{B828964B-52F1-4EA5-9AB3-26D698DB8325}.Release|x86.ActiveCfg = Release|x86
		{B828964B-52F1-4EA5-9AB3-26D698DB8325}.Release|x86.Build.0 = Release|x86
		{B828964B-52F1-4EA5-9AB3-26D698DB8325}.Release32|Any CPU.ActiveCfg = Release64|Any CPU
		{B828964B-52F1-4EA5-9AB3-26D698DB8325}.Release32|Any CPU.Build.0 = Release64|Any CPU
		{B828964B-52F1-4EA5-9AB3-26D698DB8325}.Release32|x64.ActiveCfg = Release64|x64
		{B828964B-52F1-4EA5-9AB3-26D698DB8325}.Release32|x64.Build.0 = Release64|x64
		{B828964B-52F1-4EA5-9AB3-26D698DB8325}.Release32|x86.ActiveCfg = Release64|x86
		{B828964B-52F1-4EA5-9AB3-26D698DB8325}.Release32|x86.Build.0 = Release64|x86
		{B828964B-52F1-4EA5-9AB3-26D698DB8325}.Release64|Any CPU.ActiveCfg = Release64|Any CPU
		{B828964B-52F1-4EA5-9AB3-26D698DB8325}.Release64|Any CPU.Build.0 = Release64|Any CPU
		{B828964B-52F1-4EA5-9AB3-26D698DB8325}.Release64|x64.ActiveCfg = Release64|x64
		{B828964B-52F1-4EA5-9AB3-26D698DB8325}.Release64|x64.Build.0 = Release64|x64
		{B828964B-52F1-4EA5-9AB3-26D698DB8325}.Release64|x86.ActiveCfg = Release64|x86
		{B828964B-52F1-4EA5-9AB3-26D698DB8325}.Release64|x86.Build.0 = Release64|x86
		{EFDE894B-FA3D-4202-9A08-C9F69C0B0799}.AphidDebug|Any CPU.ActiveCfg = AphidDebug|Default
		{EFDE894B-FA3D-4202-9A08-C9F69C0B0799}.AphidDebug|x64.ActiveCfg = AphidDebug|Default
		{EFDE894B-FA3D-4202-9A08-C9F69C0B0799}.AphidDebug|x86.ActiveCfg = AphidDebug|Default
		{EFDE894B-FA3D-4202-9A08-C9F69C0B0799}.AphidDebug32|Any CPU.ActiveCfg = AphidDebug32|Default
		{EFDE894B-FA3D-4202-9A08-C9F69C0B0799}.AphidDebug32|x64.ActiveCfg = AphidDebug32|Default
		{EFDE894B-FA3D-4202-9A08-C9F69C0B0799}.AphidDebug32|x86.ActiveCfg = AphidDebug32|Default
		{EFDE894B-FA3D-4202-9A08-C9F69C0B0799}.AphidDebug64|Any CPU.ActiveCfg = AphidDebug64|Default
		{EFDE894B-FA3D-4202-9A08-C9F69C0B0799}.AphidDebug64|x64.ActiveCfg = AphidDebug64|Default
		{EFDE894B-FA3D-4202-9A08-C9F69C0B0799}.AphidDebug64|x86.ActiveCfg = AphidDebug64|Default
		{EFDE894B-FA3D-4202-9A08-C9F69C0B0799}.BinaryTrace|Any CPU.ActiveCfg = BinaryTrace|Default
		{EFDE894B-FA3D-4202-9A08-C9F69C0B0799}.BinaryTrace|x64.ActiveCfg = BinaryTrace|Default
		{EFDE894B-FA3D-4202-9A08-C9F69C0B0799}.BinaryTrace|x86.ActiveCfg = BinaryTrace|Default
		{EFDE894B-FA3D-4202-9A08-C9F69C0B0799}.BinaryTrace32|Any CPU.ActiveCfg = BinaryTrace32|Default
		{EFDE894B-FA3D-4202-9A08-C9F69C0B0799}.BinaryTrace32|x64.ActiveCfg = BinaryTrace32|Default
		{EFDE894B-FA3D-4202-9A08-C9F69C0B0799}.BinaryTrace32|x86.ActiveCfg = BinaryTrace32|Default
		{EFDE894B-FA3D-4202-9A08-C9F69C0B0799}.BinaryTrace64|Any CPU.ActiveCfg = BinaryTrace64|Default
		{EFDE894B-FA3D-4202-9A08-C9F69C0B0799}.BinaryTrace64|x64.ActiveCfg = BinaryTrace64|Default
		{EFDE894B-FA3D-4202-9A08-C9F69C0B0799}.BinaryTrace64|x86.ActiveCfg = BinaryTrace64|Default
		{EFDE894B-FA3D-4202-9A08-C9F69C0B0799}.Debug|Any CPU.ActiveCfg = Debug|Default
		{EFDE894B-FA3D-4202-9A08-C9F69C0B0799}.Debug|x64.ActiveCfg = Debug|Default
		{EFDE894B-FA3D-4202-9A08-C9F69C0B0799}.Debug|x86.ActiveCfg = Debug|Default
		{EFDE894B-FA3D-4202-9A08-C9F69C0B0799}.Debug32|Any CPU.ActiveCfg = Debug32|Default
		{EFDE894B-FA3D-4202-9A08-C9F69C0B0799}.Debug32|x64.ActiveCfg = Debug32|Default
		{EFDE894B-FA3D-4202-9A08-C9F69C0B0799}.Debug32|x86.ActiveCfg = Debug32|Default
		{EFDE894B-FA3D-4202-9A08-C9F69C0B0799}.Debug64|Any CPU.ActiveCfg = Debug64|Default
		{EFDE894B-FA3D-4202-9A08-C9F69C0B0799}.Debug64|x64.ActiveCfg = Debug64|Default
		{EFDE894B-FA3D-4202-9A08-C9F69C0B0799}.Debug64|x86.ActiveCfg = Debug64|Default
		{EFDE894B-FA3D-4202-9A08-C9F69C0B0799}.Release|Any CPU.ActiveCfg = Release|Default
		{EFDE894B-FA3D-4202-9A08-C9F69C0B0799}.Release|x64.ActiveCfg = Release|Default
		{EFDE894B-FA3D-4202-9A08-C9F69C0B0799}.Release|x86.ActiveCfg = Release|Default
		{EFDE894B-FA3D-4202-9A08-C9F69C0B0799}.Release32|Any CPU.ActiveCfg = Release32|Default
		{EFDE894B-FA3D-4202-9A08-C9F69C0B0799}.Release32|x64.ActiveCfg = Release32|Default
		{EFDE894B-FA3D-4202-9A08-C9F69C0B0799}.Release32|x86.ActiveCfg = Release32|Default
		{EFDE894B-FA3D-4202-9A08-C9F69C0B0799}.Release64|Any CPU.ActiveCfg = Release64|Default
		{EFDE894B-FA3D-4202-9A08-C9F69C0B0799}.Release64|x64.ActiveCfg = Release64|Default
		{EFDE894B-FA3D-4202-9A08-C9F69C0B0799}.Release64|x86.ActiveCfg = Release64|Default
	EndGlobalSection
	GlobalSection(SolutionProperties) = preSolution
		HideSolutionNode = FALSE
	EndGlobalSection
	GlobalSection(ExtensibilityGlobals) = postSolution
		SolutionGuid = {127A8292-A432-4885-AE6C-C0893F091B45}
	EndGlobalSection
EndGlobal
