
Microsoft Visual Studio Solution File, Format Version 12.00
# Visual Studio 2012
Project("{FAE04EC0-301F-11D3-BF4B-00C04F79EFBC}") = "aphid-debug", "aphid-debug.csproj", "{6B18B22D-6B1A-4BF9-BD46-DF84EE2181C5}"
EndProject
Project("{FAE04EC0-301F-11D3-BF4B-00C04F79EFBC}") = "Components.Aphid", "C:\source\Aphid\Components.Aphid\Components.Aphid.csproj", "{4249DB75-BBB6-4CC4-B046-3170DD1D3BC1}"
EndProject
Project("{FAE04EC0-301F-11D3-BF4B-00C04F79EFBC}") = "Aphid", "..\Aphid\Aphid.csproj", "{EFDE894B-FA3D-4202-9A08-C9F69C0B0799}"
EndProject
Global
	GlobalSection(SolutionConfigurationPlatforms) = preSolution
		AphidDebug|Any CPU = AphidDebug|Any CPU
		AphidDebug|x64 = AphidDebug|x64
		AphidDebug|x86 = AphidDebug|x86
		Debug|Any CPU = Debug|Any CPU
		Debug|x64 = Debug|x64
		Debug|x86 = Debug|x86
		Release|Any CPU = Release|Any CPU
		Release|x64 = Release|x64
		Release|x86 = Release|x86
		Release64|Any CPU = Release64|Any CPU
		Release64|x64 = Release64|x64
		Release64|x86 = Release64|x86
	EndGlobalSection
	GlobalSection(ProjectConfigurationPlatforms) = postSolution
		{6B18B22D-6B1A-4BF9-BD46-DF84EE2181C5}.AphidDebug|Any CPU.ActiveCfg = AphidDebug|Any CPU
		{6B18B22D-6B1A-4BF9-BD46-DF84EE2181C5}.AphidDebug|Any CPU.Build.0 = AphidDebug|Any CPU
		{6B18B22D-6B1A-4BF9-BD46-DF84EE2181C5}.AphidDebug|x64.ActiveCfg = AphidDebug|Any CPU
		{6B18B22D-6B1A-4BF9-BD46-DF84EE2181C5}.AphidDebug|x86.ActiveCfg = AphidDebug|Any CPU
		{6B18B22D-6B1A-4BF9-BD46-DF84EE2181C5}.Debug|Any CPU.ActiveCfg = Debug|Any CPU
		{6B18B22D-6B1A-4BF9-BD46-DF84EE2181C5}.Debug|Any CPU.Build.0 = Debug|Any CPU
		{6B18B22D-6B1A-4BF9-BD46-DF84EE2181C5}.Debug|x64.ActiveCfg = Debug|Any CPU
		{6B18B22D-6B1A-4BF9-BD46-DF84EE2181C5}.Debug|x86.ActiveCfg = Debug|Any CPU
		{6B18B22D-6B1A-4BF9-BD46-DF84EE2181C5}.Release|Any CPU.ActiveCfg = Release|Any CPU
		{6B18B22D-6B1A-4BF9-BD46-DF84EE2181C5}.Release|Any CPU.Build.0 = Release|Any CPU
		{6B18B22D-6B1A-4BF9-BD46-DF84EE2181C5}.Release|x64.ActiveCfg = Release|Any CPU
		{6B18B22D-6B1A-4BF9-BD46-DF84EE2181C5}.Release|x86.ActiveCfg = Release|Any CPU
		{6B18B22D-6B1A-4BF9-BD46-DF84EE2181C5}.Release64|Any CPU.ActiveCfg = Release|Any CPU
		{6B18B22D-6B1A-4BF9-BD46-DF84EE2181C5}.Release64|Any CPU.Build.0 = Release|Any CPU
		{6B18B22D-6B1A-4BF9-BD46-DF84EE2181C5}.Release64|x64.ActiveCfg = Release|Any CPU
		{6B18B22D-6B1A-4BF9-BD46-DF84EE2181C5}.Release64|x86.ActiveCfg = Release|Any CPU
		{4249DB75-BBB6-4CC4-B046-3170DD1D3BC1}.AphidDebug|Any CPU.ActiveCfg = AphidDebug|Any CPU
		{4249DB75-BBB6-4CC4-B046-3170DD1D3BC1}.AphidDebug|Any CPU.Build.0 = AphidDebug|Any CPU
		{4249DB75-BBB6-4CC4-B046-3170DD1D3BC1}.AphidDebug|x64.ActiveCfg = AphidDebug|x64
		{4249DB75-BBB6-4CC4-B046-3170DD1D3BC1}.AphidDebug|x64.Build.0 = AphidDebug|x64
		{4249DB75-BBB6-4CC4-B046-3170DD1D3BC1}.AphidDebug|x86.ActiveCfg = AphidDebug|x86
		{4249DB75-BBB6-4CC4-B046-3170DD1D3BC1}.AphidDebug|x86.Build.0 = AphidDebug|x86
		{4249DB75-BBB6-4CC4-B046-3170DD1D3BC1}.Debug|Any CPU.ActiveCfg = Debug|Any CPU
		{4249DB75-BBB6-4CC4-B046-3170DD1D3BC1}.Debug|Any CPU.Build.0 = Debug|Any CPU
		{4249DB75-BBB6-4CC4-B046-3170DD1D3BC1}.Debug|x64.ActiveCfg = Debug|x64
		{4249DB75-BBB6-4CC4-B046-3170DD1D3BC1}.Debug|x64.Build.0 = Debug|x64
		{4249DB75-BBB6-4CC4-B046-3170DD1D3BC1}.Debug|x86.ActiveCfg = Debug|x86
		{4249DB75-BBB6-4CC4-B046-3170DD1D3BC1}.Debug|x86.Build.0 = Debug|x86
		{4249DB75-BBB6-4CC4-B046-3170DD1D3BC1}.Release|Any CPU.ActiveCfg = Release|Any CPU
		{4249DB75-BBB6-4CC4-B046-3170DD1D3BC1}.Release|Any CPU.Build.0 = Release|Any CPU
		{4249DB75-BBB6-4CC4-B046-3170DD1D3BC1}.Release|x64.ActiveCfg = Release|x64
		{4249DB75-BBB6-4CC4-B046-3170DD1D3BC1}.Release|x64.Build.0 = Release|x64
		{4249DB75-BBB6-4CC4-B046-3170DD1D3BC1}.Release|x86.ActiveCfg = Release|x86
		{4249DB75-BBB6-4CC4-B046-3170DD1D3BC1}.Release|x86.Build.0 = Release|x86
		{4249DB75-BBB6-4CC4-B046-3170DD1D3BC1}.Release64|Any CPU.ActiveCfg = Release64|Any CPU
		{4249DB75-BBB6-4CC4-B046-3170DD1D3BC1}.Release64|Any CPU.Build.0 = Release64|Any CPU
		{4249DB75-BBB6-4CC4-B046-3170DD1D3BC1}.Release64|x64.ActiveCfg = Release64|x64
		{4249DB75-BBB6-4CC4-B046-3170DD1D3BC1}.Release64|x64.Build.0 = Release64|x64
		{4249DB75-BBB6-4CC4-B046-3170DD1D3BC1}.Release64|x86.ActiveCfg = Release64|x86
		{4249DB75-BBB6-4CC4-B046-3170DD1D3BC1}.Release64|x86.Build.0 = Release64|x86
		{EFDE894B-FA3D-4202-9A08-C9F69C0B0799}.AphidDebug|Any CPU.ActiveCfg = AphidDebug|Any CPU
		{EFDE894B-FA3D-4202-9A08-C9F69C0B0799}.AphidDebug|Any CPU.Build.0 = AphidDebug|Any CPU
		{EFDE894B-FA3D-4202-9A08-C9F69C0B0799}.AphidDebug|x64.ActiveCfg = AphidDebug|x64
		{EFDE894B-FA3D-4202-9A08-C9F69C0B0799}.AphidDebug|x64.Build.0 = AphidDebug|x64
		{EFDE894B-FA3D-4202-9A08-C9F69C0B0799}.AphidDebug|x86.ActiveCfg = AphidDebug|x86
		{EFDE894B-FA3D-4202-9A08-C9F69C0B0799}.AphidDebug|x86.Build.0 = AphidDebug|x86
		{EFDE894B-FA3D-4202-9A08-C9F69C0B0799}.Debug|Any CPU.ActiveCfg = Debug|Any CPU
		{EFDE894B-FA3D-4202-9A08-C9F69C0B0799}.Debug|Any CPU.Build.0 = Debug|Any CPU
		{EFDE894B-FA3D-4202-9A08-C9F69C0B0799}.Debug|x64.ActiveCfg = Debug|x64
		{EFDE894B-FA3D-4202-9A08-C9F69C0B0799}.Debug|x64.Build.0 = Debug|x64
		{EFDE894B-FA3D-4202-9A08-C9F69C0B0799}.Debug|x86.ActiveCfg = Debug|x86
		{EFDE894B-FA3D-4202-9A08-C9F69C0B0799}.Debug|x86.Build.0 = Debug|x86
		{EFDE894B-FA3D-4202-9A08-C9F69C0B0799}.Release|Any CPU.ActiveCfg = Release|Any CPU
		{EFDE894B-FA3D-4202-9A08-C9F69C0B0799}.Release|Any CPU.Build.0 = Release|Any CPU
		{EFDE894B-FA3D-4202-9A08-C9F69C0B0799}.Release|x64.ActiveCfg = Release|x64
		{EFDE894B-FA3D-4202-9A08-C9F69C0B0799}.Release|x64.Build.0 = Release|x64
		{EFDE894B-FA3D-4202-9A08-C9F69C0B0799}.Release|x86.ActiveCfg = Release|x86
		{EFDE894B-FA3D-4202-9A08-C9F69C0B0799}.Release|x86.Build.0 = Release|x86
		{EFDE894B-FA3D-4202-9A08-C9F69C0B0799}.Release64|Any CPU.ActiveCfg = Release64|Any CPU
		{EFDE894B-FA3D-4202-9A08-C9F69C0B0799}.Release64|Any CPU.Build.0 = Release64|Any CPU
		{EFDE894B-FA3D-4202-9A08-C9F69C0B0799}.Release64|x64.ActiveCfg = Release64|x64
		{EFDE894B-FA3D-4202-9A08-C9F69C0B0799}.Release64|x64.Build.0 = Release64|x64
		{EFDE894B-FA3D-4202-9A08-C9F69C0B0799}.Release64|x86.ActiveCfg = Release64|x86
		{EFDE894B-FA3D-4202-9A08-C9F69C0B0799}.Release64|x86.Build.0 = Release64|x86
	EndGlobalSection
	GlobalSection(SolutionProperties) = preSolution
		HideSolutionNode = FALSE
	EndGlobalSection
	GlobalSection(MonoDevelopProperties) = preSolution
		Policies = $0
		$0.DotNetNamingPolicy = $1
		$1.DirectoryNamespaceAssociation = None
		$1.ResourceNamePolicy = FileFormatDefault
		$0.TextStylePolicy = $4
		$2.FileWidth = 160
		$2.TabsToSpaces = False
		$2.inheritsSet = VisualStudio
		$2.inheritsScope = text/plain
		$2.scope = text/x-csharp
		$0.CSharpFormattingPolicy = $3
		$3.SimplePropertyFormatting = ForceNewLine
		$3.EnumBraceStyle = EndOfLine
		$3.ConstructorBraceStyle = EndOfLine
		$3.DestructorBraceStyle = EndOfLine
		$3.ElseNewLinePlacement = NewLine
		$3.CatchNewLinePlacement = NewLine
		$3.FinallyNewLinePlacement = NewLine
		$3.WhileNewLinePlacement = DoNotCare
		$3.ArrayInitializerWrapping = DoNotChange
		$3.ArrayInitializerBraceStyle = NextLine
		$3.BeforeMethodDeclarationParentheses = False
		$3.BeforeMethodCallParentheses = False
		$3.BeforeConstructorDeclarationParentheses = False
		$3.NewLineBeforeConstructorInitializerColon = NewLine
		$3.NewLineAfterConstructorInitializerColon = SameLine
		$3.BeforeDelegateDeclarationParentheses = False
		$3.AfterDelegateDeclarationParameterComma = True
		$3.NewParentheses = False
		$3.SpacesBeforeBrackets = False
		$3.inheritsSet = Mono
		$3.inheritsScope = text/x-csharp
		$3.scope = text/x-csharp
		$3.SpacingAfterMethodDeclarationName = False
		$3.SpaceAfterMethodCallName = False
		$3.SpaceBeforeOpenSquareBracket = False
		$4.FileWidth = 120
		$4.TabsToSpaces = False
		$4.inheritsSet = VisualStudio
		$4.inheritsScope = text/plain
		$4.scope = text/plain
	EndGlobalSection
EndGlobal
